
Microsoft Visual Studio Solution File, Format Version 12.00
# Visual Studio 14
VisualStudioVersion = 14.0.24720.0
MinimumVisualStudioVersion = 10.0.40219.1
Project("{2150E333-8FDC-42A3-9474-1A3956D46DE8}") = "Client", "Client", "{F67397DD-E37C-4B3C-A67B-EBB9C5533F76}"
EndProject
Project("{FAE04EC0-301F-11D3-BF4B-00C04F79EFBC}") = "TrakHound-Client", "Client\TrakHound-Client\TrakHound-Client.csproj", "{59D86774-5544-47FC-AFA0-A78A013F2531}"
EndProject
Project("{2150E333-8FDC-42A3-9474-1A3956D46DE8}") = "Plugins", "Plugins", "{CB7734FD-9E6C-479C-A91A-40385CBF9A67}"
EndProject
Project("{2150E333-8FDC-42A3-9474-1A3956D46DE8}") = "Libraries", "Libraries", "{DA17B6B4-9D2B-4DBB-9D7F-E0F627C1067E}"
EndProject
Project("{FAE04EC0-301F-11D3-BF4B-00C04F79EFBC}") = "TH_Configuration", "Libraries\TH_Configuration\TH_Configuration.csproj", "{147A0360-5F86-4D33-A874-46F785723EAD}"
EndProject
Project("{FAE04EC0-301F-11D3-BF4B-00C04F79EFBC}") = "TH_Device_Server", "Libraries\TH_Device_Server\TH_Device_Server.csproj", "{DE797C18-8530-40B6-964F-3164E34420F9}"
EndProject
Project("{FAE04EC0-301F-11D3-BF4B-00C04F79EFBC}") = "TH_Styles", "Libraries\TH_Styles\TH_Styles.csproj", "{EBFABB3A-6FB4-47AE-8CB1-B663D57CF5B1}"
EndProject
Project("{FAE04EC0-301F-11D3-BF4B-00C04F79EFBC}") = "TH_WPF", "Libraries\TH_WPF\TH_WPF.csproj", "{E039A6BE-D47C-4046-86D3-71ACD62A217A}"
EndProject
Project("{FAE04EC0-301F-11D3-BF4B-00C04F79EFBC}") = "TH_Global", "Libraries\TH_Global\TH_Global.csproj", "{3233B466-2FA9-4AE7-8A21-7EEB57BB61F4}"
EndProject
Project("{2150E333-8FDC-42A3-9474-1A3956D46DE8}") = "Server", "Server", "{FC5BAEDE-7CDF-4883-96CA-8A279A632F01}"
EndProject
Project("{2150E333-8FDC-42A3-9474-1A3956D46DE8}") = "PlugIns", "PlugIns", "{E674475B-6739-45ED-84FC-FC46FC9A4EEE}"
EndProject
Project("{FAE04EC0-301F-11D3-BF4B-00C04F79EFBC}") = "TH_InstanceTable", "Server\Plugins\TH_InstanceTable\TH_InstanceTable.csproj", "{86A72F6D-0C7D-40FD-B7CE-D0B9D75EE99B}"
EndProject
Project("{FAE04EC0-301F-11D3-BF4B-00C04F79EFBC}") = "TH_ShiftTable", "Server\Plugins\TH_ShiftTable\TH_ShiftTable.csproj", "{21996C58-2404-42E4-A2D7-BEC46AEF6357}"
EndProject
Project("{FAE04EC0-301F-11D3-BF4B-00C04F79EFBC}") = "TH_GeneratedData", "Server\Plugins\TH_GeneratedData\TH_GeneratedData.csproj", "{51202EB2-C838-456E-9BD0-50840D12A19C}"
EndProject
Project("{FAE04EC0-301F-11D3-BF4B-00C04F79EFBC}") = "TH_OEE", "Server\Plugins\TH_OEE\TH_OEE.csproj", "{37E8695A-089A-45F1-8DA8-85055728FCE9}"
EndProject
Project("{FAE04EC0-301F-11D3-BF4B-00C04F79EFBC}") = "TH_Cycles", "Server\Plugins\TH_Cycles\TH_Cycles.csproj", "{AD70962E-E836-494B-8DFF-444D7BC74C80}"
EndProject
Project("{FAE04EC0-301F-11D3-BF4B-00C04F79EFBC}") = "TrakHound-Server-Core", "Server\TrakHound-Server-Core\TrakHound-Server-Core.csproj", "{19525183-F6E4-4179-91F3-F425DFE1AB40}"
EndProject
Project("{2150E333-8FDC-42A3-9474-1A3956D46DE8}") = "Solution Items", "Solution Items", "{ADAEDDC0-659A-4052-8903-F58E7495C61B}"
EndProject
Project("{FAE04EC0-301F-11D3-BF4B-00C04F79EFBC}") = "LoadingAnimationTester", "Testing\LoadingAnimationTester\LoadingAnimationTester.csproj", "{4FF88A90-50A5-4506-8FA0-F3121B7C4364}"
EndProject
Project("{FAE04EC0-301F-11D3-BF4B-00C04F79EFBC}") = "TH_Database", "Libraries\TH_Database\TH_Database.csproj", "{00E275C4-3494-4FCC-8781-FD815024117E}"
EndProject
Project("{2150E333-8FDC-42A3-9474-1A3956D46DE8}") = "Database Plugins", "Database Plugins", "{75A093C4-0566-45F7-87E2-300CA5E3447C}"
EndProject
Project("{FAE04EC0-301F-11D3-BF4B-00C04F79EFBC}") = "Example", "Database\Example\Example.csproj", "{016DCD49-63DD-42A7-908B-32C905227595}"
EndProject
Project("{FAE04EC0-301F-11D3-BF4B-00C04F79EFBC}") = "Test", "Testing\Test\Test.csproj", "{2AB0FAE3-03A7-45F6-9746-5F14CC183A93}"
EndProject
Project("{FAE04EC0-301F-11D3-BF4B-00C04F79EFBC}") = "TH_UserManagement", "Libraries\TH_UserManagement\TH_UserManagement.csproj", "{85F2C2A8-CD43-486B-9918-2A1F11CFC15F}"
EndProject
Project("{FAE04EC0-301F-11D3-BF4B-00C04F79EFBC}") = "TrakHound-Server-Console", "Server\TrakHound-Server-Console\TrakHound-Server-Console.csproj", "{0554162D-A8D3-434C-8F15-D70C02977E78}"
EndProject
Project("{FAE04EC0-301F-11D3-BF4B-00C04F79EFBC}") = "CP_Template", "Client\Plugins\Template\CP_Template.csproj", "{467E29D5-34BF-40D0-BE18-E5422861CEBE}"
EndProject
Project("{FAE04EC0-301F-11D3-BF4B-00C04F79EFBC}") = "TH_DeviceManager", "Libraries\TH_DeviceManager\TH_DeviceManager.csproj", "{B5F883CC-0E97-468C-9CA4-84031F446EDF}"
EndProject
Project("{2150E333-8FDC-42A3-9474-1A3956D46DE8}") = "DeviceCompare", "DeviceCompare", "{31BAC70A-7B1F-4CA5-95D5-E43380E49709}"
EndProject
Project("{2150E333-8FDC-42A3-9474-1A3956D46DE8}") = "Plugins", "Plugins", "{D3D92A05-390D-419B-832A-1EEB61744CD2}"
EndProject
Project("{FAE04EC0-301F-11D3-BF4B-00C04F79EFBC}") = "TH_DeviceCompare", "Client\Plugins\DeviceCompare\TH_DeviceCompare\TH_DeviceCompare.csproj", "{BEC8D2ED-3087-46FB-A552-619412472F6C}"
EndProject
Project("{FAE04EC0-301F-11D3-BF4B-00C04F79EFBC}") = "TH_DeviceCompare_CNC", "Client\Plugins\DeviceCompare\Plugins\TH_DeviceCompare_CNC\TH_DeviceCompare_CNC.csproj", "{9C6CA2B9-4A63-42C5-873F-1F1F31CD9CE3}"
EndProject
Project("{FAE04EC0-301F-11D3-BF4B-00C04F79EFBC}") = "TH_DeviceCompare_OEE", "Client\Plugins\DeviceCompare\Plugins\TH_DeviceCompare_OEE\TH_DeviceCompare_OEE.csproj", "{E760F0EF-5FAD-4BE5-B316-15B5FF83049E}"
EndProject
Project("{FAE04EC0-301F-11D3-BF4B-00C04F79EFBC}") = "TH_DeviceCompare_ProductionStatusTimes", "Client\Plugins\DeviceCompare\Plugins\TH_DeviceCompare_ProductionStatusTimes\TH_DeviceCompare_ProductionStatusTimes.csproj", "{E067CC14-AA7D-4A16-8708-3504E86D5B9F}"
EndProject
Project("{FAE04EC0-301F-11D3-BF4B-00C04F79EFBC}") = "CP_Dashboard", "Client\Plugins\TH_Dashboard\CP_Dashboard.csproj", "{DCE32D98-8898-4AE4-B5F9-C617BDAE00E1}"
EndProject
Project("{FAE04EC0-301F-11D3-BF4B-00C04F79EFBC}") = "CP_StatusData", "Client\Plugins\TH_StatusData\CP_StatusData.csproj", "{CB42CE42-E942-49CA-9F3A-CBD768107434}"
EndProject
Project("{FAE04EC0-301F-11D3-BF4B-00C04F79EFBC}") = "CP_TableManager", "Client\Plugins\TH_TableManager\CP_TableManager.csproj", "{06B0562F-4CD5-431F-9C2C-7A7E5959711C}"
EndProject
Project("{FAE04EC0-301F-11D3-BF4B-00C04F79EFBC}") = "TH_SQLite", "Database\TH_SQLite\TH_SQLite.csproj", "{02138C94-D478-4E48-9CE1-59EABA9176DE}"
EndProject
Project("{FAE04EC0-301F-11D3-BF4B-00C04F79EFBC}") = "TrakHound-Server-Service", "Server\TrakHound-Server-Service\TrakHound-Server-Service.csproj", "{9FCDABEC-B317-4375-AE19-F605D836801C}"
EndProject
Project("{FAE04EC0-301F-11D3-BF4B-00C04F79EFBC}") = "TestConsole", "Testing\TestConsole\TestConsole.csproj", "{4B0C4DB4-7685-44A2-9667-B59BE7647CFB}"
EndProject
Project("{FAE04EC0-301F-11D3-BF4B-00C04F79EFBC}") = "TH_MySQL", "Database\TH_MySQL\TH_MySQL.csproj", "{0822B312-19ED-4556-A197-210F0CB15BF1}"
EndProject
Project("{FAE04EC0-301F-11D3-BF4B-00C04F79EFBC}") = "CP_DeviceTable", "Client\Plugins\TH_DeviceTable\CP_DeviceTable.csproj", "{10D4016B-919D-4844-903A-6CB98A02F299}"
EndProject
Project("{FAE04EC0-301F-11D3-BF4B-00C04F79EFBC}") = "TreeViewTest", "Testing\TreeViewTest\TreeViewTest.csproj", "{EBAEE151-FDBA-4DA5-876B-44E37A9B7B02}"
EndProject
Project("{FAE04EC0-301F-11D3-BF4B-00C04F79EFBC}") = "CP_DevicePage", "Client\Plugins\TH_DevicePage\CP_DevicePage.csproj", "{F5ECBE24-D563-4B4D-B9A4-82B99F332CC2}"
EndProject
Project("{FAE04EC0-301F-11D3-BF4B-00C04F79EFBC}") = "TestConsole1", "Testing\TestConsole1\TestConsole1.csproj", "{9BB1D8DF-57AF-409C-B320-45B07C86282B}"
EndProject
Project("{FAE04EC0-301F-11D3-BF4B-00C04F79EFBC}") = "TH_Plugins", "Libraries\TH_Plugins\TH_Plugins.csproj", "{EB5E38E0-AF12-49F7-990B-243389690EA6}"
EndProject
Project("{FAE04EC0-301F-11D3-BF4B-00C04F79EFBC}") = "TH_MTConnect", "Server\Plugins\TH_MTConnect\TH_MTConnect.csproj", "{318E6702-3C9E-4ACC-B326-E3EC903417A8}"
EndProject
Project("{FAE04EC0-301F-11D3-BF4B-00C04F79EFBC}") = "TH_Parts", "Server\Plugins\TH_Parts\TH_Parts.csproj", "{A2042507-CEC6-483A-8BCE-0EDA5EC793B4}"
EndProject
Project("{FAE04EC0-301F-11D3-BF4B-00C04F79EFBC}") = "TH_Status", "Server\Plugins\TH_Status\TH_Status.csproj", "{4E167A2B-4229-444C-9B35-0ED814791FE1}"
EndProject
Project("{FAE04EC0-301F-11D3-BF4B-00C04F79EFBC}") = "TH_GitHub", "Libraries\TH_GitHub\TH_GitHub.csproj", "{725221C1-50A4-41A4-A8A8-11735EBE0D88}"
EndProject
Project("{FAE04EC0-301F-11D3-BF4B-00C04F79EFBC}") = "CP_StatusTable", "Client\Plugins\TH_DeviceStatus\CP_StatusTable.csproj", "{457E0C73-4DA0-4831-AAAD-F65D5823B7D8}"
EndProject
Project("{FAE04EC0-301F-11D3-BF4B-00C04F79EFBC}") = "TableCreator", "Testing\TableCreator\TableCreator.csproj", "{F1652D45-957A-4654-B4EA-37E78993EB2E}"
EndProject
Project("{FAE04EC0-301F-11D3-BF4B-00C04F79EFBC}") = "SimpleClientPluginHost", "Testing\SimplePluginHost\SimpleClientPluginHost.csproj", "{931A68AF-99E5-4354-BD07-20BFF3CF41BD}"
EndProject
Project("{FAE04EC0-301F-11D3-BF4B-00C04F79EFBC}") = "WCF_Test", "Testing\WCF_Test\WCF_Test.csproj", "{80BDD711-0FB7-4BD2-AAD4-3FED34158317}"
EndProject
Project("{FAE04EC0-301F-11D3-BF4B-00C04F79EFBC}") = "WCF_Client", "Testing\WCF_Client\WCF_Client.csproj", "{651CCB69-0162-4449-AD7C-206690BEF4DD}"
EndProject
Project("{FAE04EC0-301F-11D3-BF4B-00C04F79EFBC}") = "WCF_Server", "Testing\WCF_Server\WCF_Server.csproj", "{F15BCA22-1F33-4615-8356-92735447E3F0}"
EndProject
Project("{FAE04EC0-301F-11D3-BF4B-00C04F79EFBC}") = "TH_Mobile", "Libraries\TH_Mobile\TH_Mobile.csproj", "{168E0B49-FAC0-4C2D-9DA3-A643BA9DD515}"
EndProject
Project("{FAE04EC0-301F-11D3-BF4B-00C04F79EFBC}") = "CP_StatusStack", "Client\Plugins\TH_StatusStack\CP_StatusStack.csproj", "{811584E1-5320-49A3-8598-4FAB7B3C62C5}"
EndProject
Project("{FAE04EC0-301F-11D3-BF4B-00C04F79EFBC}") = "CP_ControllerStatus", "Client\Plugins\CP_ControllerStatus\CP_ControllerStatus.csproj", "{5D79B992-FA0E-4252-BA30-420F2C2954C0}"
EndProject
Project("{FAE04EC0-301F-11D3-BF4B-00C04F79EFBC}") = "TrakHound-Server-Controller", "Server\TrakHound-Server-Controller\TrakHound-Server-Controller.csproj", "{4A4ECF29-E132-4A1B-AA77-2BE437D270F0}"
EndProject
Project("{FAE04EC0-301F-11D3-BF4B-00C04F79EFBC}") = "TrakHound-Server-Login", "Server\TrakHound-Server-Login\TrakHound-Server-Login.csproj", "{00EA8291-3359-4BFB-ADA3-BA7B70B312BC}"
EndProject
Project("{FAE04EC0-301F-11D3-BF4B-00C04F79EFBC}") = "TrakHound-Server-DeviceManager", "Server\TrakHound-Server-DeviceManager\TrakHound-Server-DeviceManager.csproj", "{0EB86538-7605-4BFB-8535-BDAAFEDFBF21}"
EndProject
Project("{FAE04EC0-301F-11D3-BF4B-00C04F79EFBC}") = "Server Test Console", "Server\Server Test Console\Server Test Console.csproj", "{5BF5D617-2BCD-4F61-9664-11D8F2F15E75}"
EndProject
Project("{FAE04EC0-301F-11D3-BF4B-00C04F79EFBC}") = "TH_Controls", "Libraries\TH_Controls\TH_Controls.csproj", "{89B5C585-0174-497B-88D0-34F0DEF094E6}"
EndProject
Project("{2150E333-8FDC-42A3-9474-1A3956D46DE8}") = "Plugins", "Plugins", "{E8FFCE81-DDBA-4DCD-84D9-10B63D7A7AD2}"
EndProject
Global
	GlobalSection(SolutionConfigurationPlatforms) = preSolution
		Debug|Any CPU = Debug|Any CPU
		Release|Any CPU = Release|Any CPU
		Server|Any CPU = Server|Any CPU
	EndGlobalSection
	GlobalSection(ProjectConfigurationPlatforms) = postSolution
		{59D86774-5544-47FC-AFA0-A78A013F2531}.Debug|Any CPU.ActiveCfg = Debug|Any CPU
		{59D86774-5544-47FC-AFA0-A78A013F2531}.Debug|Any CPU.Build.0 = Debug|Any CPU
		{59D86774-5544-47FC-AFA0-A78A013F2531}.Release|Any CPU.ActiveCfg = Release|Any CPU
		{59D86774-5544-47FC-AFA0-A78A013F2531}.Release|Any CPU.Build.0 = Release|Any CPU
		{59D86774-5544-47FC-AFA0-A78A013F2531}.Server|Any CPU.ActiveCfg = Server|Any CPU
		{59D86774-5544-47FC-AFA0-A78A013F2531}.Server|Any CPU.Build.0 = Server|Any CPU
		{147A0360-5F86-4D33-A874-46F785723EAD}.Debug|Any CPU.ActiveCfg = Debug|Any CPU
		{147A0360-5F86-4D33-A874-46F785723EAD}.Debug|Any CPU.Build.0 = Debug|Any CPU
		{147A0360-5F86-4D33-A874-46F785723EAD}.Release|Any CPU.ActiveCfg = Release|Any CPU
		{147A0360-5F86-4D33-A874-46F785723EAD}.Release|Any CPU.Build.0 = Release|Any CPU
		{147A0360-5F86-4D33-A874-46F785723EAD}.Server|Any CPU.ActiveCfg = Server|Any CPU
		{147A0360-5F86-4D33-A874-46F785723EAD}.Server|Any CPU.Build.0 = Server|Any CPU
		{DE797C18-8530-40B6-964F-3164E34420F9}.Debug|Any CPU.ActiveCfg = Debug|Any CPU
		{DE797C18-8530-40B6-964F-3164E34420F9}.Debug|Any CPU.Build.0 = Debug|Any CPU
		{DE797C18-8530-40B6-964F-3164E34420F9}.Release|Any CPU.ActiveCfg = Release|Any CPU
		{DE797C18-8530-40B6-964F-3164E34420F9}.Release|Any CPU.Build.0 = Release|Any CPU
		{DE797C18-8530-40B6-964F-3164E34420F9}.Server|Any CPU.ActiveCfg = Server|Any CPU
		{DE797C18-8530-40B6-964F-3164E34420F9}.Server|Any CPU.Build.0 = Server|Any CPU
		{EBFABB3A-6FB4-47AE-8CB1-B663D57CF5B1}.Debug|Any CPU.ActiveCfg = Debug|Any CPU
		{EBFABB3A-6FB4-47AE-8CB1-B663D57CF5B1}.Debug|Any CPU.Build.0 = Debug|Any CPU
		{EBFABB3A-6FB4-47AE-8CB1-B663D57CF5B1}.Release|Any CPU.ActiveCfg = Release|Any CPU
		{EBFABB3A-6FB4-47AE-8CB1-B663D57CF5B1}.Release|Any CPU.Build.0 = Release|Any CPU
		{EBFABB3A-6FB4-47AE-8CB1-B663D57CF5B1}.Server|Any CPU.ActiveCfg = Server|Any CPU
		{EBFABB3A-6FB4-47AE-8CB1-B663D57CF5B1}.Server|Any CPU.Build.0 = Server|Any CPU
		{E039A6BE-D47C-4046-86D3-71ACD62A217A}.Debug|Any CPU.ActiveCfg = Debug|Any CPU
		{E039A6BE-D47C-4046-86D3-71ACD62A217A}.Debug|Any CPU.Build.0 = Debug|Any CPU
		{E039A6BE-D47C-4046-86D3-71ACD62A217A}.Release|Any CPU.ActiveCfg = Release|Any CPU
		{E039A6BE-D47C-4046-86D3-71ACD62A217A}.Release|Any CPU.Build.0 = Release|Any CPU
		{E039A6BE-D47C-4046-86D3-71ACD62A217A}.Server|Any CPU.ActiveCfg = Server|Any CPU
		{E039A6BE-D47C-4046-86D3-71ACD62A217A}.Server|Any CPU.Build.0 = Server|Any CPU
		{3233B466-2FA9-4AE7-8A21-7EEB57BB61F4}.Debug|Any CPU.ActiveCfg = Debug|Any CPU
		{3233B466-2FA9-4AE7-8A21-7EEB57BB61F4}.Debug|Any CPU.Build.0 = Debug|Any CPU
		{3233B466-2FA9-4AE7-8A21-7EEB57BB61F4}.Release|Any CPU.ActiveCfg = Release|Any CPU
		{3233B466-2FA9-4AE7-8A21-7EEB57BB61F4}.Release|Any CPU.Build.0 = Release|Any CPU
		{3233B466-2FA9-4AE7-8A21-7EEB57BB61F4}.Server|Any CPU.ActiveCfg = Server|Any CPU
		{3233B466-2FA9-4AE7-8A21-7EEB57BB61F4}.Server|Any CPU.Build.0 = Server|Any CPU
		{86A72F6D-0C7D-40FD-B7CE-D0B9D75EE99B}.Debug|Any CPU.ActiveCfg = Debug|Any CPU
		{86A72F6D-0C7D-40FD-B7CE-D0B9D75EE99B}.Debug|Any CPU.Build.0 = Debug|Any CPU
		{86A72F6D-0C7D-40FD-B7CE-D0B9D75EE99B}.Release|Any CPU.ActiveCfg = Release|Any CPU
		{86A72F6D-0C7D-40FD-B7CE-D0B9D75EE99B}.Release|Any CPU.Build.0 = Release|Any CPU
		{86A72F6D-0C7D-40FD-B7CE-D0B9D75EE99B}.Server|Any CPU.ActiveCfg = Server|Any CPU
		{86A72F6D-0C7D-40FD-B7CE-D0B9D75EE99B}.Server|Any CPU.Build.0 = Server|Any CPU
		{21996C58-2404-42E4-A2D7-BEC46AEF6357}.Debug|Any CPU.ActiveCfg = Debug|Any CPU
		{21996C58-2404-42E4-A2D7-BEC46AEF6357}.Debug|Any CPU.Build.0 = Debug|Any CPU
		{21996C58-2404-42E4-A2D7-BEC46AEF6357}.Release|Any CPU.ActiveCfg = Release|Any CPU
		{21996C58-2404-42E4-A2D7-BEC46AEF6357}.Release|Any CPU.Build.0 = Release|Any CPU
		{21996C58-2404-42E4-A2D7-BEC46AEF6357}.Server|Any CPU.ActiveCfg = Server|Any CPU
		{21996C58-2404-42E4-A2D7-BEC46AEF6357}.Server|Any CPU.Build.0 = Server|Any CPU
		{51202EB2-C838-456E-9BD0-50840D12A19C}.Debug|Any CPU.ActiveCfg = Debug|Any CPU
		{51202EB2-C838-456E-9BD0-50840D12A19C}.Debug|Any CPU.Build.0 = Debug|Any CPU
		{51202EB2-C838-456E-9BD0-50840D12A19C}.Release|Any CPU.ActiveCfg = Release|Any CPU
		{51202EB2-C838-456E-9BD0-50840D12A19C}.Release|Any CPU.Build.0 = Release|Any CPU
		{51202EB2-C838-456E-9BD0-50840D12A19C}.Server|Any CPU.ActiveCfg = Server|Any CPU
		{51202EB2-C838-456E-9BD0-50840D12A19C}.Server|Any CPU.Build.0 = Server|Any CPU
		{37E8695A-089A-45F1-8DA8-85055728FCE9}.Debug|Any CPU.ActiveCfg = Debug|Any CPU
		{37E8695A-089A-45F1-8DA8-85055728FCE9}.Debug|Any CPU.Build.0 = Debug|Any CPU
		{37E8695A-089A-45F1-8DA8-85055728FCE9}.Release|Any CPU.ActiveCfg = Release|Any CPU
		{37E8695A-089A-45F1-8DA8-85055728FCE9}.Release|Any CPU.Build.0 = Release|Any CPU
		{37E8695A-089A-45F1-8DA8-85055728FCE9}.Server|Any CPU.ActiveCfg = Server|Any CPU
		{37E8695A-089A-45F1-8DA8-85055728FCE9}.Server|Any CPU.Build.0 = Server|Any CPU
		{AD70962E-E836-494B-8DFF-444D7BC74C80}.Debug|Any CPU.ActiveCfg = Debug|Any CPU
		{AD70962E-E836-494B-8DFF-444D7BC74C80}.Debug|Any CPU.Build.0 = Debug|Any CPU
		{AD70962E-E836-494B-8DFF-444D7BC74C80}.Release|Any CPU.ActiveCfg = Release|Any CPU
		{AD70962E-E836-494B-8DFF-444D7BC74C80}.Release|Any CPU.Build.0 = Release|Any CPU
		{AD70962E-E836-494B-8DFF-444D7BC74C80}.Server|Any CPU.ActiveCfg = Server|Any CPU
		{AD70962E-E836-494B-8DFF-444D7BC74C80}.Server|Any CPU.Build.0 = Server|Any CPU
		{19525183-F6E4-4179-91F3-F425DFE1AB40}.Debug|Any CPU.ActiveCfg = Debug|Any CPU
		{19525183-F6E4-4179-91F3-F425DFE1AB40}.Debug|Any CPU.Build.0 = Debug|Any CPU
		{19525183-F6E4-4179-91F3-F425DFE1AB40}.Release|Any CPU.ActiveCfg = Release|Any CPU
		{19525183-F6E4-4179-91F3-F425DFE1AB40}.Release|Any CPU.Build.0 = Release|Any CPU
		{19525183-F6E4-4179-91F3-F425DFE1AB40}.Server|Any CPU.ActiveCfg = Server|Any CPU
		{19525183-F6E4-4179-91F3-F425DFE1AB40}.Server|Any CPU.Build.0 = Server|Any CPU
		{4FF88A90-50A5-4506-8FA0-F3121B7C4364}.Debug|Any CPU.ActiveCfg = Debug|Any CPU
		{4FF88A90-50A5-4506-8FA0-F3121B7C4364}.Release|Any CPU.ActiveCfg = Release|Any CPU
		{4FF88A90-50A5-4506-8FA0-F3121B7C4364}.Release|Any CPU.Build.0 = Release|Any CPU
		{4FF88A90-50A5-4506-8FA0-F3121B7C4364}.Server|Any CPU.ActiveCfg = Release|Any CPU
		{4FF88A90-50A5-4506-8FA0-F3121B7C4364}.Server|Any CPU.Build.0 = Release|Any CPU
		{00E275C4-3494-4FCC-8781-FD815024117E}.Debug|Any CPU.ActiveCfg = Debug|Any CPU
		{00E275C4-3494-4FCC-8781-FD815024117E}.Debug|Any CPU.Build.0 = Debug|Any CPU
		{00E275C4-3494-4FCC-8781-FD815024117E}.Release|Any CPU.ActiveCfg = Release|Any CPU
		{00E275C4-3494-4FCC-8781-FD815024117E}.Release|Any CPU.Build.0 = Release|Any CPU
		{00E275C4-3494-4FCC-8781-FD815024117E}.Server|Any CPU.ActiveCfg = Release|Any CPU
		{00E275C4-3494-4FCC-8781-FD815024117E}.Server|Any CPU.Build.0 = Release|Any CPU
		{016DCD49-63DD-42A7-908B-32C905227595}.Debug|Any CPU.ActiveCfg = Debug|Any CPU
		{016DCD49-63DD-42A7-908B-32C905227595}.Release|Any CPU.ActiveCfg = Release|Any CPU
		{016DCD49-63DD-42A7-908B-32C905227595}.Release|Any CPU.Build.0 = Release|Any CPU
		{016DCD49-63DD-42A7-908B-32C905227595}.Server|Any CPU.ActiveCfg = Release|Any CPU
		{016DCD49-63DD-42A7-908B-32C905227595}.Server|Any CPU.Build.0 = Release|Any CPU
		{2AB0FAE3-03A7-45F6-9746-5F14CC183A93}.Debug|Any CPU.ActiveCfg = Debug|Any CPU
		{2AB0FAE3-03A7-45F6-9746-5F14CC183A93}.Release|Any CPU.ActiveCfg = Release|Any CPU
		{2AB0FAE3-03A7-45F6-9746-5F14CC183A93}.Release|Any CPU.Build.0 = Release|Any CPU
		{2AB0FAE3-03A7-45F6-9746-5F14CC183A93}.Server|Any CPU.ActiveCfg = Release|Any CPU
		{2AB0FAE3-03A7-45F6-9746-5F14CC183A93}.Server|Any CPU.Build.0 = Release|Any CPU
		{85F2C2A8-CD43-486B-9918-2A1F11CFC15F}.Debug|Any CPU.ActiveCfg = Debug|Any CPU
		{85F2C2A8-CD43-486B-9918-2A1F11CFC15F}.Debug|Any CPU.Build.0 = Debug|Any CPU
		{85F2C2A8-CD43-486B-9918-2A1F11CFC15F}.Release|Any CPU.ActiveCfg = Release|Any CPU
		{85F2C2A8-CD43-486B-9918-2A1F11CFC15F}.Release|Any CPU.Build.0 = Release|Any CPU
		{85F2C2A8-CD43-486B-9918-2A1F11CFC15F}.Server|Any CPU.ActiveCfg = Release|Any CPU
		{85F2C2A8-CD43-486B-9918-2A1F11CFC15F}.Server|Any CPU.Build.0 = Release|Any CPU
		{0554162D-A8D3-434C-8F15-D70C02977E78}.Debug|Any CPU.ActiveCfg = Debug|Any CPU
		{0554162D-A8D3-434C-8F15-D70C02977E78}.Debug|Any CPU.Build.0 = Debug|Any CPU
		{0554162D-A8D3-434C-8F15-D70C02977E78}.Release|Any CPU.ActiveCfg = Release|Any CPU
		{0554162D-A8D3-434C-8F15-D70C02977E78}.Release|Any CPU.Build.0 = Release|Any CPU
		{0554162D-A8D3-434C-8F15-D70C02977E78}.Server|Any CPU.ActiveCfg = Release|Any CPU
		{0554162D-A8D3-434C-8F15-D70C02977E78}.Server|Any CPU.Build.0 = Release|Any CPU
		{467E29D5-34BF-40D0-BE18-E5422861CEBE}.Debug|Any CPU.ActiveCfg = Debug|Any CPU
		{467E29D5-34BF-40D0-BE18-E5422861CEBE}.Release|Any CPU.ActiveCfg = Release|Any CPU
		{467E29D5-34BF-40D0-BE18-E5422861CEBE}.Release|Any CPU.Build.0 = Release|Any CPU
		{467E29D5-34BF-40D0-BE18-E5422861CEBE}.Server|Any CPU.ActiveCfg = Release|Any CPU
		{467E29D5-34BF-40D0-BE18-E5422861CEBE}.Server|Any CPU.Build.0 = Release|Any CPU
		{B5F883CC-0E97-468C-9CA4-84031F446EDF}.Debug|Any CPU.ActiveCfg = Debug|Any CPU
		{B5F883CC-0E97-468C-9CA4-84031F446EDF}.Debug|Any CPU.Build.0 = Debug|Any CPU
		{B5F883CC-0E97-468C-9CA4-84031F446EDF}.Release|Any CPU.ActiveCfg = Release|Any CPU
		{B5F883CC-0E97-468C-9CA4-84031F446EDF}.Release|Any CPU.Build.0 = Release|Any CPU
		{B5F883CC-0E97-468C-9CA4-84031F446EDF}.Server|Any CPU.ActiveCfg = Release|Any CPU
		{B5F883CC-0E97-468C-9CA4-84031F446EDF}.Server|Any CPU.Build.0 = Release|Any CPU
		{BEC8D2ED-3087-46FB-A552-619412472F6C}.Debug|Any CPU.ActiveCfg = Debug|Any CPU
		{BEC8D2ED-3087-46FB-A552-619412472F6C}.Debug|Any CPU.Build.0 = Debug|Any CPU
		{BEC8D2ED-3087-46FB-A552-619412472F6C}.Release|Any CPU.ActiveCfg = Release|Any CPU
		{BEC8D2ED-3087-46FB-A552-619412472F6C}.Release|Any CPU.Build.0 = Release|Any CPU
		{BEC8D2ED-3087-46FB-A552-619412472F6C}.Server|Any CPU.ActiveCfg = Server|Any CPU
		{BEC8D2ED-3087-46FB-A552-619412472F6C}.Server|Any CPU.Build.0 = Server|Any CPU
		{9C6CA2B9-4A63-42C5-873F-1F1F31CD9CE3}.Debug|Any CPU.ActiveCfg = Debug|Any CPU
		{9C6CA2B9-4A63-42C5-873F-1F1F31CD9CE3}.Debug|Any CPU.Build.0 = Debug|Any CPU
		{9C6CA2B9-4A63-42C5-873F-1F1F31CD9CE3}.Release|Any CPU.ActiveCfg = Release|Any CPU
		{9C6CA2B9-4A63-42C5-873F-1F1F31CD9CE3}.Release|Any CPU.Build.0 = Release|Any CPU
		{9C6CA2B9-4A63-42C5-873F-1F1F31CD9CE3}.Server|Any CPU.ActiveCfg = Release|Any CPU
		{9C6CA2B9-4A63-42C5-873F-1F1F31CD9CE3}.Server|Any CPU.Build.0 = Release|Any CPU
		{E760F0EF-5FAD-4BE5-B316-15B5FF83049E}.Debug|Any CPU.ActiveCfg = Debug|Any CPU
		{E760F0EF-5FAD-4BE5-B316-15B5FF83049E}.Debug|Any CPU.Build.0 = Debug|Any CPU
		{E760F0EF-5FAD-4BE5-B316-15B5FF83049E}.Release|Any CPU.ActiveCfg = Release|Any CPU
		{E760F0EF-5FAD-4BE5-B316-15B5FF83049E}.Release|Any CPU.Build.0 = Release|Any CPU
		{E760F0EF-5FAD-4BE5-B316-15B5FF83049E}.Server|Any CPU.ActiveCfg = Release|Any CPU
		{E760F0EF-5FAD-4BE5-B316-15B5FF83049E}.Server|Any CPU.Build.0 = Release|Any CPU
		{E067CC14-AA7D-4A16-8708-3504E86D5B9F}.Debug|Any CPU.ActiveCfg = Debug|Any CPU
		{E067CC14-AA7D-4A16-8708-3504E86D5B9F}.Debug|Any CPU.Build.0 = Debug|Any CPU
		{E067CC14-AA7D-4A16-8708-3504E86D5B9F}.Release|Any CPU.ActiveCfg = Release|Any CPU
		{E067CC14-AA7D-4A16-8708-3504E86D5B9F}.Release|Any CPU.Build.0 = Release|Any CPU
		{E067CC14-AA7D-4A16-8708-3504E86D5B9F}.Server|Any CPU.ActiveCfg = Release|Any CPU
		{E067CC14-AA7D-4A16-8708-3504E86D5B9F}.Server|Any CPU.Build.0 = Release|Any CPU
		{DCE32D98-8898-4AE4-B5F9-C617BDAE00E1}.Debug|Any CPU.ActiveCfg = Debug|Any CPU
		{DCE32D98-8898-4AE4-B5F9-C617BDAE00E1}.Debug|Any CPU.Build.0 = Debug|Any CPU
		{DCE32D98-8898-4AE4-B5F9-C617BDAE00E1}.Release|Any CPU.ActiveCfg = Release|Any CPU
		{DCE32D98-8898-4AE4-B5F9-C617BDAE00E1}.Release|Any CPU.Build.0 = Release|Any CPU
		{DCE32D98-8898-4AE4-B5F9-C617BDAE00E1}.Server|Any CPU.ActiveCfg = Server|Any CPU
		{DCE32D98-8898-4AE4-B5F9-C617BDAE00E1}.Server|Any CPU.Build.0 = Server|Any CPU
		{CB42CE42-E942-49CA-9F3A-CBD768107434}.Debug|Any CPU.ActiveCfg = Debug|Any CPU
		{CB42CE42-E942-49CA-9F3A-CBD768107434}.Debug|Any CPU.Build.0 = Debug|Any CPU
		{CB42CE42-E942-49CA-9F3A-CBD768107434}.Release|Any CPU.ActiveCfg = Release|Any CPU
		{CB42CE42-E942-49CA-9F3A-CBD768107434}.Release|Any CPU.Build.0 = Release|Any CPU
		{CB42CE42-E942-49CA-9F3A-CBD768107434}.Server|Any CPU.ActiveCfg = Release|Any CPU
		{CB42CE42-E942-49CA-9F3A-CBD768107434}.Server|Any CPU.Build.0 = Release|Any CPU
		{06B0562F-4CD5-431F-9C2C-7A7E5959711C}.Debug|Any CPU.ActiveCfg = Debug|Any CPU
		{06B0562F-4CD5-431F-9C2C-7A7E5959711C}.Debug|Any CPU.Build.0 = Debug|Any CPU
		{06B0562F-4CD5-431F-9C2C-7A7E5959711C}.Release|Any CPU.ActiveCfg = Release|Any CPU
		{06B0562F-4CD5-431F-9C2C-7A7E5959711C}.Release|Any CPU.Build.0 = Release|Any CPU
		{06B0562F-4CD5-431F-9C2C-7A7E5959711C}.Server|Any CPU.ActiveCfg = Server|Any CPU
		{06B0562F-4CD5-431F-9C2C-7A7E5959711C}.Server|Any CPU.Build.0 = Server|Any CPU
		{02138C94-D478-4E48-9CE1-59EABA9176DE}.Debug|Any CPU.ActiveCfg = Debug|Any CPU
		{02138C94-D478-4E48-9CE1-59EABA9176DE}.Debug|Any CPU.Build.0 = Debug|Any CPU
		{02138C94-D478-4E48-9CE1-59EABA9176DE}.Release|Any CPU.ActiveCfg = Release|Any CPU
		{02138C94-D478-4E48-9CE1-59EABA9176DE}.Release|Any CPU.Build.0 = Release|Any CPU
		{02138C94-D478-4E48-9CE1-59EABA9176DE}.Server|Any CPU.ActiveCfg = Release|Any CPU
		{02138C94-D478-4E48-9CE1-59EABA9176DE}.Server|Any CPU.Build.0 = Release|Any CPU
		{9FCDABEC-B317-4375-AE19-F605D836801C}.Debug|Any CPU.ActiveCfg = Debug|Any CPU
		{9FCDABEC-B317-4375-AE19-F605D836801C}.Debug|Any CPU.Build.0 = Debug|Any CPU
		{9FCDABEC-B317-4375-AE19-F605D836801C}.Release|Any CPU.ActiveCfg = Release|Any CPU
		{9FCDABEC-B317-4375-AE19-F605D836801C}.Release|Any CPU.Build.0 = Release|Any CPU
		{9FCDABEC-B317-4375-AE19-F605D836801C}.Server|Any CPU.ActiveCfg = Release|Any CPU
		{9FCDABEC-B317-4375-AE19-F605D836801C}.Server|Any CPU.Build.0 = Release|Any CPU
		{4B0C4DB4-7685-44A2-9667-B59BE7647CFB}.Debug|Any CPU.ActiveCfg = Debug|Any CPU
		{4B0C4DB4-7685-44A2-9667-B59BE7647CFB}.Release|Any CPU.ActiveCfg = Release|Any CPU
		{4B0C4DB4-7685-44A2-9667-B59BE7647CFB}.Release|Any CPU.Build.0 = Release|Any CPU
		{4B0C4DB4-7685-44A2-9667-B59BE7647CFB}.Server|Any CPU.ActiveCfg = Release|Any CPU
		{4B0C4DB4-7685-44A2-9667-B59BE7647CFB}.Server|Any CPU.Build.0 = Release|Any CPU
		{0822B312-19ED-4556-A197-210F0CB15BF1}.Debug|Any CPU.ActiveCfg = Debug|Any CPU
		{0822B312-19ED-4556-A197-210F0CB15BF1}.Debug|Any CPU.Build.0 = Debug|Any CPU
		{0822B312-19ED-4556-A197-210F0CB15BF1}.Release|Any CPU.ActiveCfg = Release|Any CPU
		{0822B312-19ED-4556-A197-210F0CB15BF1}.Release|Any CPU.Build.0 = Release|Any CPU
		{0822B312-19ED-4556-A197-210F0CB15BF1}.Server|Any CPU.ActiveCfg = Server|Any CPU
		{0822B312-19ED-4556-A197-210F0CB15BF1}.Server|Any CPU.Build.0 = Server|Any CPU
		{10D4016B-919D-4844-903A-6CB98A02F299}.Debug|Any CPU.ActiveCfg = Debug|Any CPU
		{10D4016B-919D-4844-903A-6CB98A02F299}.Debug|Any CPU.Build.0 = Debug|Any CPU
		{10D4016B-919D-4844-903A-6CB98A02F299}.Release|Any CPU.ActiveCfg = Release|Any CPU
		{10D4016B-919D-4844-903A-6CB98A02F299}.Release|Any CPU.Build.0 = Release|Any CPU
		{10D4016B-919D-4844-903A-6CB98A02F299}.Server|Any CPU.ActiveCfg = Release|Any CPU
		{10D4016B-919D-4844-903A-6CB98A02F299}.Server|Any CPU.Build.0 = Release|Any CPU
		{EBAEE151-FDBA-4DA5-876B-44E37A9B7B02}.Debug|Any CPU.ActiveCfg = Debug|Any CPU
		{EBAEE151-FDBA-4DA5-876B-44E37A9B7B02}.Release|Any CPU.ActiveCfg = Release|Any CPU
		{EBAEE151-FDBA-4DA5-876B-44E37A9B7B02}.Release|Any CPU.Build.0 = Release|Any CPU
		{EBAEE151-FDBA-4DA5-876B-44E37A9B7B02}.Server|Any CPU.ActiveCfg = Release|Any CPU
		{EBAEE151-FDBA-4DA5-876B-44E37A9B7B02}.Server|Any CPU.Build.0 = Release|Any CPU
		{F5ECBE24-D563-4B4D-B9A4-82B99F332CC2}.Debug|Any CPU.ActiveCfg = Debug|Any CPU
		{F5ECBE24-D563-4B4D-B9A4-82B99F332CC2}.Release|Any CPU.ActiveCfg = Release|Any CPU
		{F5ECBE24-D563-4B4D-B9A4-82B99F332CC2}.Release|Any CPU.Build.0 = Release|Any CPU
		{F5ECBE24-D563-4B4D-B9A4-82B99F332CC2}.Server|Any CPU.ActiveCfg = Release|Any CPU
		{F5ECBE24-D563-4B4D-B9A4-82B99F332CC2}.Server|Any CPU.Build.0 = Release|Any CPU
		{9BB1D8DF-57AF-409C-B320-45B07C86282B}.Debug|Any CPU.ActiveCfg = Debug|Any CPU
		{9BB1D8DF-57AF-409C-B320-45B07C86282B}.Release|Any CPU.ActiveCfg = Release|Any CPU
		{9BB1D8DF-57AF-409C-B320-45B07C86282B}.Release|Any CPU.Build.0 = Release|Any CPU
		{9BB1D8DF-57AF-409C-B320-45B07C86282B}.Server|Any CPU.ActiveCfg = Release|Any CPU
		{9BB1D8DF-57AF-409C-B320-45B07C86282B}.Server|Any CPU.Build.0 = Release|Any CPU
		{EB5E38E0-AF12-49F7-990B-243389690EA6}.Debug|Any CPU.ActiveCfg = Debug|Any CPU
		{EB5E38E0-AF12-49F7-990B-243389690EA6}.Debug|Any CPU.Build.0 = Debug|Any CPU
		{EB5E38E0-AF12-49F7-990B-243389690EA6}.Release|Any CPU.ActiveCfg = Release|Any CPU
		{EB5E38E0-AF12-49F7-990B-243389690EA6}.Release|Any CPU.Build.0 = Release|Any CPU
		{EB5E38E0-AF12-49F7-990B-243389690EA6}.Server|Any CPU.ActiveCfg = Release|Any CPU
		{EB5E38E0-AF12-49F7-990B-243389690EA6}.Server|Any CPU.Build.0 = Release|Any CPU
		{318E6702-3C9E-4ACC-B326-E3EC903417A8}.Debug|Any CPU.ActiveCfg = Debug|Any CPU
		{318E6702-3C9E-4ACC-B326-E3EC903417A8}.Debug|Any CPU.Build.0 = Debug|Any CPU
		{318E6702-3C9E-4ACC-B326-E3EC903417A8}.Release|Any CPU.ActiveCfg = Release|Any CPU
		{318E6702-3C9E-4ACC-B326-E3EC903417A8}.Release|Any CPU.Build.0 = Release|Any CPU
		{318E6702-3C9E-4ACC-B326-E3EC903417A8}.Server|Any CPU.ActiveCfg = Server|Any CPU
		{318E6702-3C9E-4ACC-B326-E3EC903417A8}.Server|Any CPU.Build.0 = Server|Any CPU
		{A2042507-CEC6-483A-8BCE-0EDA5EC793B4}.Debug|Any CPU.ActiveCfg = Debug|Any CPU
		{A2042507-CEC6-483A-8BCE-0EDA5EC793B4}.Debug|Any CPU.Build.0 = Debug|Any CPU
		{A2042507-CEC6-483A-8BCE-0EDA5EC793B4}.Release|Any CPU.ActiveCfg = Release|Any CPU
		{A2042507-CEC6-483A-8BCE-0EDA5EC793B4}.Release|Any CPU.Build.0 = Release|Any CPU
		{A2042507-CEC6-483A-8BCE-0EDA5EC793B4}.Server|Any CPU.ActiveCfg = Release|Any CPU
		{A2042507-CEC6-483A-8BCE-0EDA5EC793B4}.Server|Any CPU.Build.0 = Release|Any CPU
		{4E167A2B-4229-444C-9B35-0ED814791FE1}.Debug|Any CPU.ActiveCfg = Debug|Any CPU
		{4E167A2B-4229-444C-9B35-0ED814791FE1}.Debug|Any CPU.Build.0 = Debug|Any CPU
		{4E167A2B-4229-444C-9B35-0ED814791FE1}.Release|Any CPU.ActiveCfg = Release|Any CPU
		{4E167A2B-4229-444C-9B35-0ED814791FE1}.Release|Any CPU.Build.0 = Release|Any CPU
		{4E167A2B-4229-444C-9B35-0ED814791FE1}.Server|Any CPU.ActiveCfg = Release|Any CPU
		{4E167A2B-4229-444C-9B35-0ED814791FE1}.Server|Any CPU.Build.0 = Release|Any CPU
		{725221C1-50A4-41A4-A8A8-11735EBE0D88}.Debug|Any CPU.ActiveCfg = Debug|Any CPU
		{725221C1-50A4-41A4-A8A8-11735EBE0D88}.Debug|Any CPU.Build.0 = Debug|Any CPU
		{725221C1-50A4-41A4-A8A8-11735EBE0D88}.Release|Any CPU.ActiveCfg = Release|Any CPU
		{725221C1-50A4-41A4-A8A8-11735EBE0D88}.Release|Any CPU.Build.0 = Release|Any CPU
		{725221C1-50A4-41A4-A8A8-11735EBE0D88}.Server|Any CPU.ActiveCfg = Release|Any CPU
		{725221C1-50A4-41A4-A8A8-11735EBE0D88}.Server|Any CPU.Build.0 = Release|Any CPU
		{457E0C73-4DA0-4831-AAAD-F65D5823B7D8}.Debug|Any CPU.ActiveCfg = Debug|Any CPU
		{457E0C73-4DA0-4831-AAAD-F65D5823B7D8}.Debug|Any CPU.Build.0 = Debug|Any CPU
		{457E0C73-4DA0-4831-AAAD-F65D5823B7D8}.Release|Any CPU.ActiveCfg = Release|Any CPU
		{457E0C73-4DA0-4831-AAAD-F65D5823B7D8}.Release|Any CPU.Build.0 = Release|Any CPU
		{457E0C73-4DA0-4831-AAAD-F65D5823B7D8}.Server|Any CPU.ActiveCfg = Release|Any CPU
		{457E0C73-4DA0-4831-AAAD-F65D5823B7D8}.Server|Any CPU.Build.0 = Release|Any CPU
		{F1652D45-957A-4654-B4EA-37E78993EB2E}.Debug|Any CPU.ActiveCfg = Debug|Any CPU
		{F1652D45-957A-4654-B4EA-37E78993EB2E}.Release|Any CPU.ActiveCfg = Release|Any CPU
		{F1652D45-957A-4654-B4EA-37E78993EB2E}.Release|Any CPU.Build.0 = Release|Any CPU
		{F1652D45-957A-4654-B4EA-37E78993EB2E}.Server|Any CPU.ActiveCfg = Release|Any CPU
		{F1652D45-957A-4654-B4EA-37E78993EB2E}.Server|Any CPU.Build.0 = Release|Any CPU
		{931A68AF-99E5-4354-BD07-20BFF3CF41BD}.Debug|Any CPU.ActiveCfg = Debug|Any CPU
		{931A68AF-99E5-4354-BD07-20BFF3CF41BD}.Release|Any CPU.ActiveCfg = Release|Any CPU
		{931A68AF-99E5-4354-BD07-20BFF3CF41BD}.Release|Any CPU.Build.0 = Release|Any CPU
		{931A68AF-99E5-4354-BD07-20BFF3CF41BD}.Server|Any CPU.ActiveCfg = Release|Any CPU
		{931A68AF-99E5-4354-BD07-20BFF3CF41BD}.Server|Any CPU.Build.0 = Release|Any CPU
		{80BDD711-0FB7-4BD2-AAD4-3FED34158317}.Debug|Any CPU.ActiveCfg = Debug|Any CPU
		{80BDD711-0FB7-4BD2-AAD4-3FED34158317}.Release|Any CPU.ActiveCfg = Release|Any CPU
		{80BDD711-0FB7-4BD2-AAD4-3FED34158317}.Release|Any CPU.Build.0 = Release|Any CPU
		{80BDD711-0FB7-4BD2-AAD4-3FED34158317}.Server|Any CPU.ActiveCfg = Release|Any CPU
		{80BDD711-0FB7-4BD2-AAD4-3FED34158317}.Server|Any CPU.Build.0 = Release|Any CPU
		{651CCB69-0162-4449-AD7C-206690BEF4DD}.Debug|Any CPU.ActiveCfg = Debug|Any CPU
		{651CCB69-0162-4449-AD7C-206690BEF4DD}.Release|Any CPU.ActiveCfg = Release|Any CPU
		{651CCB69-0162-4449-AD7C-206690BEF4DD}.Release|Any CPU.Build.0 = Release|Any CPU
		{651CCB69-0162-4449-AD7C-206690BEF4DD}.Server|Any CPU.ActiveCfg = Release|Any CPU
		{651CCB69-0162-4449-AD7C-206690BEF4DD}.Server|Any CPU.Build.0 = Release|Any CPU
		{F15BCA22-1F33-4615-8356-92735447E3F0}.Debug|Any CPU.ActiveCfg = Debug|Any CPU
		{F15BCA22-1F33-4615-8356-92735447E3F0}.Release|Any CPU.ActiveCfg = Release|Any CPU
		{F15BCA22-1F33-4615-8356-92735447E3F0}.Release|Any CPU.Build.0 = Release|Any CPU
		{F15BCA22-1F33-4615-8356-92735447E3F0}.Server|Any CPU.ActiveCfg = Release|Any CPU
		{F15BCA22-1F33-4615-8356-92735447E3F0}.Server|Any CPU.Build.0 = Release|Any CPU
		{168E0B49-FAC0-4C2D-9DA3-A643BA9DD515}.Debug|Any CPU.ActiveCfg = Debug|Any CPU
		{168E0B49-FAC0-4C2D-9DA3-A643BA9DD515}.Debug|Any CPU.Build.0 = Debug|Any CPU
		{168E0B49-FAC0-4C2D-9DA3-A643BA9DD515}.Release|Any CPU.ActiveCfg = Release|Any CPU
		{168E0B49-FAC0-4C2D-9DA3-A643BA9DD515}.Release|Any CPU.Build.0 = Release|Any CPU
		{168E0B49-FAC0-4C2D-9DA3-A643BA9DD515}.Server|Any CPU.ActiveCfg = Release|Any CPU
		{168E0B49-FAC0-4C2D-9DA3-A643BA9DD515}.Server|Any CPU.Build.0 = Release|Any CPU
		{811584E1-5320-49A3-8598-4FAB7B3C62C5}.Debug|Any CPU.ActiveCfg = Debug|Any CPU
		{811584E1-5320-49A3-8598-4FAB7B3C62C5}.Debug|Any CPU.Build.0 = Debug|Any CPU
		{811584E1-5320-49A3-8598-4FAB7B3C62C5}.Release|Any CPU.ActiveCfg = Release|Any CPU
		{811584E1-5320-49A3-8598-4FAB7B3C62C5}.Release|Any CPU.Build.0 = Release|Any CPU
		{811584E1-5320-49A3-8598-4FAB7B3C62C5}.Server|Any CPU.ActiveCfg = Release|Any CPU
		{811584E1-5320-49A3-8598-4FAB7B3C62C5}.Server|Any CPU.Build.0 = Release|Any CPU
		{5D79B992-FA0E-4252-BA30-420F2C2954C0}.Debug|Any CPU.ActiveCfg = Debug|Any CPU
		{5D79B992-FA0E-4252-BA30-420F2C2954C0}.Debug|Any CPU.Build.0 = Debug|Any CPU
		{5D79B992-FA0E-4252-BA30-420F2C2954C0}.Release|Any CPU.ActiveCfg = Release|Any CPU
		{5D79B992-FA0E-4252-BA30-420F2C2954C0}.Release|Any CPU.Build.0 = Release|Any CPU
		{5D79B992-FA0E-4252-BA30-420F2C2954C0}.Server|Any CPU.ActiveCfg = Release|Any CPU
		{5D79B992-FA0E-4252-BA30-420F2C2954C0}.Server|Any CPU.Build.0 = Release|Any CPU
		{4A4ECF29-E132-4A1B-AA77-2BE437D270F0}.Debug|Any CPU.ActiveCfg = Debug|Any CPU
		{4A4ECF29-E132-4A1B-AA77-2BE437D270F0}.Debug|Any CPU.Build.0 = Debug|Any CPU
		{4A4ECF29-E132-4A1B-AA77-2BE437D270F0}.Release|Any CPU.ActiveCfg = Release|Any CPU
		{4A4ECF29-E132-4A1B-AA77-2BE437D270F0}.Release|Any CPU.Build.0 = Release|Any CPU
		{4A4ECF29-E132-4A1B-AA77-2BE437D270F0}.Server|Any CPU.ActiveCfg = Release|Any CPU
		{4A4ECF29-E132-4A1B-AA77-2BE437D270F0}.Server|Any CPU.Build.0 = Release|Any CPU
		{00EA8291-3359-4BFB-ADA3-BA7B70B312BC}.Debug|Any CPU.ActiveCfg = Debug|Any CPU
		{00EA8291-3359-4BFB-ADA3-BA7B70B312BC}.Debug|Any CPU.Build.0 = Debug|Any CPU
		{00EA8291-3359-4BFB-ADA3-BA7B70B312BC}.Release|Any CPU.ActiveCfg = Release|Any CPU
		{00EA8291-3359-4BFB-ADA3-BA7B70B312BC}.Release|Any CPU.Build.0 = Release|Any CPU
		{00EA8291-3359-4BFB-ADA3-BA7B70B312BC}.Server|Any CPU.ActiveCfg = Release|Any CPU
		{00EA8291-3359-4BFB-ADA3-BA7B70B312BC}.Server|Any CPU.Build.0 = Release|Any CPU
		{0EB86538-7605-4BFB-8535-BDAAFEDFBF21}.Debug|Any CPU.ActiveCfg = Debug|Any CPU
		{0EB86538-7605-4BFB-8535-BDAAFEDFBF21}.Debug|Any CPU.Build.0 = Debug|Any CPU
		{0EB86538-7605-4BFB-8535-BDAAFEDFBF21}.Release|Any CPU.ActiveCfg = Release|Any CPU
		{0EB86538-7605-4BFB-8535-BDAAFEDFBF21}.Release|Any CPU.Build.0 = Release|Any CPU
		{0EB86538-7605-4BFB-8535-BDAAFEDFBF21}.Server|Any CPU.ActiveCfg = Release|Any CPU
		{0EB86538-7605-4BFB-8535-BDAAFEDFBF21}.Server|Any CPU.Build.0 = Release|Any CPU
		{5BF5D617-2BCD-4F61-9664-11D8F2F15E75}.Debug|Any CPU.ActiveCfg = Debug|Any CPU
		{5BF5D617-2BCD-4F61-9664-11D8F2F15E75}.Debug|Any CPU.Build.0 = Debug|Any CPU
		{5BF5D617-2BCD-4F61-9664-11D8F2F15E75}.Release|Any CPU.ActiveCfg = Release|Any CPU
		{5BF5D617-2BCD-4F61-9664-11D8F2F15E75}.Release|Any CPU.Build.0 = Release|Any CPU
		{5BF5D617-2BCD-4F61-9664-11D8F2F15E75}.Server|Any CPU.ActiveCfg = Release|Any CPU
		{5BF5D617-2BCD-4F61-9664-11D8F2F15E75}.Server|Any CPU.Build.0 = Release|Any CPU
		{89B5C585-0174-497B-88D0-34F0DEF094E6}.Debug|Any CPU.ActiveCfg = Debug|Any CPU
		{89B5C585-0174-497B-88D0-34F0DEF094E6}.Debug|Any CPU.Build.0 = Debug|Any CPU
		{89B5C585-0174-497B-88D0-34F0DEF094E6}.Release|Any CPU.ActiveCfg = Release|Any CPU
		{89B5C585-0174-497B-88D0-34F0DEF094E6}.Release|Any CPU.Build.0 = Release|Any CPU
		{89B5C585-0174-497B-88D0-34F0DEF094E6}.Server|Any CPU.ActiveCfg = Release|Any CPU
		{89B5C585-0174-497B-88D0-34F0DEF094E6}.Server|Any CPU.Build.0 = Release|Any CPU
	EndGlobalSection
	GlobalSection(SolutionProperties) = preSolution
		HideSolutionNode = FALSE
	EndGlobalSection
	GlobalSection(NestedProjects) = preSolution
		{59D86774-5544-47FC-AFA0-A78A013F2531} = {F67397DD-E37C-4B3C-A67B-EBB9C5533F76}
		{CB7734FD-9E6C-479C-A91A-40385CBF9A67} = {F67397DD-E37C-4B3C-A67B-EBB9C5533F76}
		{147A0360-5F86-4D33-A874-46F785723EAD} = {DA17B6B4-9D2B-4DBB-9D7F-E0F627C1067E}
		{DE797C18-8530-40B6-964F-3164E34420F9} = {DA17B6B4-9D2B-4DBB-9D7F-E0F627C1067E}
		{EBFABB3A-6FB4-47AE-8CB1-B663D57CF5B1} = {DA17B6B4-9D2B-4DBB-9D7F-E0F627C1067E}
		{E039A6BE-D47C-4046-86D3-71ACD62A217A} = {DA17B6B4-9D2B-4DBB-9D7F-E0F627C1067E}
		{3233B466-2FA9-4AE7-8A21-7EEB57BB61F4} = {DA17B6B4-9D2B-4DBB-9D7F-E0F627C1067E}
		{E674475B-6739-45ED-84FC-FC46FC9A4EEE} = {FC5BAEDE-7CDF-4883-96CA-8A279A632F01}
		{86A72F6D-0C7D-40FD-B7CE-D0B9D75EE99B} = {E674475B-6739-45ED-84FC-FC46FC9A4EEE}
		{21996C58-2404-42E4-A2D7-BEC46AEF6357} = {E674475B-6739-45ED-84FC-FC46FC9A4EEE}
		{51202EB2-C838-456E-9BD0-50840D12A19C} = {E674475B-6739-45ED-84FC-FC46FC9A4EEE}
		{37E8695A-089A-45F1-8DA8-85055728FCE9} = {E674475B-6739-45ED-84FC-FC46FC9A4EEE}
		{AD70962E-E836-494B-8DFF-444D7BC74C80} = {E674475B-6739-45ED-84FC-FC46FC9A4EEE}
		{19525183-F6E4-4179-91F3-F425DFE1AB40} = {FC5BAEDE-7CDF-4883-96CA-8A279A632F01}
		{4FF88A90-50A5-4506-8FA0-F3121B7C4364} = {ADAEDDC0-659A-4052-8903-F58E7495C61B}
		{00E275C4-3494-4FCC-8781-FD815024117E} = {DA17B6B4-9D2B-4DBB-9D7F-E0F627C1067E}
		{016DCD49-63DD-42A7-908B-32C905227595} = {75A093C4-0566-45F7-87E2-300CA5E3447C}
		{2AB0FAE3-03A7-45F6-9746-5F14CC183A93} = {ADAEDDC0-659A-4052-8903-F58E7495C61B}
		{85F2C2A8-CD43-486B-9918-2A1F11CFC15F} = {DA17B6B4-9D2B-4DBB-9D7F-E0F627C1067E}
		{0554162D-A8D3-434C-8F15-D70C02977E78} = {FC5BAEDE-7CDF-4883-96CA-8A279A632F01}
		{467E29D5-34BF-40D0-BE18-E5422861CEBE} = {CB7734FD-9E6C-479C-A91A-40385CBF9A67}
		{B5F883CC-0E97-468C-9CA4-84031F446EDF} = {DA17B6B4-9D2B-4DBB-9D7F-E0F627C1067E}
		{31BAC70A-7B1F-4CA5-95D5-E43380E49709} = {CB7734FD-9E6C-479C-A91A-40385CBF9A67}
		{D3D92A05-390D-419B-832A-1EEB61744CD2} = {31BAC70A-7B1F-4CA5-95D5-E43380E49709}
		{BEC8D2ED-3087-46FB-A552-619412472F6C} = {31BAC70A-7B1F-4CA5-95D5-E43380E49709}
		{9C6CA2B9-4A63-42C5-873F-1F1F31CD9CE3} = {D3D92A05-390D-419B-832A-1EEB61744CD2}
		{E760F0EF-5FAD-4BE5-B316-15B5FF83049E} = {D3D92A05-390D-419B-832A-1EEB61744CD2}
		{E067CC14-AA7D-4A16-8708-3504E86D5B9F} = {D3D92A05-390D-419B-832A-1EEB61744CD2}
		{DCE32D98-8898-4AE4-B5F9-C617BDAE00E1} = {CB7734FD-9E6C-479C-A91A-40385CBF9A67}
		{CB42CE42-E942-49CA-9F3A-CBD768107434} = {CB7734FD-9E6C-479C-A91A-40385CBF9A67}
		{06B0562F-4CD5-431F-9C2C-7A7E5959711C} = {CB7734FD-9E6C-479C-A91A-40385CBF9A67}
		{02138C94-D478-4E48-9CE1-59EABA9176DE} = {75A093C4-0566-45F7-87E2-300CA5E3447C}
		{9FCDABEC-B317-4375-AE19-F605D836801C} = {FC5BAEDE-7CDF-4883-96CA-8A279A632F01}
		{4B0C4DB4-7685-44A2-9667-B59BE7647CFB} = {ADAEDDC0-659A-4052-8903-F58E7495C61B}
		{0822B312-19ED-4556-A197-210F0CB15BF1} = {75A093C4-0566-45F7-87E2-300CA5E3447C}
		{10D4016B-919D-4844-903A-6CB98A02F299} = {CB7734FD-9E6C-479C-A91A-40385CBF9A67}
		{EBAEE151-FDBA-4DA5-876B-44E37A9B7B02} = {ADAEDDC0-659A-4052-8903-F58E7495C61B}
		{F5ECBE24-D563-4B4D-B9A4-82B99F332CC2} = {CB7734FD-9E6C-479C-A91A-40385CBF9A67}
		{9BB1D8DF-57AF-409C-B320-45B07C86282B} = {ADAEDDC0-659A-4052-8903-F58E7495C61B}
		{EB5E38E0-AF12-49F7-990B-243389690EA6} = {DA17B6B4-9D2B-4DBB-9D7F-E0F627C1067E}
		{318E6702-3C9E-4ACC-B326-E3EC903417A8} = {E674475B-6739-45ED-84FC-FC46FC9A4EEE}
		{A2042507-CEC6-483A-8BCE-0EDA5EC793B4} = {E674475B-6739-45ED-84FC-FC46FC9A4EEE}
		{4E167A2B-4229-444C-9B35-0ED814791FE1} = {E674475B-6739-45ED-84FC-FC46FC9A4EEE}
		{725221C1-50A4-41A4-A8A8-11735EBE0D88} = {DA17B6B4-9D2B-4DBB-9D7F-E0F627C1067E}
		{457E0C73-4DA0-4831-AAAD-F65D5823B7D8} = {CB7734FD-9E6C-479C-A91A-40385CBF9A67}
		{F1652D45-957A-4654-B4EA-37E78993EB2E} = {ADAEDDC0-659A-4052-8903-F58E7495C61B}
		{931A68AF-99E5-4354-BD07-20BFF3CF41BD} = {ADAEDDC0-659A-4052-8903-F58E7495C61B}
		{80BDD711-0FB7-4BD2-AAD4-3FED34158317} = {ADAEDDC0-659A-4052-8903-F58E7495C61B}
		{651CCB69-0162-4449-AD7C-206690BEF4DD} = {ADAEDDC0-659A-4052-8903-F58E7495C61B}
		{F15BCA22-1F33-4615-8356-92735447E3F0} = {ADAEDDC0-659A-4052-8903-F58E7495C61B}
		{168E0B49-FAC0-4C2D-9DA3-A643BA9DD515} = {E674475B-6739-45ED-84FC-FC46FC9A4EEE}
		{811584E1-5320-49A3-8598-4FAB7B3C62C5} = {CB7734FD-9E6C-479C-A91A-40385CBF9A67}
		{5D79B992-FA0E-4252-BA30-420F2C2954C0} = {CB7734FD-9E6C-479C-A91A-40385CBF9A67}
		{4A4ECF29-E132-4A1B-AA77-2BE437D270F0} = {FC5BAEDE-7CDF-4883-96CA-8A279A632F01}
		{00EA8291-3359-4BFB-ADA3-BA7B70B312BC} = {FC5BAEDE-7CDF-4883-96CA-8A279A632F01}
		{0EB86538-7605-4BFB-8535-BDAAFEDFBF21} = {FC5BAEDE-7CDF-4883-96CA-8A279A632F01}
		{5BF5D617-2BCD-4F61-9664-11D8F2F15E75} = {FC5BAEDE-7CDF-4883-96CA-8A279A632F01}
		{89B5C585-0174-497B-88D0-34F0DEF094E6} = {DA17B6B4-9D2B-4DBB-9D7F-E0F627C1067E}
	EndGlobalSection
EndGlobal
