
Microsoft Visual Studio Solution File, Format Version 12.00
# Visual Studio 2013
VisualStudioVersion = 12.0.31101.0
MinimumVisualStudioVersion = 10.0.40219.1
Project("{2150E333-8FDC-42A3-9474-1A3956D46DE8}") = "Client", "Client", "{F67397DD-E37C-4B3C-A67B-EBB9C5533F76}"
EndProject
Project("{FAE04EC0-301F-11D3-BF4B-00C04F79EFBC}") = "TrakHound-Client", "Client\TrakHound-Client\TrakHound-Client.csproj", "{59D86774-5544-47FC-AFA0-A78A013F2531}"
EndProject
Project("{2150E333-8FDC-42A3-9474-1A3956D46DE8}") = "Plugins", "Plugins", "{CB7734FD-9E6C-479C-A91A-40385CBF9A67}"
EndProject
Project("{2150E333-8FDC-42A3-9474-1A3956D46DE8}") = "Libraries", "Libraries", "{DA17B6B4-9D2B-4DBB-9D7F-E0F627C1067E}"
EndProject
Project("{FAE04EC0-301F-11D3-BF4B-00C04F79EFBC}") = "TH_Configuration", "Libraries\TH_Configuration\TH_Configuration.csproj", "{147A0360-5F86-4D33-A874-46F785723EAD}"
EndProject
Project("{FAE04EC0-301F-11D3-BF4B-00C04F79EFBC}") = "TH_Device_Client", "Libraries\TH_Device_Client\TH_Device_Client.csproj", "{E188CB92-C3E0-4069-8731-94815CA30922}"
EndProject
Project("{FAE04EC0-301F-11D3-BF4B-00C04F79EFBC}") = "TH_Device_Server", "Libraries\TH_Device_Server\TH_Device_Server.csproj", "{DE797C18-8530-40B6-964F-3164E34420F9}"
EndProject
Project("{FAE04EC0-301F-11D3-BF4B-00C04F79EFBC}") = "TH_Functions", "Libraries\TH_Functions\TH_Functions.csproj", "{79F4879C-44E9-4915-849A-B4C190DB4AA8}"
EndProject
Project("{FAE04EC0-301F-11D3-BF4B-00C04F79EFBC}") = "TH_MySQL", "Libraries\TH_MySQL\TH_MySQL.csproj", "{0822B312-19ED-4556-A197-210F0CB15BF1}"
EndProject
Project("{FAE04EC0-301F-11D3-BF4B-00C04F79EFBC}") = "TH_Ping", "Libraries\TH_Ping\TH_Ping.csproj", "{D767CB7A-7C4E-4DF9-8B4C-9AA6EC8D12EC}"
EndProject
Project("{FAE04EC0-301F-11D3-BF4B-00C04F79EFBC}") = "TH_PlugIns_Server", "Libraries\TH_PlugIns_Server\TH_PlugIns_Server.csproj", "{C564426D-1737-4A3F-BC95-145D337EC721}"
EndProject
Project("{FAE04EC0-301F-11D3-BF4B-00C04F79EFBC}") = "TH_Styles", "Libraries\TH_Styles\TH_Styles.csproj", "{EBFABB3A-6FB4-47AE-8CB1-B663D57CF5B1}"
EndProject
Project("{FAE04EC0-301F-11D3-BF4B-00C04F79EFBC}") = "TH_WPF", "Libraries\TH_WPF\TH_WPF.csproj", "{E039A6BE-D47C-4046-86D3-71ACD62A217A}"
EndProject
Project("{FAE04EC0-301F-11D3-BF4B-00C04F79EFBC}") = "TH_Global", "Libraries\TH_Global\TH_Global.csproj", "{3233B466-2FA9-4AE7-8A21-7EEB57BB61F4}"
EndProject
Project("{2150E333-8FDC-42A3-9474-1A3956D46DE8}") = "Server", "Server", "{FC5BAEDE-7CDF-4883-96CA-8A279A632F01}"
EndProject
Project("{2150E333-8FDC-42A3-9474-1A3956D46DE8}") = "PlugIns", "PlugIns", "{E674475B-6739-45ED-84FC-FC46FC9A4EEE}"
EndProject
Project("{FAE04EC0-301F-11D3-BF4B-00C04F79EFBC}") = "TH_InstanceTable", "Server\Plugins\TH_InstanceTable\TH_InstanceTable.csproj", "{86A72F6D-0C7D-40FD-B7CE-D0B9D75EE99B}"
EndProject
Project("{FAE04EC0-301F-11D3-BF4B-00C04F79EFBC}") = "TH_ShiftTable", "Server\Plugins\TH_ShiftTable\TH_ShiftTable.csproj", "{21996C58-2404-42E4-A2D7-BEC46AEF6357}"
EndProject
Project("{FAE04EC0-301F-11D3-BF4B-00C04F79EFBC}") = "TH_GeneratedData", "Server\Plugins\TH_GeneratedData\TH_GeneratedData.csproj", "{51202EB2-C838-456E-9BD0-50840D12A19C}"
EndProject
Project("{FAE04EC0-301F-11D3-BF4B-00C04F79EFBC}") = "TH_PlugIns_Client_Data", "Libraries\TH_PlugIns_Client_Data\TH_PlugIns_Client_Data.csproj", "{62109EC3-E65A-493F-8120-2E4EA2EF30A1}"
EndProject
Project("{2150E333-8FDC-42A3-9474-1A3956D46DE8}") = "Data", "Data", "{AB288811-5BF4-4324-8720-21BB9C76B243}"
EndProject
Project("{2150E333-8FDC-42A3-9474-1A3956D46DE8}") = "Controls", "Controls", "{8C990E0D-D722-4B65-A4B9-1A51C177FFDD}"
EndProject
Project("{FAE04EC0-301F-11D3-BF4B-00C04F79EFBC}") = "TH_PlugIns_Client_Control", "Libraries\TH_PlugIns_Client_Control\TH_PlugIns_Client_Control.csproj", "{4DA60983-505E-463C-AB96-0A80D0CD1330}"
EndProject
Project("{FAE04EC0-301F-11D3-BF4B-00C04F79EFBC}") = "TH_DeviceStatus", "Client\Plugins\Data\TH_DeviceStatus\TH_DeviceStatus.csproj", "{7D7B5FF2-0379-4BCB-A623-D2F843E779DC}"
EndProject
Project("{FAE04EC0-301F-11D3-BF4B-00C04F79EFBC}") = "Template", "Client\Plugins\Controls\Template\Template.csproj", "{55A8DB3E-441B-4623-A343-E30C594BBFB5}"
EndProject
Project("{FAE04EC0-301F-11D3-BF4B-00C04F79EFBC}") = "TH_MTC_Data", "Libraries\TH_MTC_Data\TH_MTC_Data.csproj", "{318E6702-3C9E-4ACC-B326-E3EC903417A8}"
EndProject
Project("{FAE04EC0-301F-11D3-BF4B-00C04F79EFBC}") = "TH_MTC_Requests", "Libraries\TH_MTC_Requests\TH_MTC_Requests.csproj", "{DB59642F-24B7-4584-BCDF-288788040709}"
EndProject
Project("{FAE04EC0-301F-11D3-BF4B-00C04F79EFBC}") = "TrakHound-Server", "Server\TrakHound-Server\TrakHound-Server.csproj", "{AAC6D3F3-D589-4CCC-8264-3EF620E2AE9C}"
EndProject
Project("{FAE04EC0-301F-11D3-BF4B-00C04F79EFBC}") = "TH_ServerManager", "Client\Plugins\Controls\TH_ServerManager\TH_ServerManager.csproj", "{CCF5820B-BD12-417C-A1D5-B0A07D3AA493}"
EndProject
Project("{FAE04EC0-301F-11D3-BF4B-00C04F79EFBC}") = "TH_OEE", "Server\Plugins\TH_OEE\TH_OEE.csproj", "{37E8695A-089A-45F1-8DA8-85055728FCE9}"
EndProject
Project("{FAE04EC0-301F-11D3-BF4B-00C04F79EFBC}") = "TH_Cycles", "Server\Plugins\TH_Cycles\TH_Cycles.csproj", "{AD70962E-E836-494B-8DFF-444D7BC74C80}"
EndProject
Project("{FAE04EC0-301F-11D3-BF4B-00C04F79EFBC}") = "TH_TableManager", "Client\Plugins\Controls\TH_TableManager\TH_TableManager.csproj", "{06B0562F-4CD5-431F-9C2C-7A7E5959711C}"
EndProject
Project("{FAE04EC0-301F-11D3-BF4B-00C04F79EFBC}") = "TrakHound-Server-Console", "Server\TrakHound-Server-Console\TrakHound-Server-Console.csproj", "{6F02E73F-8300-446C-91FB-41E5DF3C8C4F}"
EndProject
Project("{FAE04EC0-301F-11D3-BF4B-00C04F79EFBC}") = "TrakHound-Server-Controller", "Server\TrakHound-Server-Controller\TrakHound-Server-Controller.csproj", "{BD131298-96E8-42F8-9F1A-DCD815BF40C0}"
EndProject
Project("{2150E333-8FDC-42A3-9474-1A3956D46DE8}") = "Admin Functions", "Admin Functions", "{1713CF1C-4E3A-4AC5-B053-9EA089EE12EA}"
EndProject
Project("{FAE04EC0-301F-11D3-BF4B-00C04F79EFBC}") = "TH_StartService", "Server\Admin Functions\TH_StartService\TH_StartService.csproj", "{81B730A9-3C81-443F-AD0A-FDE16A4B661D}"
EndProject
Project("{FAE04EC0-301F-11D3-BF4B-00C04F79EFBC}") = "TH_StopService", "Server\Admin Functions\TH_StopService\TH_StopService.csproj", "{DBBBD291-8CE9-474A-A575-FFF46709C3A0}"
EndProject
Project("{FAE04EC0-301F-11D3-BF4B-00C04F79EFBC}") = "Template", "Client\Plugins\Data\Template\Template.csproj", "{32347A62-43BC-42CA-AC31-3E54999106A7}"
EndProject
Project("{FAE04EC0-301F-11D3-BF4B-00C04F79EFBC}") = "TH_Dashboard", "Client\Plugins\Controls\TH_Dashboard\TH_Dashboard.csproj", "{DCE32D98-8898-4AE4-B5F9-C617BDAE00E1}"
EndProject
Project("{FAE04EC0-301F-11D3-BF4B-00C04F79EFBC}") = "TH_DeviceCompare", "Client\Plugins\Controls\TH_DeviceCompare\TH_DeviceCompare.csproj", "{BEC8D2ED-3087-46FB-A552-619412472F6C}"
EndProject
Project("{6141683F-8A12-4E36-9623-2EB02B2C2303}") = "TrakHound-Client-Install", "Client\TrakHound-Client-Install\TrakHound-Client-Install.isproj", "{2568C6EF-0848-4956-A2FD-8014E8304F7F}"
	ProjectSection(ProjectDependencies) = postProject
		{06B0562F-4CD5-431F-9C2C-7A7E5959711C} = {06B0562F-4CD5-431F-9C2C-7A7E5959711C}
		{147A0360-5F86-4D33-A874-46F785723EAD} = {147A0360-5F86-4D33-A874-46F785723EAD}
		{2F57AA7E-C892-4FA1-A8F5-55AE3412BC23} = {2F57AA7E-C892-4FA1-A8F5-55AE3412BC23}
		{DCE32D98-8898-4AE4-B5F9-C617BDAE00E1} = {DCE32D98-8898-4AE4-B5F9-C617BDAE00E1}
		{00E275C4-3494-4FCC-8781-FD815024117E} = {00E275C4-3494-4FCC-8781-FD815024117E}
		{908A68DA-2BA5-49B5-AFC0-044E37D8D92A} = {908A68DA-2BA5-49B5-AFC0-044E37D8D92A}
		{BEC8D2ED-3087-46FB-A552-619412472F6C} = {BEC8D2ED-3087-46FB-A552-619412472F6C}
		{7D7B5FF2-0379-4BCB-A623-D2F843E779DC} = {7D7B5FF2-0379-4BCB-A623-D2F843E779DC}
	EndProjectSection
EndProject
Project("{6141683F-8A12-4E36-9623-2EB02B2C2303}") = "TrakHound-Server-Installer", "Server\TrakHound-Server-Installer\TrakHound-Server-Installer.isproj", "{C84C6D24-976B-406E-BB8E-3AD6608CC3ED}"
	ProjectSection(ProjectDependencies) = postProject
		{318E6702-3C9E-4ACC-B326-E3EC903417A8} = {318E6702-3C9E-4ACC-B326-E3EC903417A8}
		{DB59642F-24B7-4584-BCDF-288788040709} = {DB59642F-24B7-4584-BCDF-288788040709}
		{147A0360-5F86-4D33-A874-46F785723EAD} = {147A0360-5F86-4D33-A874-46F785723EAD}
		{86A72F6D-0C7D-40FD-B7CE-D0B9D75EE99B} = {86A72F6D-0C7D-40FD-B7CE-D0B9D75EE99B}
		{C564426D-1737-4A3F-BC95-145D337EC721} = {C564426D-1737-4A3F-BC95-145D337EC721}
		{D767CB7A-7C4E-4DF9-8B4C-9AA6EC8D12EC} = {D767CB7A-7C4E-4DF9-8B4C-9AA6EC8D12EC}
		{19525183-F6E4-4179-91F3-F425DFE1AB40} = {19525183-F6E4-4179-91F3-F425DFE1AB40}
		{79F4879C-44E9-4915-849A-B4C190DB4AA8} = {79F4879C-44E9-4915-849A-B4C190DB4AA8}
		{51202EB2-C838-456E-9BD0-50840D12A19C} = {51202EB2-C838-456E-9BD0-50840D12A19C}
		{00E275C4-3494-4FCC-8781-FD815024117E} = {00E275C4-3494-4FCC-8781-FD815024117E}
	EndProjectSection
EndProject
Project("{FAE04EC0-301F-11D3-BF4B-00C04F79EFBC}") = "TrakHound-Server-Core", "Server\TrakHound-Server-Core\TrakHound-Server-Core.csproj", "{19525183-F6E4-4179-91F3-F425DFE1AB40}"
EndProject
Project("{FAE04EC0-301F-11D3-BF4B-00C04F79EFBC}") = "WebSample", "Client\Plugins\Controls\WebSample\WebSample.csproj", "{CF9AA285-CD5B-43D7-AA47-3A997E704184}"
EndProject
Project("{FAE04EC0-301F-11D3-BF4B-00C04F79EFBC}") = "TH_Updater", "Libraries\TH_Updater\TH_Updater.csproj", "{908A68DA-2BA5-49B5-AFC0-044E37D8D92A}"
EndProject
Project("{FAE04EC0-301F-11D3-BF4B-00C04F79EFBC}") = "TH_Startup", "Client\TH_Startup\TH_Startup.csproj", "{2F57AA7E-C892-4FA1-A8F5-55AE3412BC23}"
EndProject
Project("{FAE04EC0-301F-11D3-BF4B-00C04F79EFBC}") = "TH_Adapter", "Libraries\TH_Adapter\TH_Adapter.csproj", "{AE5A1E3F-7F1B-4C1C-B0B2-1B1113C138B3}"
EndProject
Project("{FAE04EC0-301F-11D3-BF4B-00C04F79EFBC}") = "TH_History", "Client\Plugins\Controls\TH_History\TH_History.csproj", "{04008560-D904-496C-82BC-54E1B3458D90}"
EndProject
Project("{2150E333-8FDC-42A3-9474-1A3956D46DE8}") = "Solution Items", "Solution Items", "{ADAEDDC0-659A-4052-8903-F58E7495C61B}"
	ProjectSection(SolutionItems) = preProject
		TODO.txt = TODO.txt
	EndProjectSection
EndProject
Project("{FAE04EC0-301F-11D3-BF4B-00C04F79EFBC}") = "TH_Reports", "Client\Plugins\Controls\TH_Reports\TH_Reports.csproj", "{5E93BF39-F40A-4F46-8022-3CFBD2A1C387}"
EndProject
Project("{FAE04EC0-301F-11D3-BF4B-00C04F79EFBC}") = "LoadingAnimationTester", "Testing\LoadingAnimationTester\LoadingAnimationTester.csproj", "{4FF88A90-50A5-4506-8FA0-F3121B7C4364}"
EndProject
Project("{FAE04EC0-301F-11D3-BF4B-00C04F79EFBC}") = "TH_Database", "Libraries\TH_Database\TH_Database.csproj", "{00E275C4-3494-4FCC-8781-FD815024117E}"
EndProject
Project("{2150E333-8FDC-42A3-9474-1A3956D46DE8}") = "Database Plugins", "Database Plugins", "{75A093C4-0566-45F7-87E2-300CA5E3447C}"
EndProject
Project("{FAE04EC0-301F-11D3-BF4B-00C04F79EFBC}") = "Example", "Database\Example\Example.csproj", "{016DCD49-63DD-42A7-908B-32C905227595}"
EndProject
Project("{2150E333-8FDC-42A3-9474-1A3956D46DE8}") = "Device Compare", "Device Compare", "{6F7E4E73-E17B-4FD0-AFC6-B5FAA0664D2F}"
EndProject
Project("{FAE04EC0-301F-11D3-BF4B-00C04F79EFBC}") = "TH_ShiftDisplay", "Client\Plugins\Controls\TH_DeviceCompare\Plugins\TH_ShiftDisplay\TH_ShiftDisplay.csproj", "{975CCCAC-9489-4F8F-99F0-438D2492A694}"
EndProject
Project("{FAE04EC0-301F-11D3-BF4B-00C04F79EFBC}") = "TH_DeviceTable", "Client\Plugins\Controls\TH_DeviceTable\TH_DeviceTable.csproj", "{10D4016B-919D-4844-903A-6CB98A02F299}"
EndProject
Project("{FAE04EC0-301F-11D3-BF4B-00C04F79EFBC}") = "UserTesting", "Testing\UserTesting\UserTesting.csproj", "{8A10D510-FB59-4654-B4A0-9D8E5B1760EC}"
EndProject
Project("{FAE04EC0-301F-11D3-BF4B-00C04F79EFBC}") = "TH_FTP", "Libraries\TH_FTP\TH_FTP.csproj", "{3A5989CC-8137-4CEE-BDD3-0F6998BD3148}"
EndProject
Project("{FAE04EC0-301F-11D3-BF4B-00C04F79EFBC}") = "PhoneNumberTester", "Testing\PhoneNumberTester\PhoneNumberTester.csproj", "{84BE19D8-57BF-4B63-8815-1683A399DF80}"
EndProject
Project("{FAE04EC0-301F-11D3-BF4B-00C04F79EFBC}") = "TrakHound-Server-Control-Panel", "Server\TrakHound-Sever-Control-Panel\TrakHound-Server-Control-Panel.csproj", "{B2FE4410-125F-433F-8286-41B5968892C1}"
EndProject
Project("{FAE04EC0-301F-11D3-BF4B-00C04F79EFBC}") = "TH_DeviceManager", "Libraries\TH_ControlPanel\TH_DeviceManager.csproj", "{B5F883CC-0E97-468C-9CA4-84031F446EDF}"
EndProject
Project("{FAE04EC0-301F-11D3-BF4B-00C04F79EFBC}") = "Test", "Testing\Test\Test.csproj", "{2AB0FAE3-03A7-45F6-9746-5F14CC183A93}"
EndProject
Global
	GlobalSection(SolutionConfigurationPlatforms) = preSolution
		CD_ROM|Any CPU = CD_ROM|Any CPU
		Debug|Any CPU = Debug|Any CPU
		DVD-5|Any CPU = DVD-5|Any CPU
		Release|Any CPU = Release|Any CPU
		Server|Any CPU = Server|Any CPU
		SingleImage|Any CPU = SingleImage|Any CPU
	EndGlobalSection
	GlobalSection(ProjectConfigurationPlatforms) = postSolution
		{59D86774-5544-47FC-AFA0-A78A013F2531}.CD_ROM|Any CPU.ActiveCfg = Release|Any CPU
		{59D86774-5544-47FC-AFA0-A78A013F2531}.CD_ROM|Any CPU.Build.0 = Release|Any CPU
		{59D86774-5544-47FC-AFA0-A78A013F2531}.Debug|Any CPU.ActiveCfg = Debug|Any CPU
		{59D86774-5544-47FC-AFA0-A78A013F2531}.Debug|Any CPU.Build.0 = Debug|Any CPU
		{59D86774-5544-47FC-AFA0-A78A013F2531}.DVD-5|Any CPU.ActiveCfg = Debug|Any CPU
		{59D86774-5544-47FC-AFA0-A78A013F2531}.DVD-5|Any CPU.Build.0 = Debug|Any CPU
		{59D86774-5544-47FC-AFA0-A78A013F2531}.Release|Any CPU.ActiveCfg = Release|Any CPU
		{59D86774-5544-47FC-AFA0-A78A013F2531}.Release|Any CPU.Build.0 = Release|Any CPU
		{59D86774-5544-47FC-AFA0-A78A013F2531}.Server|Any CPU.ActiveCfg = Server|Any CPU
		{59D86774-5544-47FC-AFA0-A78A013F2531}.SingleImage|Any CPU.ActiveCfg = Release|Any CPU
		{59D86774-5544-47FC-AFA0-A78A013F2531}.SingleImage|Any CPU.Build.0 = Release|Any CPU
		{147A0360-5F86-4D33-A874-46F785723EAD}.CD_ROM|Any CPU.ActiveCfg = Release|Any CPU
		{147A0360-5F86-4D33-A874-46F785723EAD}.CD_ROM|Any CPU.Build.0 = Release|Any CPU
		{147A0360-5F86-4D33-A874-46F785723EAD}.Debug|Any CPU.ActiveCfg = Debug|Any CPU
		{147A0360-5F86-4D33-A874-46F785723EAD}.Debug|Any CPU.Build.0 = Debug|Any CPU
		{147A0360-5F86-4D33-A874-46F785723EAD}.DVD-5|Any CPU.ActiveCfg = Debug|Any CPU
		{147A0360-5F86-4D33-A874-46F785723EAD}.DVD-5|Any CPU.Build.0 = Debug|Any CPU
		{147A0360-5F86-4D33-A874-46F785723EAD}.Release|Any CPU.ActiveCfg = Release|Any CPU
		{147A0360-5F86-4D33-A874-46F785723EAD}.Release|Any CPU.Build.0 = Release|Any CPU
		{147A0360-5F86-4D33-A874-46F785723EAD}.Server|Any CPU.ActiveCfg = Server|Any CPU
		{147A0360-5F86-4D33-A874-46F785723EAD}.Server|Any CPU.Build.0 = Server|Any CPU
		{147A0360-5F86-4D33-A874-46F785723EAD}.SingleImage|Any CPU.ActiveCfg = Release|Any CPU
		{147A0360-5F86-4D33-A874-46F785723EAD}.SingleImage|Any CPU.Build.0 = Release|Any CPU
		{E188CB92-C3E0-4069-8731-94815CA30922}.CD_ROM|Any CPU.ActiveCfg = Release|Any CPU
		{E188CB92-C3E0-4069-8731-94815CA30922}.CD_ROM|Any CPU.Build.0 = Release|Any CPU
		{E188CB92-C3E0-4069-8731-94815CA30922}.Debug|Any CPU.ActiveCfg = Debug|Any CPU
		{E188CB92-C3E0-4069-8731-94815CA30922}.Debug|Any CPU.Build.0 = Debug|Any CPU
		{E188CB92-C3E0-4069-8731-94815CA30922}.DVD-5|Any CPU.ActiveCfg = Debug|Any CPU
		{E188CB92-C3E0-4069-8731-94815CA30922}.DVD-5|Any CPU.Build.0 = Debug|Any CPU
		{E188CB92-C3E0-4069-8731-94815CA30922}.Release|Any CPU.ActiveCfg = Release|Any CPU
		{E188CB92-C3E0-4069-8731-94815CA30922}.Release|Any CPU.Build.0 = Release|Any CPU
		{E188CB92-C3E0-4069-8731-94815CA30922}.Server|Any CPU.ActiveCfg = Server|Any CPU
		{E188CB92-C3E0-4069-8731-94815CA30922}.SingleImage|Any CPU.ActiveCfg = Release|Any CPU
		{E188CB92-C3E0-4069-8731-94815CA30922}.SingleImage|Any CPU.Build.0 = Release|Any CPU
		{DE797C18-8530-40B6-964F-3164E34420F9}.CD_ROM|Any CPU.ActiveCfg = Release|Any CPU
		{DE797C18-8530-40B6-964F-3164E34420F9}.CD_ROM|Any CPU.Build.0 = Release|Any CPU
		{DE797C18-8530-40B6-964F-3164E34420F9}.Debug|Any CPU.ActiveCfg = Debug|Any CPU
		{DE797C18-8530-40B6-964F-3164E34420F9}.DVD-5|Any CPU.ActiveCfg = Debug|Any CPU
		{DE797C18-8530-40B6-964F-3164E34420F9}.DVD-5|Any CPU.Build.0 = Debug|Any CPU
		{DE797C18-8530-40B6-964F-3164E34420F9}.Release|Any CPU.ActiveCfg = Release|Any CPU
		{DE797C18-8530-40B6-964F-3164E34420F9}.Release|Any CPU.Build.0 = Release|Any CPU
		{DE797C18-8530-40B6-964F-3164E34420F9}.Server|Any CPU.ActiveCfg = Server|Any CPU
		{DE797C18-8530-40B6-964F-3164E34420F9}.SingleImage|Any CPU.ActiveCfg = Release|Any CPU
		{DE797C18-8530-40B6-964F-3164E34420F9}.SingleImage|Any CPU.Build.0 = Release|Any CPU
		{79F4879C-44E9-4915-849A-B4C190DB4AA8}.CD_ROM|Any CPU.ActiveCfg = Release|Any CPU
		{79F4879C-44E9-4915-849A-B4C190DB4AA8}.CD_ROM|Any CPU.Build.0 = Release|Any CPU
		{79F4879C-44E9-4915-849A-B4C190DB4AA8}.Debug|Any CPU.ActiveCfg = Debug|Any CPU
		{79F4879C-44E9-4915-849A-B4C190DB4AA8}.Debug|Any CPU.Build.0 = Debug|Any CPU
		{79F4879C-44E9-4915-849A-B4C190DB4AA8}.DVD-5|Any CPU.ActiveCfg = Debug|Any CPU
		{79F4879C-44E9-4915-849A-B4C190DB4AA8}.DVD-5|Any CPU.Build.0 = Debug|Any CPU
		{79F4879C-44E9-4915-849A-B4C190DB4AA8}.Release|Any CPU.ActiveCfg = Release|Any CPU
		{79F4879C-44E9-4915-849A-B4C190DB4AA8}.Release|Any CPU.Build.0 = Release|Any CPU
		{79F4879C-44E9-4915-849A-B4C190DB4AA8}.Server|Any CPU.ActiveCfg = Server|Any CPU
		{79F4879C-44E9-4915-849A-B4C190DB4AA8}.Server|Any CPU.Build.0 = Server|Any CPU
		{79F4879C-44E9-4915-849A-B4C190DB4AA8}.SingleImage|Any CPU.ActiveCfg = Release|Any CPU
		{79F4879C-44E9-4915-849A-B4C190DB4AA8}.SingleImage|Any CPU.Build.0 = Release|Any CPU
		{0822B312-19ED-4556-A197-210F0CB15BF1}.CD_ROM|Any CPU.ActiveCfg = Release|Any CPU
		{0822B312-19ED-4556-A197-210F0CB15BF1}.CD_ROM|Any CPU.Build.0 = Release|Any CPU
		{0822B312-19ED-4556-A197-210F0CB15BF1}.Debug|Any CPU.ActiveCfg = Debug|Any CPU
		{0822B312-19ED-4556-A197-210F0CB15BF1}.Debug|Any CPU.Build.0 = Debug|Any CPU
		{0822B312-19ED-4556-A197-210F0CB15BF1}.DVD-5|Any CPU.ActiveCfg = Debug|Any CPU
		{0822B312-19ED-4556-A197-210F0CB15BF1}.DVD-5|Any CPU.Build.0 = Debug|Any CPU
		{0822B312-19ED-4556-A197-210F0CB15BF1}.Release|Any CPU.ActiveCfg = Release|Any CPU
		{0822B312-19ED-4556-A197-210F0CB15BF1}.Release|Any CPU.Build.0 = Release|Any CPU
		{0822B312-19ED-4556-A197-210F0CB15BF1}.Server|Any CPU.ActiveCfg = Server|Any CPU
		{0822B312-19ED-4556-A197-210F0CB15BF1}.Server|Any CPU.Build.0 = Server|Any CPU
		{0822B312-19ED-4556-A197-210F0CB15BF1}.SingleImage|Any CPU.ActiveCfg = Release|Any CPU
		{0822B312-19ED-4556-A197-210F0CB15BF1}.SingleImage|Any CPU.Build.0 = Release|Any CPU
		{D767CB7A-7C4E-4DF9-8B4C-9AA6EC8D12EC}.CD_ROM|Any CPU.ActiveCfg = Release|Any CPU
		{D767CB7A-7C4E-4DF9-8B4C-9AA6EC8D12EC}.CD_ROM|Any CPU.Build.0 = Release|Any CPU
		{D767CB7A-7C4E-4DF9-8B4C-9AA6EC8D12EC}.Debug|Any CPU.ActiveCfg = Debug|Any CPU
		{D767CB7A-7C4E-4DF9-8B4C-9AA6EC8D12EC}.Debug|Any CPU.Build.0 = Debug|Any CPU
		{D767CB7A-7C4E-4DF9-8B4C-9AA6EC8D12EC}.DVD-5|Any CPU.ActiveCfg = Debug|Any CPU
		{D767CB7A-7C4E-4DF9-8B4C-9AA6EC8D12EC}.DVD-5|Any CPU.Build.0 = Debug|Any CPU
		{D767CB7A-7C4E-4DF9-8B4C-9AA6EC8D12EC}.Release|Any CPU.ActiveCfg = Release|Any CPU
		{D767CB7A-7C4E-4DF9-8B4C-9AA6EC8D12EC}.Release|Any CPU.Build.0 = Release|Any CPU
		{D767CB7A-7C4E-4DF9-8B4C-9AA6EC8D12EC}.Server|Any CPU.ActiveCfg = Server|Any CPU
		{D767CB7A-7C4E-4DF9-8B4C-9AA6EC8D12EC}.Server|Any CPU.Build.0 = Server|Any CPU
		{D767CB7A-7C4E-4DF9-8B4C-9AA6EC8D12EC}.SingleImage|Any CPU.ActiveCfg = Release|Any CPU
		{D767CB7A-7C4E-4DF9-8B4C-9AA6EC8D12EC}.SingleImage|Any CPU.Build.0 = Release|Any CPU
		{C564426D-1737-4A3F-BC95-145D337EC721}.CD_ROM|Any CPU.ActiveCfg = Release|Any CPU
		{C564426D-1737-4A3F-BC95-145D337EC721}.CD_ROM|Any CPU.Build.0 = Release|Any CPU
		{C564426D-1737-4A3F-BC95-145D337EC721}.Debug|Any CPU.ActiveCfg = Debug|Any CPU
		{C564426D-1737-4A3F-BC95-145D337EC721}.Debug|Any CPU.Build.0 = Debug|Any CPU
		{C564426D-1737-4A3F-BC95-145D337EC721}.DVD-5|Any CPU.ActiveCfg = Debug|Any CPU
		{C564426D-1737-4A3F-BC95-145D337EC721}.DVD-5|Any CPU.Build.0 = Debug|Any CPU
		{C564426D-1737-4A3F-BC95-145D337EC721}.Release|Any CPU.ActiveCfg = Release|Any CPU
		{C564426D-1737-4A3F-BC95-145D337EC721}.Release|Any CPU.Build.0 = Release|Any CPU
		{C564426D-1737-4A3F-BC95-145D337EC721}.Server|Any CPU.ActiveCfg = Server|Any CPU
		{C564426D-1737-4A3F-BC95-145D337EC721}.Server|Any CPU.Build.0 = Server|Any CPU
		{C564426D-1737-4A3F-BC95-145D337EC721}.SingleImage|Any CPU.ActiveCfg = Release|Any CPU
		{C564426D-1737-4A3F-BC95-145D337EC721}.SingleImage|Any CPU.Build.0 = Release|Any CPU
		{EBFABB3A-6FB4-47AE-8CB1-B663D57CF5B1}.CD_ROM|Any CPU.ActiveCfg = Release|Any CPU
		{EBFABB3A-6FB4-47AE-8CB1-B663D57CF5B1}.CD_ROM|Any CPU.Build.0 = Release|Any CPU
		{EBFABB3A-6FB4-47AE-8CB1-B663D57CF5B1}.Debug|Any CPU.ActiveCfg = Debug|Any CPU
		{EBFABB3A-6FB4-47AE-8CB1-B663D57CF5B1}.Debug|Any CPU.Build.0 = Debug|Any CPU
		{EBFABB3A-6FB4-47AE-8CB1-B663D57CF5B1}.DVD-5|Any CPU.ActiveCfg = Debug|Any CPU
		{EBFABB3A-6FB4-47AE-8CB1-B663D57CF5B1}.DVD-5|Any CPU.Build.0 = Debug|Any CPU
		{EBFABB3A-6FB4-47AE-8CB1-B663D57CF5B1}.Release|Any CPU.ActiveCfg = Release|Any CPU
		{EBFABB3A-6FB4-47AE-8CB1-B663D57CF5B1}.Release|Any CPU.Build.0 = Release|Any CPU
		{EBFABB3A-6FB4-47AE-8CB1-B663D57CF5B1}.Server|Any CPU.ActiveCfg = Server|Any CPU
		{EBFABB3A-6FB4-47AE-8CB1-B663D57CF5B1}.SingleImage|Any CPU.ActiveCfg = Release|Any CPU
		{EBFABB3A-6FB4-47AE-8CB1-B663D57CF5B1}.SingleImage|Any CPU.Build.0 = Release|Any CPU
		{E039A6BE-D47C-4046-86D3-71ACD62A217A}.CD_ROM|Any CPU.ActiveCfg = Release|Any CPU
		{E039A6BE-D47C-4046-86D3-71ACD62A217A}.CD_ROM|Any CPU.Build.0 = Release|Any CPU
		{E039A6BE-D47C-4046-86D3-71ACD62A217A}.Debug|Any CPU.ActiveCfg = Debug|Any CPU
		{E039A6BE-D47C-4046-86D3-71ACD62A217A}.Debug|Any CPU.Build.0 = Debug|Any CPU
		{E039A6BE-D47C-4046-86D3-71ACD62A217A}.DVD-5|Any CPU.ActiveCfg = Debug|Any CPU
		{E039A6BE-D47C-4046-86D3-71ACD62A217A}.DVD-5|Any CPU.Build.0 = Debug|Any CPU
		{E039A6BE-D47C-4046-86D3-71ACD62A217A}.Release|Any CPU.ActiveCfg = Release|Any CPU
		{E039A6BE-D47C-4046-86D3-71ACD62A217A}.Release|Any CPU.Build.0 = Release|Any CPU
		{E039A6BE-D47C-4046-86D3-71ACD62A217A}.Server|Any CPU.ActiveCfg = Server|Any CPU
		{E039A6BE-D47C-4046-86D3-71ACD62A217A}.SingleImage|Any CPU.ActiveCfg = Release|Any CPU
		{E039A6BE-D47C-4046-86D3-71ACD62A217A}.SingleImage|Any CPU.Build.0 = Release|Any CPU
		{3233B466-2FA9-4AE7-8A21-7EEB57BB61F4}.CD_ROM|Any CPU.ActiveCfg = Release|Any CPU
		{3233B466-2FA9-4AE7-8A21-7EEB57BB61F4}.CD_ROM|Any CPU.Build.0 = Release|Any CPU
		{3233B466-2FA9-4AE7-8A21-7EEB57BB61F4}.Debug|Any CPU.ActiveCfg = Debug|Any CPU
		{3233B466-2FA9-4AE7-8A21-7EEB57BB61F4}.Debug|Any CPU.Build.0 = Debug|Any CPU
		{3233B466-2FA9-4AE7-8A21-7EEB57BB61F4}.DVD-5|Any CPU.ActiveCfg = Debug|Any CPU
		{3233B466-2FA9-4AE7-8A21-7EEB57BB61F4}.DVD-5|Any CPU.Build.0 = Debug|Any CPU
		{3233B466-2FA9-4AE7-8A21-7EEB57BB61F4}.Release|Any CPU.ActiveCfg = Release|Any CPU
		{3233B466-2FA9-4AE7-8A21-7EEB57BB61F4}.Release|Any CPU.Build.0 = Release|Any CPU
		{3233B466-2FA9-4AE7-8A21-7EEB57BB61F4}.Server|Any CPU.ActiveCfg = Server|Any CPU
		{3233B466-2FA9-4AE7-8A21-7EEB57BB61F4}.Server|Any CPU.Build.0 = Server|Any CPU
		{3233B466-2FA9-4AE7-8A21-7EEB57BB61F4}.SingleImage|Any CPU.ActiveCfg = Release|Any CPU
		{3233B466-2FA9-4AE7-8A21-7EEB57BB61F4}.SingleImage|Any CPU.Build.0 = Release|Any CPU
		{86A72F6D-0C7D-40FD-B7CE-D0B9D75EE99B}.CD_ROM|Any CPU.ActiveCfg = Release|Any CPU
		{86A72F6D-0C7D-40FD-B7CE-D0B9D75EE99B}.CD_ROM|Any CPU.Build.0 = Release|Any CPU
		{86A72F6D-0C7D-40FD-B7CE-D0B9D75EE99B}.Debug|Any CPU.ActiveCfg = Debug|Any CPU
		{86A72F6D-0C7D-40FD-B7CE-D0B9D75EE99B}.DVD-5|Any CPU.ActiveCfg = Debug|Any CPU
		{86A72F6D-0C7D-40FD-B7CE-D0B9D75EE99B}.DVD-5|Any CPU.Build.0 = Debug|Any CPU
		{86A72F6D-0C7D-40FD-B7CE-D0B9D75EE99B}.Release|Any CPU.ActiveCfg = Release|Any CPU
		{86A72F6D-0C7D-40FD-B7CE-D0B9D75EE99B}.Release|Any CPU.Build.0 = Release|Any CPU
		{86A72F6D-0C7D-40FD-B7CE-D0B9D75EE99B}.Server|Any CPU.ActiveCfg = Server|Any CPU
		{86A72F6D-0C7D-40FD-B7CE-D0B9D75EE99B}.Server|Any CPU.Build.0 = Server|Any CPU
		{86A72F6D-0C7D-40FD-B7CE-D0B9D75EE99B}.SingleImage|Any CPU.ActiveCfg = Release|Any CPU
		{86A72F6D-0C7D-40FD-B7CE-D0B9D75EE99B}.SingleImage|Any CPU.Build.0 = Release|Any CPU
		{21996C58-2404-42E4-A2D7-BEC46AEF6357}.CD_ROM|Any CPU.ActiveCfg = Release|Any CPU
		{21996C58-2404-42E4-A2D7-BEC46AEF6357}.CD_ROM|Any CPU.Build.0 = Release|Any CPU
		{21996C58-2404-42E4-A2D7-BEC46AEF6357}.Debug|Any CPU.ActiveCfg = Debug|Any CPU
		{21996C58-2404-42E4-A2D7-BEC46AEF6357}.DVD-5|Any CPU.ActiveCfg = Debug|Any CPU
		{21996C58-2404-42E4-A2D7-BEC46AEF6357}.DVD-5|Any CPU.Build.0 = Debug|Any CPU
		{21996C58-2404-42E4-A2D7-BEC46AEF6357}.Release|Any CPU.ActiveCfg = Release|Any CPU
		{21996C58-2404-42E4-A2D7-BEC46AEF6357}.Release|Any CPU.Build.0 = Release|Any CPU
		{21996C58-2404-42E4-A2D7-BEC46AEF6357}.Server|Any CPU.ActiveCfg = Server|Any CPU
		{21996C58-2404-42E4-A2D7-BEC46AEF6357}.Server|Any CPU.Build.0 = Server|Any CPU
		{21996C58-2404-42E4-A2D7-BEC46AEF6357}.SingleImage|Any CPU.ActiveCfg = Release|Any CPU
		{21996C58-2404-42E4-A2D7-BEC46AEF6357}.SingleImage|Any CPU.Build.0 = Release|Any CPU
		{51202EB2-C838-456E-9BD0-50840D12A19C}.CD_ROM|Any CPU.ActiveCfg = Release|Any CPU
		{51202EB2-C838-456E-9BD0-50840D12A19C}.CD_ROM|Any CPU.Build.0 = Release|Any CPU
		{51202EB2-C838-456E-9BD0-50840D12A19C}.Debug|Any CPU.ActiveCfg = Debug|Any CPU
		{51202EB2-C838-456E-9BD0-50840D12A19C}.DVD-5|Any CPU.ActiveCfg = Debug|Any CPU
		{51202EB2-C838-456E-9BD0-50840D12A19C}.DVD-5|Any CPU.Build.0 = Debug|Any CPU
		{51202EB2-C838-456E-9BD0-50840D12A19C}.Release|Any CPU.ActiveCfg = Release|Any CPU
		{51202EB2-C838-456E-9BD0-50840D12A19C}.Release|Any CPU.Build.0 = Release|Any CPU
		{51202EB2-C838-456E-9BD0-50840D12A19C}.Server|Any CPU.ActiveCfg = Server|Any CPU
		{51202EB2-C838-456E-9BD0-50840D12A19C}.Server|Any CPU.Build.0 = Server|Any CPU
		{51202EB2-C838-456E-9BD0-50840D12A19C}.SingleImage|Any CPU.ActiveCfg = Release|Any CPU
		{51202EB2-C838-456E-9BD0-50840D12A19C}.SingleImage|Any CPU.Build.0 = Release|Any CPU
		{62109EC3-E65A-493F-8120-2E4EA2EF30A1}.CD_ROM|Any CPU.ActiveCfg = Release|Any CPU
		{62109EC3-E65A-493F-8120-2E4EA2EF30A1}.CD_ROM|Any CPU.Build.0 = Release|Any CPU
		{62109EC3-E65A-493F-8120-2E4EA2EF30A1}.Debug|Any CPU.ActiveCfg = Debug|Any CPU
		{62109EC3-E65A-493F-8120-2E4EA2EF30A1}.Debug|Any CPU.Build.0 = Debug|Any CPU
		{62109EC3-E65A-493F-8120-2E4EA2EF30A1}.DVD-5|Any CPU.ActiveCfg = Debug|Any CPU
		{62109EC3-E65A-493F-8120-2E4EA2EF30A1}.DVD-5|Any CPU.Build.0 = Debug|Any CPU
		{62109EC3-E65A-493F-8120-2E4EA2EF30A1}.Release|Any CPU.ActiveCfg = Release|Any CPU
		{62109EC3-E65A-493F-8120-2E4EA2EF30A1}.Release|Any CPU.Build.0 = Release|Any CPU
		{62109EC3-E65A-493F-8120-2E4EA2EF30A1}.Server|Any CPU.ActiveCfg = Server|Any CPU
		{62109EC3-E65A-493F-8120-2E4EA2EF30A1}.SingleImage|Any CPU.ActiveCfg = Release|Any CPU
		{62109EC3-E65A-493F-8120-2E4EA2EF30A1}.SingleImage|Any CPU.Build.0 = Release|Any CPU
		{4DA60983-505E-463C-AB96-0A80D0CD1330}.CD_ROM|Any CPU.ActiveCfg = Release|Any CPU
		{4DA60983-505E-463C-AB96-0A80D0CD1330}.CD_ROM|Any CPU.Build.0 = Release|Any CPU
		{4DA60983-505E-463C-AB96-0A80D0CD1330}.Debug|Any CPU.ActiveCfg = Debug|Any CPU
		{4DA60983-505E-463C-AB96-0A80D0CD1330}.Debug|Any CPU.Build.0 = Debug|Any CPU
		{4DA60983-505E-463C-AB96-0A80D0CD1330}.DVD-5|Any CPU.ActiveCfg = Debug|Any CPU
		{4DA60983-505E-463C-AB96-0A80D0CD1330}.DVD-5|Any CPU.Build.0 = Debug|Any CPU
		{4DA60983-505E-463C-AB96-0A80D0CD1330}.Release|Any CPU.ActiveCfg = Release|Any CPU
		{4DA60983-505E-463C-AB96-0A80D0CD1330}.Release|Any CPU.Build.0 = Release|Any CPU
		{4DA60983-505E-463C-AB96-0A80D0CD1330}.Server|Any CPU.ActiveCfg = Server|Any CPU
		{4DA60983-505E-463C-AB96-0A80D0CD1330}.SingleImage|Any CPU.ActiveCfg = Release|Any CPU
		{4DA60983-505E-463C-AB96-0A80D0CD1330}.SingleImage|Any CPU.Build.0 = Release|Any CPU
		{7D7B5FF2-0379-4BCB-A623-D2F843E779DC}.CD_ROM|Any CPU.ActiveCfg = Release|Any CPU
		{7D7B5FF2-0379-4BCB-A623-D2F843E779DC}.CD_ROM|Any CPU.Build.0 = Release|Any CPU
		{7D7B5FF2-0379-4BCB-A623-D2F843E779DC}.Debug|Any CPU.ActiveCfg = Debug|Any CPU
		{7D7B5FF2-0379-4BCB-A623-D2F843E779DC}.DVD-5|Any CPU.ActiveCfg = Debug|Any CPU
		{7D7B5FF2-0379-4BCB-A623-D2F843E779DC}.DVD-5|Any CPU.Build.0 = Debug|Any CPU
		{7D7B5FF2-0379-4BCB-A623-D2F843E779DC}.Release|Any CPU.ActiveCfg = Release|Any CPU
		{7D7B5FF2-0379-4BCB-A623-D2F843E779DC}.Release|Any CPU.Build.0 = Release|Any CPU
		{7D7B5FF2-0379-4BCB-A623-D2F843E779DC}.Server|Any CPU.ActiveCfg = Server|Any CPU
		{7D7B5FF2-0379-4BCB-A623-D2F843E779DC}.SingleImage|Any CPU.ActiveCfg = Release|Any CPU
		{7D7B5FF2-0379-4BCB-A623-D2F843E779DC}.SingleImage|Any CPU.Build.0 = Release|Any CPU
		{55A8DB3E-441B-4623-A343-E30C594BBFB5}.CD_ROM|Any CPU.ActiveCfg = Release|Any CPU
		{55A8DB3E-441B-4623-A343-E30C594BBFB5}.CD_ROM|Any CPU.Build.0 = Release|Any CPU
		{55A8DB3E-441B-4623-A343-E30C594BBFB5}.Debug|Any CPU.ActiveCfg = Debug|Any CPU
		{55A8DB3E-441B-4623-A343-E30C594BBFB5}.DVD-5|Any CPU.ActiveCfg = Debug|Any CPU
		{55A8DB3E-441B-4623-A343-E30C594BBFB5}.DVD-5|Any CPU.Build.0 = Debug|Any CPU
		{55A8DB3E-441B-4623-A343-E30C594BBFB5}.Release|Any CPU.ActiveCfg = Release|Any CPU
		{55A8DB3E-441B-4623-A343-E30C594BBFB5}.Release|Any CPU.Build.0 = Release|Any CPU
		{55A8DB3E-441B-4623-A343-E30C594BBFB5}.Server|Any CPU.ActiveCfg = Server|Any CPU
		{55A8DB3E-441B-4623-A343-E30C594BBFB5}.SingleImage|Any CPU.ActiveCfg = Release|Any CPU
		{55A8DB3E-441B-4623-A343-E30C594BBFB5}.SingleImage|Any CPU.Build.0 = Release|Any CPU
		{318E6702-3C9E-4ACC-B326-E3EC903417A8}.CD_ROM|Any CPU.ActiveCfg = Release|Any CPU
		{318E6702-3C9E-4ACC-B326-E3EC903417A8}.CD_ROM|Any CPU.Build.0 = Release|Any CPU
		{318E6702-3C9E-4ACC-B326-E3EC903417A8}.Debug|Any CPU.ActiveCfg = Debug|Any CPU
		{318E6702-3C9E-4ACC-B326-E3EC903417A8}.Debug|Any CPU.Build.0 = Debug|Any CPU
		{318E6702-3C9E-4ACC-B326-E3EC903417A8}.DVD-5|Any CPU.ActiveCfg = Debug|Any CPU
		{318E6702-3C9E-4ACC-B326-E3EC903417A8}.DVD-5|Any CPU.Build.0 = Debug|Any CPU
		{318E6702-3C9E-4ACC-B326-E3EC903417A8}.Release|Any CPU.ActiveCfg = Release|Any CPU
		{318E6702-3C9E-4ACC-B326-E3EC903417A8}.Release|Any CPU.Build.0 = Release|Any CPU
		{318E6702-3C9E-4ACC-B326-E3EC903417A8}.Server|Any CPU.ActiveCfg = Server|Any CPU
		{318E6702-3C9E-4ACC-B326-E3EC903417A8}.Server|Any CPU.Build.0 = Server|Any CPU
		{318E6702-3C9E-4ACC-B326-E3EC903417A8}.SingleImage|Any CPU.ActiveCfg = Release|Any CPU
		{318E6702-3C9E-4ACC-B326-E3EC903417A8}.SingleImage|Any CPU.Build.0 = Release|Any CPU
		{DB59642F-24B7-4584-BCDF-288788040709}.CD_ROM|Any CPU.ActiveCfg = Release|Any CPU
		{DB59642F-24B7-4584-BCDF-288788040709}.CD_ROM|Any CPU.Build.0 = Release|Any CPU
		{DB59642F-24B7-4584-BCDF-288788040709}.Debug|Any CPU.ActiveCfg = Debug|Any CPU
		{DB59642F-24B7-4584-BCDF-288788040709}.Debug|Any CPU.Build.0 = Debug|Any CPU
		{DB59642F-24B7-4584-BCDF-288788040709}.DVD-5|Any CPU.ActiveCfg = Debug|Any CPU
		{DB59642F-24B7-4584-BCDF-288788040709}.DVD-5|Any CPU.Build.0 = Debug|Any CPU
		{DB59642F-24B7-4584-BCDF-288788040709}.Release|Any CPU.ActiveCfg = Release|Any CPU
		{DB59642F-24B7-4584-BCDF-288788040709}.Release|Any CPU.Build.0 = Release|Any CPU
		{DB59642F-24B7-4584-BCDF-288788040709}.Server|Any CPU.ActiveCfg = Server|Any CPU
		{DB59642F-24B7-4584-BCDF-288788040709}.Server|Any CPU.Build.0 = Server|Any CPU
		{DB59642F-24B7-4584-BCDF-288788040709}.SingleImage|Any CPU.ActiveCfg = Release|Any CPU
		{DB59642F-24B7-4584-BCDF-288788040709}.SingleImage|Any CPU.Build.0 = Release|Any CPU
		{AAC6D3F3-D589-4CCC-8264-3EF620E2AE9C}.CD_ROM|Any CPU.ActiveCfg = Release|Any CPU
		{AAC6D3F3-D589-4CCC-8264-3EF620E2AE9C}.CD_ROM|Any CPU.Build.0 = Release|Any CPU
		{AAC6D3F3-D589-4CCC-8264-3EF620E2AE9C}.Debug|Any CPU.ActiveCfg = Debug|Any CPU
		{AAC6D3F3-D589-4CCC-8264-3EF620E2AE9C}.DVD-5|Any CPU.ActiveCfg = Debug|Any CPU
		{AAC6D3F3-D589-4CCC-8264-3EF620E2AE9C}.DVD-5|Any CPU.Build.0 = Debug|Any CPU
		{AAC6D3F3-D589-4CCC-8264-3EF620E2AE9C}.Release|Any CPU.ActiveCfg = Release|Any CPU
		{AAC6D3F3-D589-4CCC-8264-3EF620E2AE9C}.Release|Any CPU.Build.0 = Release|Any CPU
		{AAC6D3F3-D589-4CCC-8264-3EF620E2AE9C}.Server|Any CPU.ActiveCfg = Server|Any CPU
		{AAC6D3F3-D589-4CCC-8264-3EF620E2AE9C}.Server|Any CPU.Build.0 = Server|Any CPU
		{AAC6D3F3-D589-4CCC-8264-3EF620E2AE9C}.SingleImage|Any CPU.ActiveCfg = Release|Any CPU
		{AAC6D3F3-D589-4CCC-8264-3EF620E2AE9C}.SingleImage|Any CPU.Build.0 = Release|Any CPU
		{CCF5820B-BD12-417C-A1D5-B0A07D3AA493}.CD_ROM|Any CPU.ActiveCfg = Release|Any CPU
		{CCF5820B-BD12-417C-A1D5-B0A07D3AA493}.CD_ROM|Any CPU.Build.0 = Release|Any CPU
		{CCF5820B-BD12-417C-A1D5-B0A07D3AA493}.Debug|Any CPU.ActiveCfg = Debug|Any CPU
		{CCF5820B-BD12-417C-A1D5-B0A07D3AA493}.DVD-5|Any CPU.ActiveCfg = Debug|Any CPU
		{CCF5820B-BD12-417C-A1D5-B0A07D3AA493}.DVD-5|Any CPU.Build.0 = Debug|Any CPU
		{CCF5820B-BD12-417C-A1D5-B0A07D3AA493}.Release|Any CPU.ActiveCfg = Release|Any CPU
		{CCF5820B-BD12-417C-A1D5-B0A07D3AA493}.Release|Any CPU.Build.0 = Release|Any CPU
		{CCF5820B-BD12-417C-A1D5-B0A07D3AA493}.Server|Any CPU.ActiveCfg = Server|Any CPU
		{CCF5820B-BD12-417C-A1D5-B0A07D3AA493}.SingleImage|Any CPU.ActiveCfg = Release|Any CPU
		{CCF5820B-BD12-417C-A1D5-B0A07D3AA493}.SingleImage|Any CPU.Build.0 = Release|Any CPU
		{37E8695A-089A-45F1-8DA8-85055728FCE9}.CD_ROM|Any CPU.ActiveCfg = Release|Any CPU
		{37E8695A-089A-45F1-8DA8-85055728FCE9}.CD_ROM|Any CPU.Build.0 = Release|Any CPU
		{37E8695A-089A-45F1-8DA8-85055728FCE9}.Debug|Any CPU.ActiveCfg = Debug|Any CPU
		{37E8695A-089A-45F1-8DA8-85055728FCE9}.DVD-5|Any CPU.ActiveCfg = Debug|Any CPU
		{37E8695A-089A-45F1-8DA8-85055728FCE9}.DVD-5|Any CPU.Build.0 = Debug|Any CPU
		{37E8695A-089A-45F1-8DA8-85055728FCE9}.Release|Any CPU.ActiveCfg = Release|Any CPU
		{37E8695A-089A-45F1-8DA8-85055728FCE9}.Release|Any CPU.Build.0 = Release|Any CPU
		{37E8695A-089A-45F1-8DA8-85055728FCE9}.Server|Any CPU.ActiveCfg = Server|Any CPU
		{37E8695A-089A-45F1-8DA8-85055728FCE9}.Server|Any CPU.Build.0 = Server|Any CPU
		{37E8695A-089A-45F1-8DA8-85055728FCE9}.SingleImage|Any CPU.ActiveCfg = Release|Any CPU
		{37E8695A-089A-45F1-8DA8-85055728FCE9}.SingleImage|Any CPU.Build.0 = Release|Any CPU
		{AD70962E-E836-494B-8DFF-444D7BC74C80}.CD_ROM|Any CPU.ActiveCfg = Release|Any CPU
		{AD70962E-E836-494B-8DFF-444D7BC74C80}.CD_ROM|Any CPU.Build.0 = Release|Any CPU
		{AD70962E-E836-494B-8DFF-444D7BC74C80}.Debug|Any CPU.ActiveCfg = Debug|Any CPU
		{AD70962E-E836-494B-8DFF-444D7BC74C80}.DVD-5|Any CPU.ActiveCfg = Debug|Any CPU
		{AD70962E-E836-494B-8DFF-444D7BC74C80}.DVD-5|Any CPU.Build.0 = Debug|Any CPU
		{AD70962E-E836-494B-8DFF-444D7BC74C80}.Release|Any CPU.ActiveCfg = Release|Any CPU
		{AD70962E-E836-494B-8DFF-444D7BC74C80}.Release|Any CPU.Build.0 = Release|Any CPU
		{AD70962E-E836-494B-8DFF-444D7BC74C80}.Server|Any CPU.ActiveCfg = Server|Any CPU
		{AD70962E-E836-494B-8DFF-444D7BC74C80}.Server|Any CPU.Build.0 = Server|Any CPU
		{AD70962E-E836-494B-8DFF-444D7BC74C80}.SingleImage|Any CPU.ActiveCfg = Release|Any CPU
		{AD70962E-E836-494B-8DFF-444D7BC74C80}.SingleImage|Any CPU.Build.0 = Release|Any CPU
		{06B0562F-4CD5-431F-9C2C-7A7E5959711C}.CD_ROM|Any CPU.ActiveCfg = Release|Any CPU
		{06B0562F-4CD5-431F-9C2C-7A7E5959711C}.CD_ROM|Any CPU.Build.0 = Release|Any CPU
		{06B0562F-4CD5-431F-9C2C-7A7E5959711C}.Debug|Any CPU.ActiveCfg = Debug|Any CPU
		{06B0562F-4CD5-431F-9C2C-7A7E5959711C}.DVD-5|Any CPU.ActiveCfg = Debug|Any CPU
		{06B0562F-4CD5-431F-9C2C-7A7E5959711C}.DVD-5|Any CPU.Build.0 = Debug|Any CPU
		{06B0562F-4CD5-431F-9C2C-7A7E5959711C}.Release|Any CPU.ActiveCfg = Release|Any CPU
		{06B0562F-4CD5-431F-9C2C-7A7E5959711C}.Release|Any CPU.Build.0 = Release|Any CPU
		{06B0562F-4CD5-431F-9C2C-7A7E5959711C}.Server|Any CPU.ActiveCfg = Server|Any CPU
		{06B0562F-4CD5-431F-9C2C-7A7E5959711C}.SingleImage|Any CPU.ActiveCfg = Release|Any CPU
		{06B0562F-4CD5-431F-9C2C-7A7E5959711C}.SingleImage|Any CPU.Build.0 = Release|Any CPU
		{6F02E73F-8300-446C-91FB-41E5DF3C8C4F}.CD_ROM|Any CPU.ActiveCfg = Release|Any CPU
		{6F02E73F-8300-446C-91FB-41E5DF3C8C4F}.CD_ROM|Any CPU.Build.0 = Release|Any CPU
		{6F02E73F-8300-446C-91FB-41E5DF3C8C4F}.Debug|Any CPU.ActiveCfg = Debug|Any CPU
		{6F02E73F-8300-446C-91FB-41E5DF3C8C4F}.DVD-5|Any CPU.ActiveCfg = Debug|Any CPU
		{6F02E73F-8300-446C-91FB-41E5DF3C8C4F}.DVD-5|Any CPU.Build.0 = Debug|Any CPU
		{6F02E73F-8300-446C-91FB-41E5DF3C8C4F}.Release|Any CPU.ActiveCfg = Release|Any CPU
		{6F02E73F-8300-446C-91FB-41E5DF3C8C4F}.Release|Any CPU.Build.0 = Release|Any CPU
		{6F02E73F-8300-446C-91FB-41E5DF3C8C4F}.Server|Any CPU.ActiveCfg = Server|Any CPU
		{6F02E73F-8300-446C-91FB-41E5DF3C8C4F}.Server|Any CPU.Build.0 = Server|Any CPU
		{6F02E73F-8300-446C-91FB-41E5DF3C8C4F}.SingleImage|Any CPU.ActiveCfg = Release|Any CPU
		{6F02E73F-8300-446C-91FB-41E5DF3C8C4F}.SingleImage|Any CPU.Build.0 = Release|Any CPU
		{BD131298-96E8-42F8-9F1A-DCD815BF40C0}.CD_ROM|Any CPU.ActiveCfg = Release|Any CPU
		{BD131298-96E8-42F8-9F1A-DCD815BF40C0}.CD_ROM|Any CPU.Build.0 = Release|Any CPU
		{BD131298-96E8-42F8-9F1A-DCD815BF40C0}.Debug|Any CPU.ActiveCfg = Debug|Any CPU
		{BD131298-96E8-42F8-9F1A-DCD815BF40C0}.DVD-5|Any CPU.ActiveCfg = Debug|Any CPU
		{BD131298-96E8-42F8-9F1A-DCD815BF40C0}.DVD-5|Any CPU.Build.0 = Debug|Any CPU
		{BD131298-96E8-42F8-9F1A-DCD815BF40C0}.Release|Any CPU.ActiveCfg = Release|Any CPU
		{BD131298-96E8-42F8-9F1A-DCD815BF40C0}.Release|Any CPU.Build.0 = Release|Any CPU
		{BD131298-96E8-42F8-9F1A-DCD815BF40C0}.Server|Any CPU.ActiveCfg = Server|Any CPU
		{BD131298-96E8-42F8-9F1A-DCD815BF40C0}.SingleImage|Any CPU.ActiveCfg = Release|Any CPU
		{BD131298-96E8-42F8-9F1A-DCD815BF40C0}.SingleImage|Any CPU.Build.0 = Release|Any CPU
		{81B730A9-3C81-443F-AD0A-FDE16A4B661D}.CD_ROM|Any CPU.ActiveCfg = Release|Any CPU
		{81B730A9-3C81-443F-AD0A-FDE16A4B661D}.CD_ROM|Any CPU.Build.0 = Release|Any CPU
		{81B730A9-3C81-443F-AD0A-FDE16A4B661D}.Debug|Any CPU.ActiveCfg = Debug|Any CPU
		{81B730A9-3C81-443F-AD0A-FDE16A4B661D}.DVD-5|Any CPU.ActiveCfg = Debug|Any CPU
		{81B730A9-3C81-443F-AD0A-FDE16A4B661D}.DVD-5|Any CPU.Build.0 = Debug|Any CPU
		{81B730A9-3C81-443F-AD0A-FDE16A4B661D}.Release|Any CPU.ActiveCfg = Release|Any CPU
		{81B730A9-3C81-443F-AD0A-FDE16A4B661D}.Release|Any CPU.Build.0 = Release|Any CPU
		{81B730A9-3C81-443F-AD0A-FDE16A4B661D}.Server|Any CPU.ActiveCfg = Server|Any CPU
		{81B730A9-3C81-443F-AD0A-FDE16A4B661D}.Server|Any CPU.Build.0 = Server|Any CPU
		{81B730A9-3C81-443F-AD0A-FDE16A4B661D}.SingleImage|Any CPU.ActiveCfg = Release|Any CPU
		{81B730A9-3C81-443F-AD0A-FDE16A4B661D}.SingleImage|Any CPU.Build.0 = Release|Any CPU
		{DBBBD291-8CE9-474A-A575-FFF46709C3A0}.CD_ROM|Any CPU.ActiveCfg = Release|Any CPU
		{DBBBD291-8CE9-474A-A575-FFF46709C3A0}.CD_ROM|Any CPU.Build.0 = Release|Any CPU
		{DBBBD291-8CE9-474A-A575-FFF46709C3A0}.Debug|Any CPU.ActiveCfg = Debug|Any CPU
		{DBBBD291-8CE9-474A-A575-FFF46709C3A0}.DVD-5|Any CPU.ActiveCfg = Debug|Any CPU
		{DBBBD291-8CE9-474A-A575-FFF46709C3A0}.DVD-5|Any CPU.Build.0 = Debug|Any CPU
		{DBBBD291-8CE9-474A-A575-FFF46709C3A0}.Release|Any CPU.ActiveCfg = Release|Any CPU
		{DBBBD291-8CE9-474A-A575-FFF46709C3A0}.Release|Any CPU.Build.0 = Release|Any CPU
		{DBBBD291-8CE9-474A-A575-FFF46709C3A0}.Server|Any CPU.ActiveCfg = Server|Any CPU
		{DBBBD291-8CE9-474A-A575-FFF46709C3A0}.Server|Any CPU.Build.0 = Server|Any CPU
		{DBBBD291-8CE9-474A-A575-FFF46709C3A0}.SingleImage|Any CPU.ActiveCfg = Release|Any CPU
		{DBBBD291-8CE9-474A-A575-FFF46709C3A0}.SingleImage|Any CPU.Build.0 = Release|Any CPU
		{32347A62-43BC-42CA-AC31-3E54999106A7}.CD_ROM|Any CPU.ActiveCfg = Release|Any CPU
		{32347A62-43BC-42CA-AC31-3E54999106A7}.CD_ROM|Any CPU.Build.0 = Release|Any CPU
		{32347A62-43BC-42CA-AC31-3E54999106A7}.Debug|Any CPU.ActiveCfg = Debug|Any CPU
		{32347A62-43BC-42CA-AC31-3E54999106A7}.DVD-5|Any CPU.ActiveCfg = Debug|Any CPU
		{32347A62-43BC-42CA-AC31-3E54999106A7}.DVD-5|Any CPU.Build.0 = Debug|Any CPU
		{32347A62-43BC-42CA-AC31-3E54999106A7}.Release|Any CPU.ActiveCfg = Release|Any CPU
		{32347A62-43BC-42CA-AC31-3E54999106A7}.Release|Any CPU.Build.0 = Release|Any CPU
		{32347A62-43BC-42CA-AC31-3E54999106A7}.Server|Any CPU.ActiveCfg = Server|Any CPU
		{32347A62-43BC-42CA-AC31-3E54999106A7}.SingleImage|Any CPU.ActiveCfg = Release|Any CPU
		{32347A62-43BC-42CA-AC31-3E54999106A7}.SingleImage|Any CPU.Build.0 = Release|Any CPU
		{DCE32D98-8898-4AE4-B5F9-C617BDAE00E1}.CD_ROM|Any CPU.ActiveCfg = Release|Any CPU
		{DCE32D98-8898-4AE4-B5F9-C617BDAE00E1}.CD_ROM|Any CPU.Build.0 = Release|Any CPU
		{DCE32D98-8898-4AE4-B5F9-C617BDAE00E1}.Debug|Any CPU.ActiveCfg = Debug|Any CPU
		{DCE32D98-8898-4AE4-B5F9-C617BDAE00E1}.DVD-5|Any CPU.ActiveCfg = Debug|Any CPU
		{DCE32D98-8898-4AE4-B5F9-C617BDAE00E1}.DVD-5|Any CPU.Build.0 = Debug|Any CPU
		{DCE32D98-8898-4AE4-B5F9-C617BDAE00E1}.Release|Any CPU.ActiveCfg = Release|Any CPU
		{DCE32D98-8898-4AE4-B5F9-C617BDAE00E1}.Release|Any CPU.Build.0 = Release|Any CPU
		{DCE32D98-8898-4AE4-B5F9-C617BDAE00E1}.Server|Any CPU.ActiveCfg = Server|Any CPU
		{DCE32D98-8898-4AE4-B5F9-C617BDAE00E1}.SingleImage|Any CPU.ActiveCfg = Release|Any CPU
		{DCE32D98-8898-4AE4-B5F9-C617BDAE00E1}.SingleImage|Any CPU.Build.0 = Release|Any CPU
		{BEC8D2ED-3087-46FB-A552-619412472F6C}.CD_ROM|Any CPU.ActiveCfg = Release|Any CPU
		{BEC8D2ED-3087-46FB-A552-619412472F6C}.CD_ROM|Any CPU.Build.0 = Release|Any CPU
		{BEC8D2ED-3087-46FB-A552-619412472F6C}.Debug|Any CPU.ActiveCfg = Debug|Any CPU
		{BEC8D2ED-3087-46FB-A552-619412472F6C}.DVD-5|Any CPU.ActiveCfg = Debug|Any CPU
		{BEC8D2ED-3087-46FB-A552-619412472F6C}.DVD-5|Any CPU.Build.0 = Debug|Any CPU
		{BEC8D2ED-3087-46FB-A552-619412472F6C}.Release|Any CPU.ActiveCfg = Release|Any CPU
		{BEC8D2ED-3087-46FB-A552-619412472F6C}.Release|Any CPU.Build.0 = Release|Any CPU
		{BEC8D2ED-3087-46FB-A552-619412472F6C}.Server|Any CPU.ActiveCfg = Server|Any CPU
		{BEC8D2ED-3087-46FB-A552-619412472F6C}.SingleImage|Any CPU.ActiveCfg = Release|Any CPU
		{BEC8D2ED-3087-46FB-A552-619412472F6C}.SingleImage|Any CPU.Build.0 = Release|Any CPU
		{2568C6EF-0848-4956-A2FD-8014E8304F7F}.CD_ROM|Any CPU.ActiveCfg = CD_ROM
		{2568C6EF-0848-4956-A2FD-8014E8304F7F}.CD_ROM|Any CPU.Build.0 = CD_ROM
		{2568C6EF-0848-4956-A2FD-8014E8304F7F}.Debug|Any CPU.ActiveCfg = SingleImage
		{2568C6EF-0848-4956-A2FD-8014E8304F7F}.DVD-5|Any CPU.ActiveCfg = DVD-5
		{2568C6EF-0848-4956-A2FD-8014E8304F7F}.DVD-5|Any CPU.Build.0 = DVD-5
		{2568C6EF-0848-4956-A2FD-8014E8304F7F}.Release|Any CPU.ActiveCfg = SingleImage
		{2568C6EF-0848-4956-A2FD-8014E8304F7F}.Release|Any CPU.Build.0 = SingleImage
		{2568C6EF-0848-4956-A2FD-8014E8304F7F}.Server|Any CPU.ActiveCfg = SingleImage
		{2568C6EF-0848-4956-A2FD-8014E8304F7F}.SingleImage|Any CPU.ActiveCfg = SingleImage
		{2568C6EF-0848-4956-A2FD-8014E8304F7F}.SingleImage|Any CPU.Build.0 = SingleImage
		{C84C6D24-976B-406E-BB8E-3AD6608CC3ED}.CD_ROM|Any CPU.ActiveCfg = CD_ROM
		{C84C6D24-976B-406E-BB8E-3AD6608CC3ED}.CD_ROM|Any CPU.Build.0 = CD_ROM
		{C84C6D24-976B-406E-BB8E-3AD6608CC3ED}.Debug|Any CPU.ActiveCfg = SingleImage
		{C84C6D24-976B-406E-BB8E-3AD6608CC3ED}.DVD-5|Any CPU.ActiveCfg = DVD-5
		{C84C6D24-976B-406E-BB8E-3AD6608CC3ED}.DVD-5|Any CPU.Build.0 = DVD-5
		{C84C6D24-976B-406E-BB8E-3AD6608CC3ED}.Release|Any CPU.ActiveCfg = SingleImage
		{C84C6D24-976B-406E-BB8E-3AD6608CC3ED}.Release|Any CPU.Build.0 = SingleImage
		{C84C6D24-976B-406E-BB8E-3AD6608CC3ED}.Server|Any CPU.ActiveCfg = SingleImage
		{C84C6D24-976B-406E-BB8E-3AD6608CC3ED}.SingleImage|Any CPU.ActiveCfg = SingleImage
		{C84C6D24-976B-406E-BB8E-3AD6608CC3ED}.SingleImage|Any CPU.Build.0 = SingleImage
		{19525183-F6E4-4179-91F3-F425DFE1AB40}.CD_ROM|Any CPU.ActiveCfg = Release|Any CPU
		{19525183-F6E4-4179-91F3-F425DFE1AB40}.CD_ROM|Any CPU.Build.0 = Release|Any CPU
		{19525183-F6E4-4179-91F3-F425DFE1AB40}.Debug|Any CPU.ActiveCfg = Debug|Any CPU
		{19525183-F6E4-4179-91F3-F425DFE1AB40}.DVD-5|Any CPU.ActiveCfg = Debug|Any CPU
		{19525183-F6E4-4179-91F3-F425DFE1AB40}.DVD-5|Any CPU.Build.0 = Debug|Any CPU
		{19525183-F6E4-4179-91F3-F425DFE1AB40}.Release|Any CPU.ActiveCfg = Release|Any CPU
		{19525183-F6E4-4179-91F3-F425DFE1AB40}.Release|Any CPU.Build.0 = Release|Any CPU
		{19525183-F6E4-4179-91F3-F425DFE1AB40}.Server|Any CPU.ActiveCfg = Server|Any CPU
		{19525183-F6E4-4179-91F3-F425DFE1AB40}.Server|Any CPU.Build.0 = Server|Any CPU
		{19525183-F6E4-4179-91F3-F425DFE1AB40}.SingleImage|Any CPU.ActiveCfg = Release|Any CPU
		{19525183-F6E4-4179-91F3-F425DFE1AB40}.SingleImage|Any CPU.Build.0 = Release|Any CPU
		{CF9AA285-CD5B-43D7-AA47-3A997E704184}.CD_ROM|Any CPU.ActiveCfg = Release|Any CPU
		{CF9AA285-CD5B-43D7-AA47-3A997E704184}.CD_ROM|Any CPU.Build.0 = Release|Any CPU
		{CF9AA285-CD5B-43D7-AA47-3A997E704184}.Debug|Any CPU.ActiveCfg = Debug|Any CPU
		{CF9AA285-CD5B-43D7-AA47-3A997E704184}.DVD-5|Any CPU.ActiveCfg = Debug|Any CPU
		{CF9AA285-CD5B-43D7-AA47-3A997E704184}.DVD-5|Any CPU.Build.0 = Debug|Any CPU
		{CF9AA285-CD5B-43D7-AA47-3A997E704184}.Release|Any CPU.ActiveCfg = Release|Any CPU
		{CF9AA285-CD5B-43D7-AA47-3A997E704184}.Release|Any CPU.Build.0 = Release|Any CPU
		{CF9AA285-CD5B-43D7-AA47-3A997E704184}.Server|Any CPU.ActiveCfg = Server|Any CPU
		{CF9AA285-CD5B-43D7-AA47-3A997E704184}.SingleImage|Any CPU.ActiveCfg = Release|Any CPU
		{CF9AA285-CD5B-43D7-AA47-3A997E704184}.SingleImage|Any CPU.Build.0 = Release|Any CPU
		{908A68DA-2BA5-49B5-AFC0-044E37D8D92A}.CD_ROM|Any CPU.ActiveCfg = Release|Any CPU
		{908A68DA-2BA5-49B5-AFC0-044E37D8D92A}.CD_ROM|Any CPU.Build.0 = Release|Any CPU
		{908A68DA-2BA5-49B5-AFC0-044E37D8D92A}.Debug|Any CPU.ActiveCfg = Debug|Any CPU
		{908A68DA-2BA5-49B5-AFC0-044E37D8D92A}.Debug|Any CPU.Build.0 = Debug|Any CPU
		{908A68DA-2BA5-49B5-AFC0-044E37D8D92A}.DVD-5|Any CPU.ActiveCfg = Debug|Any CPU
		{908A68DA-2BA5-49B5-AFC0-044E37D8D92A}.DVD-5|Any CPU.Build.0 = Debug|Any CPU
		{908A68DA-2BA5-49B5-AFC0-044E37D8D92A}.Release|Any CPU.ActiveCfg = Release|Any CPU
		{908A68DA-2BA5-49B5-AFC0-044E37D8D92A}.Release|Any CPU.Build.0 = Release|Any CPU
		{908A68DA-2BA5-49B5-AFC0-044E37D8D92A}.Server|Any CPU.ActiveCfg = Server|Any CPU
		{908A68DA-2BA5-49B5-AFC0-044E37D8D92A}.SingleImage|Any CPU.ActiveCfg = Release|Any CPU
		{908A68DA-2BA5-49B5-AFC0-044E37D8D92A}.SingleImage|Any CPU.Build.0 = Release|Any CPU
		{2F57AA7E-C892-4FA1-A8F5-55AE3412BC23}.CD_ROM|Any CPU.ActiveCfg = Release|Any CPU
		{2F57AA7E-C892-4FA1-A8F5-55AE3412BC23}.CD_ROM|Any CPU.Build.0 = Release|Any CPU
		{2F57AA7E-C892-4FA1-A8F5-55AE3412BC23}.Debug|Any CPU.ActiveCfg = Debug|Any CPU
		{2F57AA7E-C892-4FA1-A8F5-55AE3412BC23}.Debug|Any CPU.Build.0 = Debug|Any CPU
		{2F57AA7E-C892-4FA1-A8F5-55AE3412BC23}.DVD-5|Any CPU.ActiveCfg = Debug|Any CPU
		{2F57AA7E-C892-4FA1-A8F5-55AE3412BC23}.DVD-5|Any CPU.Build.0 = Debug|Any CPU
		{2F57AA7E-C892-4FA1-A8F5-55AE3412BC23}.Release|Any CPU.ActiveCfg = Release|Any CPU
		{2F57AA7E-C892-4FA1-A8F5-55AE3412BC23}.Release|Any CPU.Build.0 = Release|Any CPU
		{2F57AA7E-C892-4FA1-A8F5-55AE3412BC23}.Server|Any CPU.ActiveCfg = Server|Any CPU
		{2F57AA7E-C892-4FA1-A8F5-55AE3412BC23}.SingleImage|Any CPU.ActiveCfg = Release|Any CPU
		{2F57AA7E-C892-4FA1-A8F5-55AE3412BC23}.SingleImage|Any CPU.Build.0 = Release|Any CPU
		{AE5A1E3F-7F1B-4C1C-B0B2-1B1113C138B3}.CD_ROM|Any CPU.ActiveCfg = Release|Any CPU
		{AE5A1E3F-7F1B-4C1C-B0B2-1B1113C138B3}.CD_ROM|Any CPU.Build.0 = Release|Any CPU
		{AE5A1E3F-7F1B-4C1C-B0B2-1B1113C138B3}.Debug|Any CPU.ActiveCfg = Debug|Any CPU
		{AE5A1E3F-7F1B-4C1C-B0B2-1B1113C138B3}.DVD-5|Any CPU.ActiveCfg = Debug|Any CPU
		{AE5A1E3F-7F1B-4C1C-B0B2-1B1113C138B3}.DVD-5|Any CPU.Build.0 = Debug|Any CPU
		{AE5A1E3F-7F1B-4C1C-B0B2-1B1113C138B3}.Release|Any CPU.ActiveCfg = Release|Any CPU
		{AE5A1E3F-7F1B-4C1C-B0B2-1B1113C138B3}.Release|Any CPU.Build.0 = Release|Any CPU
		{AE5A1E3F-7F1B-4C1C-B0B2-1B1113C138B3}.Server|Any CPU.ActiveCfg = Server|Any CPU
		{AE5A1E3F-7F1B-4C1C-B0B2-1B1113C138B3}.SingleImage|Any CPU.ActiveCfg = Release|Any CPU
		{AE5A1E3F-7F1B-4C1C-B0B2-1B1113C138B3}.SingleImage|Any CPU.Build.0 = Release|Any CPU
		{04008560-D904-496C-82BC-54E1B3458D90}.CD_ROM|Any CPU.ActiveCfg = Release|Any CPU
		{04008560-D904-496C-82BC-54E1B3458D90}.CD_ROM|Any CPU.Build.0 = Release|Any CPU
		{04008560-D904-496C-82BC-54E1B3458D90}.Debug|Any CPU.ActiveCfg = Debug|Any CPU
		{04008560-D904-496C-82BC-54E1B3458D90}.DVD-5|Any CPU.ActiveCfg = Debug|Any CPU
		{04008560-D904-496C-82BC-54E1B3458D90}.DVD-5|Any CPU.Build.0 = Debug|Any CPU
		{04008560-D904-496C-82BC-54E1B3458D90}.Release|Any CPU.ActiveCfg = Release|Any CPU
		{04008560-D904-496C-82BC-54E1B3458D90}.Release|Any CPU.Build.0 = Release|Any CPU
		{04008560-D904-496C-82BC-54E1B3458D90}.Server|Any CPU.ActiveCfg = Release|Any CPU
		{04008560-D904-496C-82BC-54E1B3458D90}.Server|Any CPU.Build.0 = Release|Any CPU
		{04008560-D904-496C-82BC-54E1B3458D90}.SingleImage|Any CPU.ActiveCfg = Release|Any CPU
		{04008560-D904-496C-82BC-54E1B3458D90}.SingleImage|Any CPU.Build.0 = Release|Any CPU
		{5E93BF39-F40A-4F46-8022-3CFBD2A1C387}.CD_ROM|Any CPU.ActiveCfg = Release|Any CPU
		{5E93BF39-F40A-4F46-8022-3CFBD2A1C387}.CD_ROM|Any CPU.Build.0 = Release|Any CPU
		{5E93BF39-F40A-4F46-8022-3CFBD2A1C387}.Debug|Any CPU.ActiveCfg = Debug|Any CPU
		{5E93BF39-F40A-4F46-8022-3CFBD2A1C387}.DVD-5|Any CPU.ActiveCfg = Debug|Any CPU
		{5E93BF39-F40A-4F46-8022-3CFBD2A1C387}.DVD-5|Any CPU.Build.0 = Debug|Any CPU
		{5E93BF39-F40A-4F46-8022-3CFBD2A1C387}.Release|Any CPU.ActiveCfg = Release|Any CPU
		{5E93BF39-F40A-4F46-8022-3CFBD2A1C387}.Release|Any CPU.Build.0 = Release|Any CPU
		{5E93BF39-F40A-4F46-8022-3CFBD2A1C387}.Server|Any CPU.ActiveCfg = Release|Any CPU
		{5E93BF39-F40A-4F46-8022-3CFBD2A1C387}.Server|Any CPU.Build.0 = Release|Any CPU
		{5E93BF39-F40A-4F46-8022-3CFBD2A1C387}.SingleImage|Any CPU.ActiveCfg = Release|Any CPU
		{5E93BF39-F40A-4F46-8022-3CFBD2A1C387}.SingleImage|Any CPU.Build.0 = Release|Any CPU
		{4FF88A90-50A5-4506-8FA0-F3121B7C4364}.CD_ROM|Any CPU.ActiveCfg = Release|Any CPU
		{4FF88A90-50A5-4506-8FA0-F3121B7C4364}.CD_ROM|Any CPU.Build.0 = Release|Any CPU
		{4FF88A90-50A5-4506-8FA0-F3121B7C4364}.Debug|Any CPU.ActiveCfg = Debug|Any CPU
		{4FF88A90-50A5-4506-8FA0-F3121B7C4364}.DVD-5|Any CPU.ActiveCfg = Debug|Any CPU
		{4FF88A90-50A5-4506-8FA0-F3121B7C4364}.DVD-5|Any CPU.Build.0 = Debug|Any CPU
		{4FF88A90-50A5-4506-8FA0-F3121B7C4364}.Release|Any CPU.ActiveCfg = Release|Any CPU
		{4FF88A90-50A5-4506-8FA0-F3121B7C4364}.Release|Any CPU.Build.0 = Release|Any CPU
		{4FF88A90-50A5-4506-8FA0-F3121B7C4364}.Server|Any CPU.ActiveCfg = Release|Any CPU
		{4FF88A90-50A5-4506-8FA0-F3121B7C4364}.Server|Any CPU.Build.0 = Release|Any CPU
		{4FF88A90-50A5-4506-8FA0-F3121B7C4364}.SingleImage|Any CPU.ActiveCfg = Release|Any CPU
		{4FF88A90-50A5-4506-8FA0-F3121B7C4364}.SingleImage|Any CPU.Build.0 = Release|Any CPU
		{00E275C4-3494-4FCC-8781-FD815024117E}.CD_ROM|Any CPU.ActiveCfg = Release|Any CPU
		{00E275C4-3494-4FCC-8781-FD815024117E}.CD_ROM|Any CPU.Build.0 = Release|Any CPU
		{00E275C4-3494-4FCC-8781-FD815024117E}.Debug|Any CPU.ActiveCfg = Debug|Any CPU
		{00E275C4-3494-4FCC-8781-FD815024117E}.Debug|Any CPU.Build.0 = Debug|Any CPU
		{00E275C4-3494-4FCC-8781-FD815024117E}.DVD-5|Any CPU.ActiveCfg = Debug|Any CPU
		{00E275C4-3494-4FCC-8781-FD815024117E}.DVD-5|Any CPU.Build.0 = Debug|Any CPU
		{00E275C4-3494-4FCC-8781-FD815024117E}.Release|Any CPU.ActiveCfg = Release|Any CPU
		{00E275C4-3494-4FCC-8781-FD815024117E}.Release|Any CPU.Build.0 = Release|Any CPU
		{00E275C4-3494-4FCC-8781-FD815024117E}.Server|Any CPU.ActiveCfg = Release|Any CPU
		{00E275C4-3494-4FCC-8781-FD815024117E}.Server|Any CPU.Build.0 = Release|Any CPU
		{00E275C4-3494-4FCC-8781-FD815024117E}.SingleImage|Any CPU.ActiveCfg = Release|Any CPU
		{00E275C4-3494-4FCC-8781-FD815024117E}.SingleImage|Any CPU.Build.0 = Release|Any CPU
		{016DCD49-63DD-42A7-908B-32C905227595}.CD_ROM|Any CPU.ActiveCfg = Release|Any CPU
		{016DCD49-63DD-42A7-908B-32C905227595}.CD_ROM|Any CPU.Build.0 = Release|Any CPU
		{016DCD49-63DD-42A7-908B-32C905227595}.Debug|Any CPU.ActiveCfg = Debug|Any CPU
		{016DCD49-63DD-42A7-908B-32C905227595}.DVD-5|Any CPU.ActiveCfg = Debug|Any CPU
		{016DCD49-63DD-42A7-908B-32C905227595}.DVD-5|Any CPU.Build.0 = Debug|Any CPU
		{016DCD49-63DD-42A7-908B-32C905227595}.Release|Any CPU.ActiveCfg = Release|Any CPU
		{016DCD49-63DD-42A7-908B-32C905227595}.Release|Any CPU.Build.0 = Release|Any CPU
		{016DCD49-63DD-42A7-908B-32C905227595}.Server|Any CPU.ActiveCfg = Release|Any CPU
		{016DCD49-63DD-42A7-908B-32C905227595}.Server|Any CPU.Build.0 = Release|Any CPU
		{016DCD49-63DD-42A7-908B-32C905227595}.SingleImage|Any CPU.ActiveCfg = Release|Any CPU
		{016DCD49-63DD-42A7-908B-32C905227595}.SingleImage|Any CPU.Build.0 = Release|Any CPU
		{975CCCAC-9489-4F8F-99F0-438D2492A694}.CD_ROM|Any CPU.ActiveCfg = Release|Any CPU
		{975CCCAC-9489-4F8F-99F0-438D2492A694}.CD_ROM|Any CPU.Build.0 = Release|Any CPU
		{975CCCAC-9489-4F8F-99F0-438D2492A694}.Debug|Any CPU.ActiveCfg = Debug|Any CPU
		{975CCCAC-9489-4F8F-99F0-438D2492A694}.DVD-5|Any CPU.ActiveCfg = Debug|Any CPU
		{975CCCAC-9489-4F8F-99F0-438D2492A694}.DVD-5|Any CPU.Build.0 = Debug|Any CPU
		{975CCCAC-9489-4F8F-99F0-438D2492A694}.Release|Any CPU.ActiveCfg = Release|Any CPU
		{975CCCAC-9489-4F8F-99F0-438D2492A694}.Release|Any CPU.Build.0 = Release|Any CPU
		{975CCCAC-9489-4F8F-99F0-438D2492A694}.Server|Any CPU.ActiveCfg = Release|Any CPU
		{975CCCAC-9489-4F8F-99F0-438D2492A694}.Server|Any CPU.Build.0 = Release|Any CPU
		{975CCCAC-9489-4F8F-99F0-438D2492A694}.SingleImage|Any CPU.ActiveCfg = Release|Any CPU
		{975CCCAC-9489-4F8F-99F0-438D2492A694}.SingleImage|Any CPU.Build.0 = Release|Any CPU
		{10D4016B-919D-4844-903A-6CB98A02F299}.CD_ROM|Any CPU.ActiveCfg = Release|Any CPU
		{10D4016B-919D-4844-903A-6CB98A02F299}.CD_ROM|Any CPU.Build.0 = Release|Any CPU
		{10D4016B-919D-4844-903A-6CB98A02F299}.Debug|Any CPU.ActiveCfg = Debug|Any CPU
		{10D4016B-919D-4844-903A-6CB98A02F299}.DVD-5|Any CPU.ActiveCfg = Debug|Any CPU
		{10D4016B-919D-4844-903A-6CB98A02F299}.DVD-5|Any CPU.Build.0 = Debug|Any CPU
		{10D4016B-919D-4844-903A-6CB98A02F299}.Release|Any CPU.ActiveCfg = Release|Any CPU
		{10D4016B-919D-4844-903A-6CB98A02F299}.Release|Any CPU.Build.0 = Release|Any CPU
		{10D4016B-919D-4844-903A-6CB98A02F299}.Server|Any CPU.ActiveCfg = Release|Any CPU
		{10D4016B-919D-4844-903A-6CB98A02F299}.Server|Any CPU.Build.0 = Release|Any CPU
		{10D4016B-919D-4844-903A-6CB98A02F299}.SingleImage|Any CPU.ActiveCfg = Release|Any CPU
		{10D4016B-919D-4844-903A-6CB98A02F299}.SingleImage|Any CPU.Build.0 = Release|Any CPU
		{8A10D510-FB59-4654-B4A0-9D8E5B1760EC}.CD_ROM|Any CPU.ActiveCfg = Release|Any CPU
		{8A10D510-FB59-4654-B4A0-9D8E5B1760EC}.CD_ROM|Any CPU.Build.0 = Release|Any CPU
		{8A10D510-FB59-4654-B4A0-9D8E5B1760EC}.Debug|Any CPU.ActiveCfg = Debug|Any CPU
		{8A10D510-FB59-4654-B4A0-9D8E5B1760EC}.DVD-5|Any CPU.ActiveCfg = Debug|Any CPU
		{8A10D510-FB59-4654-B4A0-9D8E5B1760EC}.DVD-5|Any CPU.Build.0 = Debug|Any CPU
		{8A10D510-FB59-4654-B4A0-9D8E5B1760EC}.Release|Any CPU.ActiveCfg = Release|Any CPU
		{8A10D510-FB59-4654-B4A0-9D8E5B1760EC}.Release|Any CPU.Build.0 = Release|Any CPU
		{8A10D510-FB59-4654-B4A0-9D8E5B1760EC}.Server|Any CPU.ActiveCfg = Release|Any CPU
		{8A10D510-FB59-4654-B4A0-9D8E5B1760EC}.Server|Any CPU.Build.0 = Release|Any CPU
		{8A10D510-FB59-4654-B4A0-9D8E5B1760EC}.SingleImage|Any CPU.ActiveCfg = Release|Any CPU
		{8A10D510-FB59-4654-B4A0-9D8E5B1760EC}.SingleImage|Any CPU.Build.0 = Release|Any CPU
		{3A5989CC-8137-4CEE-BDD3-0F6998BD3148}.CD_ROM|Any CPU.ActiveCfg = Release|Any CPU
		{3A5989CC-8137-4CEE-BDD3-0F6998BD3148}.CD_ROM|Any CPU.Build.0 = Release|Any CPU
		{3A5989CC-8137-4CEE-BDD3-0F6998BD3148}.Debug|Any CPU.ActiveCfg = Debug|Any CPU
		{3A5989CC-8137-4CEE-BDD3-0F6998BD3148}.Debug|Any CPU.Build.0 = Debug|Any CPU
		{3A5989CC-8137-4CEE-BDD3-0F6998BD3148}.DVD-5|Any CPU.ActiveCfg = Debug|Any CPU
		{3A5989CC-8137-4CEE-BDD3-0F6998BD3148}.DVD-5|Any CPU.Build.0 = Debug|Any CPU
		{3A5989CC-8137-4CEE-BDD3-0F6998BD3148}.Release|Any CPU.ActiveCfg = Release|Any CPU
		{3A5989CC-8137-4CEE-BDD3-0F6998BD3148}.Release|Any CPU.Build.0 = Release|Any CPU
		{3A5989CC-8137-4CEE-BDD3-0F6998BD3148}.Server|Any CPU.ActiveCfg = Release|Any CPU
		{3A5989CC-8137-4CEE-BDD3-0F6998BD3148}.Server|Any CPU.Build.0 = Release|Any CPU
		{3A5989CC-8137-4CEE-BDD3-0F6998BD3148}.SingleImage|Any CPU.ActiveCfg = Release|Any CPU
		{3A5989CC-8137-4CEE-BDD3-0F6998BD3148}.SingleImage|Any CPU.Build.0 = Release|Any CPU
		{84BE19D8-57BF-4B63-8815-1683A399DF80}.CD_ROM|Any CPU.ActiveCfg = Release|Any CPU
		{84BE19D8-57BF-4B63-8815-1683A399DF80}.CD_ROM|Any CPU.Build.0 = Release|Any CPU
		{84BE19D8-57BF-4B63-8815-1683A399DF80}.Debug|Any CPU.ActiveCfg = Debug|Any CPU
		{84BE19D8-57BF-4B63-8815-1683A399DF80}.Debug|Any CPU.Build.0 = Debug|Any CPU
		{84BE19D8-57BF-4B63-8815-1683A399DF80}.DVD-5|Any CPU.ActiveCfg = Debug|Any CPU
		{84BE19D8-57BF-4B63-8815-1683A399DF80}.DVD-5|Any CPU.Build.0 = Debug|Any CPU
		{84BE19D8-57BF-4B63-8815-1683A399DF80}.Release|Any CPU.ActiveCfg = Release|Any CPU
		{84BE19D8-57BF-4B63-8815-1683A399DF80}.Release|Any CPU.Build.0 = Release|Any CPU
		{84BE19D8-57BF-4B63-8815-1683A399DF80}.Server|Any CPU.ActiveCfg = Release|Any CPU
		{84BE19D8-57BF-4B63-8815-1683A399DF80}.Server|Any CPU.Build.0 = Release|Any CPU
		{84BE19D8-57BF-4B63-8815-1683A399DF80}.SingleImage|Any CPU.ActiveCfg = Release|Any CPU
		{84BE19D8-57BF-4B63-8815-1683A399DF80}.SingleImage|Any CPU.Build.0 = Release|Any CPU
		{B2FE4410-125F-433F-8286-41B5968892C1}.CD_ROM|Any CPU.ActiveCfg = Release|Any CPU
		{B2FE4410-125F-433F-8286-41B5968892C1}.CD_ROM|Any CPU.Build.0 = Release|Any CPU
		{B2FE4410-125F-433F-8286-41B5968892C1}.Debug|Any CPU.ActiveCfg = Debug|Any CPU
		{B2FE4410-125F-433F-8286-41B5968892C1}.Debug|Any CPU.Build.0 = Debug|Any CPU
		{B2FE4410-125F-433F-8286-41B5968892C1}.DVD-5|Any CPU.ActiveCfg = Debug|Any CPU
		{B2FE4410-125F-433F-8286-41B5968892C1}.DVD-5|Any CPU.Build.0 = Debug|Any CPU
		{B2FE4410-125F-433F-8286-41B5968892C1}.Release|Any CPU.ActiveCfg = Release|Any CPU
		{B2FE4410-125F-433F-8286-41B5968892C1}.Release|Any CPU.Build.0 = Release|Any CPU
		{B2FE4410-125F-433F-8286-41B5968892C1}.Server|Any CPU.ActiveCfg = Release|Any CPU
		{B2FE4410-125F-433F-8286-41B5968892C1}.Server|Any CPU.Build.0 = Release|Any CPU
		{B2FE4410-125F-433F-8286-41B5968892C1}.SingleImage|Any CPU.ActiveCfg = Release|Any CPU
		{B2FE4410-125F-433F-8286-41B5968892C1}.SingleImage|Any CPU.Build.0 = Release|Any CPU
		{B5F883CC-0E97-468C-9CA4-84031F446EDF}.CD_ROM|Any CPU.ActiveCfg = Release|Any CPU
		{B5F883CC-0E97-468C-9CA4-84031F446EDF}.CD_ROM|Any CPU.Build.0 = Release|Any CPU
		{B5F883CC-0E97-468C-9CA4-84031F446EDF}.Debug|Any CPU.ActiveCfg = Debug|Any CPU
		{B5F883CC-0E97-468C-9CA4-84031F446EDF}.Debug|Any CPU.Build.0 = Debug|Any CPU
		{B5F883CC-0E97-468C-9CA4-84031F446EDF}.DVD-5|Any CPU.ActiveCfg = Debug|Any CPU
		{B5F883CC-0E97-468C-9CA4-84031F446EDF}.DVD-5|Any CPU.Build.0 = Debug|Any CPU
		{B5F883CC-0E97-468C-9CA4-84031F446EDF}.Release|Any CPU.ActiveCfg = Release|Any CPU
		{B5F883CC-0E97-468C-9CA4-84031F446EDF}.Release|Any CPU.Build.0 = Release|Any CPU
		{B5F883CC-0E97-468C-9CA4-84031F446EDF}.Server|Any CPU.ActiveCfg = Release|Any CPU
		{B5F883CC-0E97-468C-9CA4-84031F446EDF}.Server|Any CPU.Build.0 = Release|Any CPU
		{B5F883CC-0E97-468C-9CA4-84031F446EDF}.SingleImage|Any CPU.ActiveCfg = Release|Any CPU
		{B5F883CC-0E97-468C-9CA4-84031F446EDF}.SingleImage|Any CPU.Build.0 = Release|Any CPU
		{2AB0FAE3-03A7-45F6-9746-5F14CC183A93}.CD_ROM|Any CPU.ActiveCfg = Release|Any CPU
		{2AB0FAE3-03A7-45F6-9746-5F14CC183A93}.CD_ROM|Any CPU.Build.0 = Release|Any CPU
		{2AB0FAE3-03A7-45F6-9746-5F14CC183A93}.Debug|Any CPU.ActiveCfg = Debug|Any CPU
		{2AB0FAE3-03A7-45F6-9746-5F14CC183A93}.Debug|Any CPU.Build.0 = Debug|Any CPU
		{2AB0FAE3-03A7-45F6-9746-5F14CC183A93}.DVD-5|Any CPU.ActiveCfg = Debug|Any CPU
		{2AB0FAE3-03A7-45F6-9746-5F14CC183A93}.DVD-5|Any CPU.Build.0 = Debug|Any CPU
		{2AB0FAE3-03A7-45F6-9746-5F14CC183A93}.Release|Any CPU.ActiveCfg = Release|Any CPU
		{2AB0FAE3-03A7-45F6-9746-5F14CC183A93}.Release|Any CPU.Build.0 = Release|Any CPU
		{2AB0FAE3-03A7-45F6-9746-5F14CC183A93}.Server|Any CPU.ActiveCfg = Release|Any CPU
		{2AB0FAE3-03A7-45F6-9746-5F14CC183A93}.Server|Any CPU.Build.0 = Release|Any CPU
		{2AB0FAE3-03A7-45F6-9746-5F14CC183A93}.SingleImage|Any CPU.ActiveCfg = Release|Any CPU
		{2AB0FAE3-03A7-45F6-9746-5F14CC183A93}.SingleImage|Any CPU.Build.0 = Release|Any CPU
	EndGlobalSection
	GlobalSection(SolutionProperties) = preSolution
		HideSolutionNode = FALSE
	EndGlobalSection
	GlobalSection(NestedProjects) = preSolution
		{59D86774-5544-47FC-AFA0-A78A013F2531} = {F67397DD-E37C-4B3C-A67B-EBB9C5533F76}
		{CB7734FD-9E6C-479C-A91A-40385CBF9A67} = {F67397DD-E37C-4B3C-A67B-EBB9C5533F76}
		{147A0360-5F86-4D33-A874-46F785723EAD} = {DA17B6B4-9D2B-4DBB-9D7F-E0F627C1067E}
		{E188CB92-C3E0-4069-8731-94815CA30922} = {DA17B6B4-9D2B-4DBB-9D7F-E0F627C1067E}
		{DE797C18-8530-40B6-964F-3164E34420F9} = {DA17B6B4-9D2B-4DBB-9D7F-E0F627C1067E}
		{79F4879C-44E9-4915-849A-B4C190DB4AA8} = {DA17B6B4-9D2B-4DBB-9D7F-E0F627C1067E}
		{0822B312-19ED-4556-A197-210F0CB15BF1} = {75A093C4-0566-45F7-87E2-300CA5E3447C}
		{D767CB7A-7C4E-4DF9-8B4C-9AA6EC8D12EC} = {DA17B6B4-9D2B-4DBB-9D7F-E0F627C1067E}
		{C564426D-1737-4A3F-BC95-145D337EC721} = {DA17B6B4-9D2B-4DBB-9D7F-E0F627C1067E}
		{EBFABB3A-6FB4-47AE-8CB1-B663D57CF5B1} = {DA17B6B4-9D2B-4DBB-9D7F-E0F627C1067E}
		{E039A6BE-D47C-4046-86D3-71ACD62A217A} = {DA17B6B4-9D2B-4DBB-9D7F-E0F627C1067E}
		{3233B466-2FA9-4AE7-8A21-7EEB57BB61F4} = {DA17B6B4-9D2B-4DBB-9D7F-E0F627C1067E}
		{E674475B-6739-45ED-84FC-FC46FC9A4EEE} = {FC5BAEDE-7CDF-4883-96CA-8A279A632F01}
		{86A72F6D-0C7D-40FD-B7CE-D0B9D75EE99B} = {E674475B-6739-45ED-84FC-FC46FC9A4EEE}
		{21996C58-2404-42E4-A2D7-BEC46AEF6357} = {E674475B-6739-45ED-84FC-FC46FC9A4EEE}
		{51202EB2-C838-456E-9BD0-50840D12A19C} = {E674475B-6739-45ED-84FC-FC46FC9A4EEE}
		{62109EC3-E65A-493F-8120-2E4EA2EF30A1} = {DA17B6B4-9D2B-4DBB-9D7F-E0F627C1067E}
		{AB288811-5BF4-4324-8720-21BB9C76B243} = {CB7734FD-9E6C-479C-A91A-40385CBF9A67}
		{8C990E0D-D722-4B65-A4B9-1A51C177FFDD} = {CB7734FD-9E6C-479C-A91A-40385CBF9A67}
		{4DA60983-505E-463C-AB96-0A80D0CD1330} = {DA17B6B4-9D2B-4DBB-9D7F-E0F627C1067E}
		{7D7B5FF2-0379-4BCB-A623-D2F843E779DC} = {AB288811-5BF4-4324-8720-21BB9C76B243}
		{55A8DB3E-441B-4623-A343-E30C594BBFB5} = {8C990E0D-D722-4B65-A4B9-1A51C177FFDD}
		{318E6702-3C9E-4ACC-B326-E3EC903417A8} = {DA17B6B4-9D2B-4DBB-9D7F-E0F627C1067E}
		{DB59642F-24B7-4584-BCDF-288788040709} = {DA17B6B4-9D2B-4DBB-9D7F-E0F627C1067E}
		{AAC6D3F3-D589-4CCC-8264-3EF620E2AE9C} = {FC5BAEDE-7CDF-4883-96CA-8A279A632F01}
		{CCF5820B-BD12-417C-A1D5-B0A07D3AA493} = {8C990E0D-D722-4B65-A4B9-1A51C177FFDD}
		{37E8695A-089A-45F1-8DA8-85055728FCE9} = {E674475B-6739-45ED-84FC-FC46FC9A4EEE}
		{AD70962E-E836-494B-8DFF-444D7BC74C80} = {E674475B-6739-45ED-84FC-FC46FC9A4EEE}
		{06B0562F-4CD5-431F-9C2C-7A7E5959711C} = {8C990E0D-D722-4B65-A4B9-1A51C177FFDD}
		{6F02E73F-8300-446C-91FB-41E5DF3C8C4F} = {FC5BAEDE-7CDF-4883-96CA-8A279A632F01}
		{BD131298-96E8-42F8-9F1A-DCD815BF40C0} = {FC5BAEDE-7CDF-4883-96CA-8A279A632F01}
		{1713CF1C-4E3A-4AC5-B053-9EA089EE12EA} = {FC5BAEDE-7CDF-4883-96CA-8A279A632F01}
		{81B730A9-3C81-443F-AD0A-FDE16A4B661D} = {1713CF1C-4E3A-4AC5-B053-9EA089EE12EA}
		{DBBBD291-8CE9-474A-A575-FFF46709C3A0} = {1713CF1C-4E3A-4AC5-B053-9EA089EE12EA}
		{32347A62-43BC-42CA-AC31-3E54999106A7} = {AB288811-5BF4-4324-8720-21BB9C76B243}
		{DCE32D98-8898-4AE4-B5F9-C617BDAE00E1} = {8C990E0D-D722-4B65-A4B9-1A51C177FFDD}
		{BEC8D2ED-3087-46FB-A552-619412472F6C} = {6F7E4E73-E17B-4FD0-AFC6-B5FAA0664D2F}
		{2568C6EF-0848-4956-A2FD-8014E8304F7F} = {F67397DD-E37C-4B3C-A67B-EBB9C5533F76}
		{C84C6D24-976B-406E-BB8E-3AD6608CC3ED} = {FC5BAEDE-7CDF-4883-96CA-8A279A632F01}
		{19525183-F6E4-4179-91F3-F425DFE1AB40} = {FC5BAEDE-7CDF-4883-96CA-8A279A632F01}
		{CF9AA285-CD5B-43D7-AA47-3A997E704184} = {8C990E0D-D722-4B65-A4B9-1A51C177FFDD}
		{908A68DA-2BA5-49B5-AFC0-044E37D8D92A} = {DA17B6B4-9D2B-4DBB-9D7F-E0F627C1067E}
		{2F57AA7E-C892-4FA1-A8F5-55AE3412BC23} = {F67397DD-E37C-4B3C-A67B-EBB9C5533F76}
		{AE5A1E3F-7F1B-4C1C-B0B2-1B1113C138B3} = {DA17B6B4-9D2B-4DBB-9D7F-E0F627C1067E}
		{04008560-D904-496C-82BC-54E1B3458D90} = {8C990E0D-D722-4B65-A4B9-1A51C177FFDD}
		{5E93BF39-F40A-4F46-8022-3CFBD2A1C387} = {8C990E0D-D722-4B65-A4B9-1A51C177FFDD}
		{4FF88A90-50A5-4506-8FA0-F3121B7C4364} = {ADAEDDC0-659A-4052-8903-F58E7495C61B}
		{00E275C4-3494-4FCC-8781-FD815024117E} = {DA17B6B4-9D2B-4DBB-9D7F-E0F627C1067E}
		{016DCD49-63DD-42A7-908B-32C905227595} = {75A093C4-0566-45F7-87E2-300CA5E3447C}
		{6F7E4E73-E17B-4FD0-AFC6-B5FAA0664D2F} = {8C990E0D-D722-4B65-A4B9-1A51C177FFDD}
		{975CCCAC-9489-4F8F-99F0-438D2492A694} = {6F7E4E73-E17B-4FD0-AFC6-B5FAA0664D2F}
		{10D4016B-919D-4844-903A-6CB98A02F299} = {8C990E0D-D722-4B65-A4B9-1A51C177FFDD}
		{8A10D510-FB59-4654-B4A0-9D8E5B1760EC} = {ADAEDDC0-659A-4052-8903-F58E7495C61B}
		{3A5989CC-8137-4CEE-BDD3-0F6998BD3148} = {DA17B6B4-9D2B-4DBB-9D7F-E0F627C1067E}
		{84BE19D8-57BF-4B63-8815-1683A399DF80} = {ADAEDDC0-659A-4052-8903-F58E7495C61B}
		{B2FE4410-125F-433F-8286-41B5968892C1} = {FC5BAEDE-7CDF-4883-96CA-8A279A632F01}
		{B5F883CC-0E97-468C-9CA4-84031F446EDF} = {DA17B6B4-9D2B-4DBB-9D7F-E0F627C1067E}
		{2AB0FAE3-03A7-45F6-9746-5F14CC183A93} = {ADAEDDC0-659A-4052-8903-F58E7495C61B}
	EndGlobalSection
EndGlobal
