
Microsoft Visual Studio Solution File, Format Version 12.00
# Visual Studio 14
VisualStudioVersion = 14.0.25420.1
MinimumVisualStudioVersion = 10.0.40219.1
Project("{2150E333-8FDC-42A3-9474-1A3956D46DE8}") = "Solution Items", "Solution Items", "{9B44A03C-062B-4CA6-AFF4-DBA5EEEF46CC}"
	ProjectSection(SolutionItems) = preProject
		Version.cs = Version.cs
	EndProjectSection
EndProject
Project("{2150E333-8FDC-42A3-9474-1A3956D46DE8}") = "Libraries", "Libraries", "{E7ACEF46-2EA6-4E59-AC12-1A65ED715E84}"
EndProject
Project("{2150E333-8FDC-42A3-9474-1A3956D46DE8}") = "Applications", "Applications", "{403377D6-8033-4587-B1D5-D77D22B3B628}"
EndProject
Project("{FAE04EC0-301F-11D3-BF4B-00C04F79EFBC}") = "TrakHound.NET", "TrakHound.NET\TrakHound.NET.csproj", "{0621DB23-5405-4771-975A-B47DC4B19D6B}"
EndProject
Project("{FAE04EC0-301F-11D3-BF4B-00C04F79EFBC}") = "TrakHound-Device-Manager", "TrakHound-Device-Manager\TrakHound-Device-Manager.csproj", "{407FE117-E654-4380-AD91-CAE17943E7FD}"
EndProject
Project("{FAE04EC0-301F-11D3-BF4B-00C04F79EFBC}") = "TrakHound-UI", "TrakHound-UI\TrakHound-UI.csproj", "{B4C046FF-4A7D-4059-AAF8-713059CCF0F3}"
EndProject
Project("{FAE04EC0-301F-11D3-BF4B-00C04F79EFBC}") = "TrakHound-Server", "TrakHound-Server\TrakHound-Server.csproj", "{9FCDABEC-B317-4375-AE19-F605D836801C}"
EndProject
Project("{FAE04EC0-301F-11D3-BF4B-00C04F79EFBC}") = "TrakHound-Dashboard", "TrakHound-Dashboard\TrakHound-Dashboard.csproj", "{9837E557-8123-4B5F-8B99-B8926F92479C}"
EndProject
Project("{FAE04EC0-301F-11D3-BF4B-00C04F79EFBC}") = "Server-Login", "Server-Login\Server-Login.csproj", "{00EA8291-3359-4BFB-ADA3-BA7B70B312BC}"
EndProject
Project("{FAE04EC0-301F-11D3-BF4B-00C04F79EFBC}") = "Device-Manager", "Device-Manager\Device-Manager.csproj", "{0EB86538-7605-4BFB-8535-BDAAFEDFBF21}"
EndProject
Project("{FAE04EC0-301F-11D3-BF4B-00C04F79EFBC}") = "WpfApplication1", "WpfApplication1\WpfApplication1.csproj", "{E0BD0E97-3EFC-4AB6-8812-7AE7F10491BA}"
EndProject
Global
	GlobalSection(SolutionConfigurationPlatforms) = preSolution
		Debug|Any CPU = Debug|Any CPU
		Release|Any CPU = Release|Any CPU
		Server|Any CPU = Server|Any CPU
	EndGlobalSection
	GlobalSection(ProjectConfigurationPlatforms) = postSolution
		{0621DB23-5405-4771-975A-B47DC4B19D6B}.Debug|Any CPU.ActiveCfg = Debug|Any CPU
		{0621DB23-5405-4771-975A-B47DC4B19D6B}.Debug|Any CPU.Build.0 = Debug|Any CPU
		{0621DB23-5405-4771-975A-B47DC4B19D6B}.Release|Any CPU.ActiveCfg = Release|Any CPU
		{0621DB23-5405-4771-975A-B47DC4B19D6B}.Release|Any CPU.Build.0 = Release|Any CPU
		{0621DB23-5405-4771-975A-B47DC4B19D6B}.Server|Any CPU.ActiveCfg = Release|Any CPU
		{0621DB23-5405-4771-975A-B47DC4B19D6B}.Server|Any CPU.Build.0 = Release|Any CPU
		{407FE117-E654-4380-AD91-CAE17943E7FD}.Debug|Any CPU.ActiveCfg = Debug|Any CPU
		{407FE117-E654-4380-AD91-CAE17943E7FD}.Debug|Any CPU.Build.0 = Debug|Any CPU
		{407FE117-E654-4380-AD91-CAE17943E7FD}.Release|Any CPU.ActiveCfg = Release|Any CPU
		{407FE117-E654-4380-AD91-CAE17943E7FD}.Release|Any CPU.Build.0 = Release|Any CPU
		{407FE117-E654-4380-AD91-CAE17943E7FD}.Server|Any CPU.ActiveCfg = Release|Any CPU
		{407FE117-E654-4380-AD91-CAE17943E7FD}.Server|Any CPU.Build.0 = Release|Any CPU
		{B4C046FF-4A7D-4059-AAF8-713059CCF0F3}.Debug|Any CPU.ActiveCfg = Debug|Any CPU
		{B4C046FF-4A7D-4059-AAF8-713059CCF0F3}.Debug|Any CPU.Build.0 = Debug|Any CPU
		{B4C046FF-4A7D-4059-AAF8-713059CCF0F3}.Release|Any CPU.ActiveCfg = Release|Any CPU
		{B4C046FF-4A7D-4059-AAF8-713059CCF0F3}.Release|Any CPU.Build.0 = Release|Any CPU
		{B4C046FF-4A7D-4059-AAF8-713059CCF0F3}.Server|Any CPU.ActiveCfg = Release|Any CPU
		{B4C046FF-4A7D-4059-AAF8-713059CCF0F3}.Server|Any CPU.Build.0 = Release|Any CPU
		{9FCDABEC-B317-4375-AE19-F605D836801C}.Debug|Any CPU.ActiveCfg = Debug|Any CPU
		{9FCDABEC-B317-4375-AE19-F605D836801C}.Debug|Any CPU.Build.0 = Debug|Any CPU
		{9FCDABEC-B317-4375-AE19-F605D836801C}.Release|Any CPU.ActiveCfg = Release|Any CPU
		{9FCDABEC-B317-4375-AE19-F605D836801C}.Release|Any CPU.Build.0 = Release|Any CPU
		{9FCDABEC-B317-4375-AE19-F605D836801C}.Server|Any CPU.ActiveCfg = Release|Any CPU
		{9FCDABEC-B317-4375-AE19-F605D836801C}.Server|Any CPU.Build.0 = Release|Any CPU
		{9837E557-8123-4B5F-8B99-B8926F92479C}.Debug|Any CPU.ActiveCfg = Debug|Any CPU
		{9837E557-8123-4B5F-8B99-B8926F92479C}.Debug|Any CPU.Build.0 = Debug|Any CPU
		{9837E557-8123-4B5F-8B99-B8926F92479C}.Release|Any CPU.ActiveCfg = Release|Any CPU
		{9837E557-8123-4B5F-8B99-B8926F92479C}.Release|Any CPU.Build.0 = Release|Any CPU
		{9837E557-8123-4B5F-8B99-B8926F92479C}.Server|Any CPU.ActiveCfg = Release|Any CPU
		{9837E557-8123-4B5F-8B99-B8926F92479C}.Server|Any CPU.Build.0 = Release|Any CPU
		{00EA8291-3359-4BFB-ADA3-BA7B70B312BC}.Debug|Any CPU.ActiveCfg = Debug|Any CPU
		{00EA8291-3359-4BFB-ADA3-BA7B70B312BC}.Debug|Any CPU.Build.0 = Debug|Any CPU
		{00EA8291-3359-4BFB-ADA3-BA7B70B312BC}.Release|Any CPU.ActiveCfg = Release|Any CPU
		{00EA8291-3359-4BFB-ADA3-BA7B70B312BC}.Release|Any CPU.Build.0 = Release|Any CPU
		{00EA8291-3359-4BFB-ADA3-BA7B70B312BC}.Server|Any CPU.ActiveCfg = Release|Any CPU
		{00EA8291-3359-4BFB-ADA3-BA7B70B312BC}.Server|Any CPU.Build.0 = Release|Any CPU
		{0EB86538-7605-4BFB-8535-BDAAFEDFBF21}.Debug|Any CPU.ActiveCfg = Debug|Any CPU
		{0EB86538-7605-4BFB-8535-BDAAFEDFBF21}.Debug|Any CPU.Build.0 = Debug|Any CPU
		{0EB86538-7605-4BFB-8535-BDAAFEDFBF21}.Release|Any CPU.ActiveCfg = Release|Any CPU
		{0EB86538-7605-4BFB-8535-BDAAFEDFBF21}.Release|Any CPU.Build.0 = Release|Any CPU
		{0EB86538-7605-4BFB-8535-BDAAFEDFBF21}.Server|Any CPU.ActiveCfg = Release|Any CPU
		{0EB86538-7605-4BFB-8535-BDAAFEDFBF21}.Server|Any CPU.Build.0 = Release|Any CPU
		{E0BD0E97-3EFC-4AB6-8812-7AE7F10491BA}.Debug|Any CPU.ActiveCfg = Debug|Any CPU
		{E0BD0E97-3EFC-4AB6-8812-7AE7F10491BA}.Debug|Any CPU.Build.0 = Debug|Any CPU
		{E0BD0E97-3EFC-4AB6-8812-7AE7F10491BA}.Release|Any CPU.ActiveCfg = Release|Any CPU
		{E0BD0E97-3EFC-4AB6-8812-7AE7F10491BA}.Release|Any CPU.Build.0 = Release|Any CPU
		{E0BD0E97-3EFC-4AB6-8812-7AE7F10491BA}.Server|Any CPU.ActiveCfg = Release|Any CPU
		{E0BD0E97-3EFC-4AB6-8812-7AE7F10491BA}.Server|Any CPU.Build.0 = Release|Any CPU
	EndGlobalSection
	GlobalSection(SolutionProperties) = preSolution
		HideSolutionNode = FALSE
	EndGlobalSection
	GlobalSection(NestedProjects) = preSolution
		{0621DB23-5405-4771-975A-B47DC4B19D6B} = {E7ACEF46-2EA6-4E59-AC12-1A65ED715E84}
		{407FE117-E654-4380-AD91-CAE17943E7FD} = {E7ACEF46-2EA6-4E59-AC12-1A65ED715E84}
		{B4C046FF-4A7D-4059-AAF8-713059CCF0F3} = {E7ACEF46-2EA6-4E59-AC12-1A65ED715E84}
		{9FCDABEC-B317-4375-AE19-F605D836801C} = {403377D6-8033-4587-B1D5-D77D22B3B628}
		{9837E557-8123-4B5F-8B99-B8926F92479C} = {403377D6-8033-4587-B1D5-D77D22B3B628}
		{00EA8291-3359-4BFB-ADA3-BA7B70B312BC} = {403377D6-8033-4587-B1D5-D77D22B3B628}
		{0EB86538-7605-4BFB-8535-BDAAFEDFBF21} = {403377D6-8033-4587-B1D5-D77D22B3B628}
		{E0BD0E97-3EFC-4AB6-8812-7AE7F10491BA} = {9B44A03C-062B-4CA6-AFF4-DBA5EEEF46CC}
	EndGlobalSection
EndGlobal
