
Microsoft Visual Studio Solution File, Format Version 12.00
# Visual Studio 14
VisualStudioVersion = 14.0.24720.0
MinimumVisualStudioVersion = 10.0.40219.1
Project("{FAE04EC0-301F-11D3-BF4B-00C04F79EFBC}") = "TrakHound-Client", "TrakHound-Client\TrakHound-Client.csproj", "{59D86774-5544-47FC-AFA0-A78A013F2531}"
EndProject
Project("{2150E333-8FDC-42A3-9474-1A3956D46DE8}") = "Plugins", "Plugins", "{3AB692DF-4910-4A17-A9B8-A1C5B64970D5}"
EndProject
Project("{2150E333-8FDC-42A3-9474-1A3956D46DE8}") = "Client", "Client", "{635E4A98-547F-4D6A-A484-565DC42D336A}"
EndProject
Project("{2150E333-8FDC-42A3-9474-1A3956D46DE8}") = "Database", "Database", "{000B866C-8D05-49D7-A8A4-02546F79B14B}"
EndProject
Project("{2150E333-8FDC-42A3-9474-1A3956D46DE8}") = "Server", "Server", "{38C84552-00ED-48E5-A4B4-F60F9E0EF95C}"
EndProject
Project("{2150E333-8FDC-42A3-9474-1A3956D46DE8}") = "Libraries", "Libraries", "{EEAC6CD4-32AF-4324-802F-4EE58C8CF5E5}"
EndProject
Project("{FAE04EC0-301F-11D3-BF4B-00C04F79EFBC}") = "TH_Configuration", "Libraries\TH_Configuration\TH_Configuration.csproj", "{147A0360-5F86-4D33-A874-46F785723EAD}"
EndProject
Project("{FAE04EC0-301F-11D3-BF4B-00C04F79EFBC}") = "TH_Database", "Libraries\TH_Database\TH_Database.csproj", "{00E275C4-3494-4FCC-8781-FD815024117E}"
EndProject
Project("{FAE04EC0-301F-11D3-BF4B-00C04F79EFBC}") = "TH_Device_Server", "Libraries\TH_Device_Server\TH_Device_Server.csproj", "{DE797C18-8530-40B6-964F-3164E34420F9}"
EndProject
Project("{FAE04EC0-301F-11D3-BF4B-00C04F79EFBC}") = "TH_DeviceManager", "Libraries\TH_DeviceManager\TH_DeviceManager.csproj", "{B5F883CC-0E97-468C-9CA4-84031F446EDF}"
EndProject
Project("{FAE04EC0-301F-11D3-BF4B-00C04F79EFBC}") = "TH_GitHub", "Libraries\TH_GitHub\TH_GitHub.csproj", "{725221C1-50A4-41A4-A8A8-11735EBE0D88}"
EndProject
Project("{FAE04EC0-301F-11D3-BF4B-00C04F79EFBC}") = "TH_Global", "Libraries\TH_Global\TH_Global.csproj", "{3233B466-2FA9-4AE7-8A21-7EEB57BB61F4}"
EndProject
Project("{FAE04EC0-301F-11D3-BF4B-00C04F79EFBC}") = "TH_Plugins", "Libraries\TH_Plugins\TH_Plugins.csproj", "{EB5E38E0-AF12-49F7-990B-243389690EA6}"
EndProject
Project("{FAE04EC0-301F-11D3-BF4B-00C04F79EFBC}") = "TH_Styles", "Libraries\TH_Styles\TH_Styles.csproj", "{EBFABB3A-6FB4-47AE-8CB1-B663D57CF5B1}"
EndProject
Project("{FAE04EC0-301F-11D3-BF4B-00C04F79EFBC}") = "TH_UserManagement", "Libraries\TH_UserManagement\TH_UserManagement.csproj", "{85F2C2A8-CD43-486B-9918-2A1F11CFC15F}"
EndProject
Project("{FAE04EC0-301F-11D3-BF4B-00C04F79EFBC}") = "TH_WPF", "Libraries\TH_WPF\TH_WPF.csproj", "{E039A6BE-D47C-4046-86D3-71ACD62A217A}"
EndProject
Project("{FAE04EC0-301F-11D3-BF4B-00C04F79EFBC}") = "MTConnect.NET", "MTConnect.NET\MTConnect.NET\MTConnect.NET.csproj", "{D7ECE6E3-647D-4F74-B63E-C509153EB4B7}"
EndProject
Project("{FAE04EC0-301F-11D3-BF4B-00C04F79EFBC}") = "TH_Cycles", "Plugins\Server\TH_Cycles\TH_Cycles.csproj", "{AD70962E-E836-494B-8DFF-444D7BC74C80}"
EndProject
Project("{FAE04EC0-301F-11D3-BF4B-00C04F79EFBC}") = "TH_GeneratedData", "Plugins\Server\TH_GeneratedData\TH_GeneratedData.csproj", "{51202EB2-C838-456E-9BD0-50840D12A19C}"
EndProject
Project("{FAE04EC0-301F-11D3-BF4B-00C04F79EFBC}") = "TH_InstanceTable", "Plugins\Server\TH_InstanceTable\TH_InstanceTable.csproj", "{86A72F6D-0C7D-40FD-B7CE-D0B9D75EE99B}"
EndProject
Project("{FAE04EC0-301F-11D3-BF4B-00C04F79EFBC}") = "TH_MTConnect", "Plugins\Server\TH_MTConnect\TH_MTConnect.csproj", "{318E6702-3C9E-4ACC-B326-E3EC903417A8}"
EndProject
Project("{FAE04EC0-301F-11D3-BF4B-00C04F79EFBC}") = "TH_OEE", "Plugins\Server\TH_OEE\TH_OEE.csproj", "{37E8695A-089A-45F1-8DA8-85055728FCE9}"
EndProject
Project("{FAE04EC0-301F-11D3-BF4B-00C04F79EFBC}") = "TH_Parts", "Plugins\Server\TH_Parts\TH_Parts.csproj", "{A2042507-CEC6-483A-8BCE-0EDA5EC793B4}"
EndProject
Project("{FAE04EC0-301F-11D3-BF4B-00C04F79EFBC}") = "TH_ShiftTable", "Plugins\Server\TH_ShiftTable\TH_ShiftTable.csproj", "{21996C58-2404-42E4-A2D7-BEC46AEF6357}"
EndProject
Project("{FAE04EC0-301F-11D3-BF4B-00C04F79EFBC}") = "TH_Status", "Plugins\Server\TH_Status\TH_Status.csproj", "{4E167A2B-4229-444C-9B35-0ED814791FE1}"
EndProject
Project("{FAE04EC0-301F-11D3-BF4B-00C04F79EFBC}") = "TH_MySQL", "Plugins\Database\TH_MySQL\TH_MySQL.csproj", "{0822B312-19ED-4556-A197-210F0CB15BF1}"
EndProject
Project("{FAE04EC0-301F-11D3-BF4B-00C04F79EFBC}") = "TH_SQLite", "Plugins\Database\TH_SQLite\TH_SQLite.csproj", "{7317696F-8459-478D-8729-628E1818AF45}"
EndProject
Project("{FAE04EC0-301F-11D3-BF4B-00C04F79EFBC}") = "TH_Dashboard", "Plugins\Client\TH_Dashboard\TH_Dashboard.csproj", "{DCE32D98-8898-4AE4-B5F9-C617BDAE00E1}"
EndProject
Project("{FAE04EC0-301F-11D3-BF4B-00C04F79EFBC}") = "TH_DeviceCompare", "Plugins\Client\TH_DeviceCompare\TH_DeviceCompare.csproj", "{BEC8D2ED-3087-46FB-A552-619412472F6C}"
EndProject
Project("{FAE04EC0-301F-11D3-BF4B-00C04F79EFBC}") = "TH_DeviceCompare_CNC", "Plugins\Client\TH_DeviceCompare_CNC\TH_DeviceCompare_CNC.csproj", "{9C6CA2B9-4A63-42C5-873F-1F1F31CD9CE3}"
EndProject
Project("{FAE04EC0-301F-11D3-BF4B-00C04F79EFBC}") = "TH_DeviceCompare_OEE", "Plugins\Client\TH_DeviceCompare_OEE\TH_DeviceCompare_OEE.csproj", "{E760F0EF-5FAD-4BE5-B316-15B5FF83049E}"
EndProject
Project("{FAE04EC0-301F-11D3-BF4B-00C04F79EFBC}") = "TH_DeviceCompare_ProductionStatusTimes", "Plugins\Client\TH_DeviceCompare_ProductionStatusTimes\TH_DeviceCompare_ProductionStatusTimes.csproj", "{E067CC14-AA7D-4A16-8708-3504E86D5B9F}"
EndProject
Project("{FAE04EC0-301F-11D3-BF4B-00C04F79EFBC}") = "TH_StatusTable", "Plugins\Client\TH_DeviceStatus\TH_StatusTable.csproj", "{457E0C73-4DA0-4831-AAAD-F65D5823B7D8}"
EndProject
Project("{FAE04EC0-301F-11D3-BF4B-00C04F79EFBC}") = "TH_DeviceTable", "Plugins\Client\TH_DeviceTable\TH_DeviceTable.csproj", "{10D4016B-919D-4844-903A-6CB98A02F299}"
EndProject
Project("{FAE04EC0-301F-11D3-BF4B-00C04F79EFBC}") = "TH_StatusData", "Plugins\Client\TH_StatusData\TH_StatusData.csproj", "{CB42CE42-E942-49CA-9F3A-CBD768107434}"
EndProject
Project("{FAE04EC0-301F-11D3-BF4B-00C04F79EFBC}") = "TH_TableManager", "Plugins\Client\TH_TableManager\TH_TableManager.csproj", "{06B0562F-4CD5-431F-9C2C-7A7E5959711C}"
EndProject
Project("{FAE04EC0-301F-11D3-BF4B-00C04F79EFBC}") = "TrakHound-Server-Console", "TrakHound-Server-Console\TrakHound-Server-Console.csproj", "{0554162D-A8D3-434C-8F15-D70C02977E78}"
EndProject
Project("{FAE04EC0-301F-11D3-BF4B-00C04F79EFBC}") = "TrakHound-Server-Controller", "TrakHound-Server-Controller\TrakHound-Server-Controller.csproj", "{4A4ECF29-E132-4A1B-AA77-2BE437D270F0}"
EndProject
Project("{FAE04EC0-301F-11D3-BF4B-00C04F79EFBC}") = "TrakHound-Server-Core", "TrakHound-Server-Core\TrakHound-Server-Core.csproj", "{19525183-F6E4-4179-91F3-F425DFE1AB40}"
EndProject
Project("{FAE04EC0-301F-11D3-BF4B-00C04F79EFBC}") = "TrakHound-Server-Service", "TrakHound-Server-Service\TrakHound-Server-Service.csproj", "{9FCDABEC-B317-4375-AE19-F605D836801C}"
EndProject
Project("{FAE04EC0-301F-11D3-BF4B-00C04F79EFBC}") = "Device-Manager", "Device Manager\Device-Manager.csproj", "{0EB86538-7605-4BFB-8535-BDAAFEDFBF21}"
EndProject
Project("{FAE04EC0-301F-11D3-BF4B-00C04F79EFBC}") = "Server-Login", "Server Login\Server-Login.csproj", "{00EA8291-3359-4BFB-ADA3-BA7B70B312BC}"
EndProject
Project("{FAE04EC0-301F-11D3-BF4B-00C04F79EFBC}") = "TH_Mobile", "Plugins\Server\TH_Mobile\TH_Mobile.csproj", "{168E0B49-FAC0-4C2D-9DA3-A643BA9DD515}"
EndProject
Global
	GlobalSection(SolutionConfigurationPlatforms) = preSolution
		Debug|Any CPU = Debug|Any CPU
		Release|Any CPU = Release|Any CPU
		Server|Any CPU = Server|Any CPU
	EndGlobalSection
	GlobalSection(ProjectConfigurationPlatforms) = postSolution
		{59D86774-5544-47FC-AFA0-A78A013F2531}.Debug|Any CPU.ActiveCfg = Debug|Any CPU
		{59D86774-5544-47FC-AFA0-A78A013F2531}.Debug|Any CPU.Build.0 = Debug|Any CPU
		{59D86774-5544-47FC-AFA0-A78A013F2531}.Release|Any CPU.ActiveCfg = Release|Any CPU
		{59D86774-5544-47FC-AFA0-A78A013F2531}.Release|Any CPU.Build.0 = Release|Any CPU
		{59D86774-5544-47FC-AFA0-A78A013F2531}.Server|Any CPU.ActiveCfg = Server|Any CPU
		{59D86774-5544-47FC-AFA0-A78A013F2531}.Server|Any CPU.Build.0 = Server|Any CPU
		{147A0360-5F86-4D33-A874-46F785723EAD}.Debug|Any CPU.ActiveCfg = Debug|Any CPU
		{147A0360-5F86-4D33-A874-46F785723EAD}.Debug|Any CPU.Build.0 = Debug|Any CPU
		{147A0360-5F86-4D33-A874-46F785723EAD}.Release|Any CPU.ActiveCfg = Release|Any CPU
		{147A0360-5F86-4D33-A874-46F785723EAD}.Release|Any CPU.Build.0 = Release|Any CPU
		{147A0360-5F86-4D33-A874-46F785723EAD}.Server|Any CPU.ActiveCfg = Server|Any CPU
		{147A0360-5F86-4D33-A874-46F785723EAD}.Server|Any CPU.Build.0 = Server|Any CPU
		{00E275C4-3494-4FCC-8781-FD815024117E}.Debug|Any CPU.ActiveCfg = Debug|Any CPU
		{00E275C4-3494-4FCC-8781-FD815024117E}.Debug|Any CPU.Build.0 = Debug|Any CPU
		{00E275C4-3494-4FCC-8781-FD815024117E}.Release|Any CPU.ActiveCfg = Release|Any CPU
		{00E275C4-3494-4FCC-8781-FD815024117E}.Release|Any CPU.Build.0 = Release|Any CPU
		{00E275C4-3494-4FCC-8781-FD815024117E}.Server|Any CPU.ActiveCfg = Release|Any CPU
		{00E275C4-3494-4FCC-8781-FD815024117E}.Server|Any CPU.Build.0 = Release|Any CPU
		{DE797C18-8530-40B6-964F-3164E34420F9}.Debug|Any CPU.ActiveCfg = Debug|Any CPU
		{DE797C18-8530-40B6-964F-3164E34420F9}.Debug|Any CPU.Build.0 = Debug|Any CPU
		{DE797C18-8530-40B6-964F-3164E34420F9}.Release|Any CPU.ActiveCfg = Release|Any CPU
		{DE797C18-8530-40B6-964F-3164E34420F9}.Release|Any CPU.Build.0 = Release|Any CPU
		{DE797C18-8530-40B6-964F-3164E34420F9}.Server|Any CPU.ActiveCfg = Server|Any CPU
		{DE797C18-8530-40B6-964F-3164E34420F9}.Server|Any CPU.Build.0 = Server|Any CPU
		{B5F883CC-0E97-468C-9CA4-84031F446EDF}.Debug|Any CPU.ActiveCfg = Debug|Any CPU
		{B5F883CC-0E97-468C-9CA4-84031F446EDF}.Debug|Any CPU.Build.0 = Debug|Any CPU
		{B5F883CC-0E97-468C-9CA4-84031F446EDF}.Release|Any CPU.ActiveCfg = Release|Any CPU
		{B5F883CC-0E97-468C-9CA4-84031F446EDF}.Release|Any CPU.Build.0 = Release|Any CPU
		{B5F883CC-0E97-468C-9CA4-84031F446EDF}.Server|Any CPU.ActiveCfg = Release|Any CPU
		{B5F883CC-0E97-468C-9CA4-84031F446EDF}.Server|Any CPU.Build.0 = Release|Any CPU
		{725221C1-50A4-41A4-A8A8-11735EBE0D88}.Debug|Any CPU.ActiveCfg = Debug|Any CPU
		{725221C1-50A4-41A4-A8A8-11735EBE0D88}.Debug|Any CPU.Build.0 = Debug|Any CPU
		{725221C1-50A4-41A4-A8A8-11735EBE0D88}.Release|Any CPU.ActiveCfg = Release|Any CPU
		{725221C1-50A4-41A4-A8A8-11735EBE0D88}.Release|Any CPU.Build.0 = Release|Any CPU
		{725221C1-50A4-41A4-A8A8-11735EBE0D88}.Server|Any CPU.ActiveCfg = Release|Any CPU
		{725221C1-50A4-41A4-A8A8-11735EBE0D88}.Server|Any CPU.Build.0 = Release|Any CPU
		{3233B466-2FA9-4AE7-8A21-7EEB57BB61F4}.Debug|Any CPU.ActiveCfg = Debug|Any CPU
		{3233B466-2FA9-4AE7-8A21-7EEB57BB61F4}.Debug|Any CPU.Build.0 = Debug|Any CPU
		{3233B466-2FA9-4AE7-8A21-7EEB57BB61F4}.Release|Any CPU.ActiveCfg = Release|Any CPU
		{3233B466-2FA9-4AE7-8A21-7EEB57BB61F4}.Release|Any CPU.Build.0 = Release|Any CPU
		{3233B466-2FA9-4AE7-8A21-7EEB57BB61F4}.Server|Any CPU.ActiveCfg = Server|Any CPU
		{3233B466-2FA9-4AE7-8A21-7EEB57BB61F4}.Server|Any CPU.Build.0 = Server|Any CPU
		{EB5E38E0-AF12-49F7-990B-243389690EA6}.Debug|Any CPU.ActiveCfg = Debug|Any CPU
		{EB5E38E0-AF12-49F7-990B-243389690EA6}.Debug|Any CPU.Build.0 = Debug|Any CPU
		{EB5E38E0-AF12-49F7-990B-243389690EA6}.Release|Any CPU.ActiveCfg = Release|Any CPU
		{EB5E38E0-AF12-49F7-990B-243389690EA6}.Release|Any CPU.Build.0 = Release|Any CPU
		{EB5E38E0-AF12-49F7-990B-243389690EA6}.Server|Any CPU.ActiveCfg = Release|Any CPU
		{EB5E38E0-AF12-49F7-990B-243389690EA6}.Server|Any CPU.Build.0 = Release|Any CPU
		{EBFABB3A-6FB4-47AE-8CB1-B663D57CF5B1}.Debug|Any CPU.ActiveCfg = Debug|Any CPU
		{EBFABB3A-6FB4-47AE-8CB1-B663D57CF5B1}.Debug|Any CPU.Build.0 = Debug|Any CPU
		{EBFABB3A-6FB4-47AE-8CB1-B663D57CF5B1}.Release|Any CPU.ActiveCfg = Release|Any CPU
		{EBFABB3A-6FB4-47AE-8CB1-B663D57CF5B1}.Release|Any CPU.Build.0 = Release|Any CPU
		{EBFABB3A-6FB4-47AE-8CB1-B663D57CF5B1}.Server|Any CPU.ActiveCfg = Server|Any CPU
		{EBFABB3A-6FB4-47AE-8CB1-B663D57CF5B1}.Server|Any CPU.Build.0 = Server|Any CPU
		{85F2C2A8-CD43-486B-9918-2A1F11CFC15F}.Debug|Any CPU.ActiveCfg = Debug|Any CPU
		{85F2C2A8-CD43-486B-9918-2A1F11CFC15F}.Debug|Any CPU.Build.0 = Debug|Any CPU
		{85F2C2A8-CD43-486B-9918-2A1F11CFC15F}.Release|Any CPU.ActiveCfg = Release|Any CPU
		{85F2C2A8-CD43-486B-9918-2A1F11CFC15F}.Release|Any CPU.Build.0 = Release|Any CPU
		{85F2C2A8-CD43-486B-9918-2A1F11CFC15F}.Server|Any CPU.ActiveCfg = Release|Any CPU
		{85F2C2A8-CD43-486B-9918-2A1F11CFC15F}.Server|Any CPU.Build.0 = Release|Any CPU
		{E039A6BE-D47C-4046-86D3-71ACD62A217A}.Debug|Any CPU.ActiveCfg = Debug|Any CPU
		{E039A6BE-D47C-4046-86D3-71ACD62A217A}.Debug|Any CPU.Build.0 = Debug|Any CPU
		{E039A6BE-D47C-4046-86D3-71ACD62A217A}.Release|Any CPU.ActiveCfg = Release|Any CPU
		{E039A6BE-D47C-4046-86D3-71ACD62A217A}.Release|Any CPU.Build.0 = Release|Any CPU
		{E039A6BE-D47C-4046-86D3-71ACD62A217A}.Server|Any CPU.ActiveCfg = Server|Any CPU
		{E039A6BE-D47C-4046-86D3-71ACD62A217A}.Server|Any CPU.Build.0 = Server|Any CPU
		{D7ECE6E3-647D-4F74-B63E-C509153EB4B7}.Debug|Any CPU.ActiveCfg = Debug|Any CPU
		{D7ECE6E3-647D-4F74-B63E-C509153EB4B7}.Debug|Any CPU.Build.0 = Debug|Any CPU
		{D7ECE6E3-647D-4F74-B63E-C509153EB4B7}.Release|Any CPU.ActiveCfg = Release|Any CPU
		{D7ECE6E3-647D-4F74-B63E-C509153EB4B7}.Release|Any CPU.Build.0 = Release|Any CPU
		{D7ECE6E3-647D-4F74-B63E-C509153EB4B7}.Server|Any CPU.ActiveCfg = Release|Any CPU
		{D7ECE6E3-647D-4F74-B63E-C509153EB4B7}.Server|Any CPU.Build.0 = Release|Any CPU
		{AD70962E-E836-494B-8DFF-444D7BC74C80}.Debug|Any CPU.ActiveCfg = Debug|Any CPU
		{AD70962E-E836-494B-8DFF-444D7BC74C80}.Debug|Any CPU.Build.0 = Debug|Any CPU
		{AD70962E-E836-494B-8DFF-444D7BC74C80}.Release|Any CPU.ActiveCfg = Release|Any CPU
		{AD70962E-E836-494B-8DFF-444D7BC74C80}.Release|Any CPU.Build.0 = Release|Any CPU
		{AD70962E-E836-494B-8DFF-444D7BC74C80}.Server|Any CPU.ActiveCfg = Server|Any CPU
		{AD70962E-E836-494B-8DFF-444D7BC74C80}.Server|Any CPU.Build.0 = Server|Any CPU
		{51202EB2-C838-456E-9BD0-50840D12A19C}.Debug|Any CPU.ActiveCfg = Debug|Any CPU
		{51202EB2-C838-456E-9BD0-50840D12A19C}.Debug|Any CPU.Build.0 = Debug|Any CPU
		{51202EB2-C838-456E-9BD0-50840D12A19C}.Release|Any CPU.ActiveCfg = Release|Any CPU
		{51202EB2-C838-456E-9BD0-50840D12A19C}.Release|Any CPU.Build.0 = Release|Any CPU
		{51202EB2-C838-456E-9BD0-50840D12A19C}.Server|Any CPU.ActiveCfg = Server|Any CPU
		{51202EB2-C838-456E-9BD0-50840D12A19C}.Server|Any CPU.Build.0 = Server|Any CPU
		{86A72F6D-0C7D-40FD-B7CE-D0B9D75EE99B}.Debug|Any CPU.ActiveCfg = Debug|Any CPU
		{86A72F6D-0C7D-40FD-B7CE-D0B9D75EE99B}.Debug|Any CPU.Build.0 = Debug|Any CPU
		{86A72F6D-0C7D-40FD-B7CE-D0B9D75EE99B}.Release|Any CPU.ActiveCfg = Release|Any CPU
		{86A72F6D-0C7D-40FD-B7CE-D0B9D75EE99B}.Release|Any CPU.Build.0 = Release|Any CPU
		{86A72F6D-0C7D-40FD-B7CE-D0B9D75EE99B}.Server|Any CPU.ActiveCfg = Server|Any CPU
		{86A72F6D-0C7D-40FD-B7CE-D0B9D75EE99B}.Server|Any CPU.Build.0 = Server|Any CPU
		{318E6702-3C9E-4ACC-B326-E3EC903417A8}.Debug|Any CPU.ActiveCfg = Debug|Any CPU
		{318E6702-3C9E-4ACC-B326-E3EC903417A8}.Debug|Any CPU.Build.0 = Debug|Any CPU
		{318E6702-3C9E-4ACC-B326-E3EC903417A8}.Release|Any CPU.ActiveCfg = Release|Any CPU
		{318E6702-3C9E-4ACC-B326-E3EC903417A8}.Release|Any CPU.Build.0 = Release|Any CPU
		{318E6702-3C9E-4ACC-B326-E3EC903417A8}.Server|Any CPU.ActiveCfg = Server|Any CPU
		{318E6702-3C9E-4ACC-B326-E3EC903417A8}.Server|Any CPU.Build.0 = Server|Any CPU
		{37E8695A-089A-45F1-8DA8-85055728FCE9}.Debug|Any CPU.ActiveCfg = Debug|Any CPU
		{37E8695A-089A-45F1-8DA8-85055728FCE9}.Debug|Any CPU.Build.0 = Debug|Any CPU
		{37E8695A-089A-45F1-8DA8-85055728FCE9}.Release|Any CPU.ActiveCfg = Release|Any CPU
		{37E8695A-089A-45F1-8DA8-85055728FCE9}.Release|Any CPU.Build.0 = Release|Any CPU
		{37E8695A-089A-45F1-8DA8-85055728FCE9}.Server|Any CPU.ActiveCfg = Server|Any CPU
		{37E8695A-089A-45F1-8DA8-85055728FCE9}.Server|Any CPU.Build.0 = Server|Any CPU
		{A2042507-CEC6-483A-8BCE-0EDA5EC793B4}.Debug|Any CPU.ActiveCfg = Debug|Any CPU
		{A2042507-CEC6-483A-8BCE-0EDA5EC793B4}.Debug|Any CPU.Build.0 = Debug|Any CPU
		{A2042507-CEC6-483A-8BCE-0EDA5EC793B4}.Release|Any CPU.ActiveCfg = Release|Any CPU
		{A2042507-CEC6-483A-8BCE-0EDA5EC793B4}.Release|Any CPU.Build.0 = Release|Any CPU
		{A2042507-CEC6-483A-8BCE-0EDA5EC793B4}.Server|Any CPU.ActiveCfg = Release|Any CPU
		{A2042507-CEC6-483A-8BCE-0EDA5EC793B4}.Server|Any CPU.Build.0 = Release|Any CPU
		{21996C58-2404-42E4-A2D7-BEC46AEF6357}.Debug|Any CPU.ActiveCfg = Debug|Any CPU
		{21996C58-2404-42E4-A2D7-BEC46AEF6357}.Debug|Any CPU.Build.0 = Debug|Any CPU
		{21996C58-2404-42E4-A2D7-BEC46AEF6357}.Release|Any CPU.ActiveCfg = Release|Any CPU
		{21996C58-2404-42E4-A2D7-BEC46AEF6357}.Release|Any CPU.Build.0 = Release|Any CPU
		{21996C58-2404-42E4-A2D7-BEC46AEF6357}.Server|Any CPU.ActiveCfg = Server|Any CPU
		{21996C58-2404-42E4-A2D7-BEC46AEF6357}.Server|Any CPU.Build.0 = Server|Any CPU
		{4E167A2B-4229-444C-9B35-0ED814791FE1}.Debug|Any CPU.ActiveCfg = Debug|Any CPU
		{4E167A2B-4229-444C-9B35-0ED814791FE1}.Debug|Any CPU.Build.0 = Debug|Any CPU
		{4E167A2B-4229-444C-9B35-0ED814791FE1}.Release|Any CPU.ActiveCfg = Release|Any CPU
		{4E167A2B-4229-444C-9B35-0ED814791FE1}.Release|Any CPU.Build.0 = Release|Any CPU
		{4E167A2B-4229-444C-9B35-0ED814791FE1}.Server|Any CPU.ActiveCfg = Release|Any CPU
		{4E167A2B-4229-444C-9B35-0ED814791FE1}.Server|Any CPU.Build.0 = Release|Any CPU
		{0822B312-19ED-4556-A197-210F0CB15BF1}.Debug|Any CPU.ActiveCfg = Debug|Any CPU
		{0822B312-19ED-4556-A197-210F0CB15BF1}.Debug|Any CPU.Build.0 = Debug|Any CPU
		{0822B312-19ED-4556-A197-210F0CB15BF1}.Release|Any CPU.ActiveCfg = Release|Any CPU
		{0822B312-19ED-4556-A197-210F0CB15BF1}.Release|Any CPU.Build.0 = Release|Any CPU
		{0822B312-19ED-4556-A197-210F0CB15BF1}.Server|Any CPU.ActiveCfg = Server|Any CPU
		{0822B312-19ED-4556-A197-210F0CB15BF1}.Server|Any CPU.Build.0 = Server|Any CPU
		{7317696F-8459-478D-8729-628E1818AF45}.Debug|Any CPU.ActiveCfg = Debug|Any CPU
		{7317696F-8459-478D-8729-628E1818AF45}.Debug|Any CPU.Build.0 = Debug|Any CPU
		{7317696F-8459-478D-8729-628E1818AF45}.Release|Any CPU.ActiveCfg = Release|Any CPU
		{7317696F-8459-478D-8729-628E1818AF45}.Release|Any CPU.Build.0 = Release|Any CPU
		{7317696F-8459-478D-8729-628E1818AF45}.Server|Any CPU.ActiveCfg = Release|Any CPU
		{7317696F-8459-478D-8729-628E1818AF45}.Server|Any CPU.Build.0 = Release|Any CPU
		{DCE32D98-8898-4AE4-B5F9-C617BDAE00E1}.Debug|Any CPU.ActiveCfg = Debug|Any CPU
		{DCE32D98-8898-4AE4-B5F9-C617BDAE00E1}.Debug|Any CPU.Build.0 = Debug|Any CPU
		{DCE32D98-8898-4AE4-B5F9-C617BDAE00E1}.Release|Any CPU.ActiveCfg = Release|Any CPU
		{DCE32D98-8898-4AE4-B5F9-C617BDAE00E1}.Release|Any CPU.Build.0 = Release|Any CPU
		{DCE32D98-8898-4AE4-B5F9-C617BDAE00E1}.Server|Any CPU.ActiveCfg = Server|Any CPU
		{DCE32D98-8898-4AE4-B5F9-C617BDAE00E1}.Server|Any CPU.Build.0 = Server|Any CPU
		{BEC8D2ED-3087-46FB-A552-619412472F6C}.Debug|Any CPU.ActiveCfg = Debug|Any CPU
		{BEC8D2ED-3087-46FB-A552-619412472F6C}.Debug|Any CPU.Build.0 = Debug|Any CPU
		{BEC8D2ED-3087-46FB-A552-619412472F6C}.Release|Any CPU.ActiveCfg = Release|Any CPU
		{BEC8D2ED-3087-46FB-A552-619412472F6C}.Release|Any CPU.Build.0 = Release|Any CPU
		{BEC8D2ED-3087-46FB-A552-619412472F6C}.Server|Any CPU.ActiveCfg = Server|Any CPU
		{BEC8D2ED-3087-46FB-A552-619412472F6C}.Server|Any CPU.Build.0 = Server|Any CPU
		{9C6CA2B9-4A63-42C5-873F-1F1F31CD9CE3}.Debug|Any CPU.ActiveCfg = Debug|Any CPU
		{9C6CA2B9-4A63-42C5-873F-1F1F31CD9CE3}.Debug|Any CPU.Build.0 = Debug|Any CPU
		{9C6CA2B9-4A63-42C5-873F-1F1F31CD9CE3}.Release|Any CPU.ActiveCfg = Release|Any CPU
		{9C6CA2B9-4A63-42C5-873F-1F1F31CD9CE3}.Release|Any CPU.Build.0 = Release|Any CPU
		{9C6CA2B9-4A63-42C5-873F-1F1F31CD9CE3}.Server|Any CPU.ActiveCfg = Release|Any CPU
		{9C6CA2B9-4A63-42C5-873F-1F1F31CD9CE3}.Server|Any CPU.Build.0 = Release|Any CPU
		{E760F0EF-5FAD-4BE5-B316-15B5FF83049E}.Debug|Any CPU.ActiveCfg = Debug|Any CPU
		{E760F0EF-5FAD-4BE5-B316-15B5FF83049E}.Debug|Any CPU.Build.0 = Debug|Any CPU
		{E760F0EF-5FAD-4BE5-B316-15B5FF83049E}.Release|Any CPU.ActiveCfg = Release|Any CPU
		{E760F0EF-5FAD-4BE5-B316-15B5FF83049E}.Release|Any CPU.Build.0 = Release|Any CPU
		{E760F0EF-5FAD-4BE5-B316-15B5FF83049E}.Server|Any CPU.ActiveCfg = Release|Any CPU
		{E760F0EF-5FAD-4BE5-B316-15B5FF83049E}.Server|Any CPU.Build.0 = Release|Any CPU
		{E067CC14-AA7D-4A16-8708-3504E86D5B9F}.Debug|Any CPU.ActiveCfg = Debug|Any CPU
		{E067CC14-AA7D-4A16-8708-3504E86D5B9F}.Debug|Any CPU.Build.0 = Debug|Any CPU
		{E067CC14-AA7D-4A16-8708-3504E86D5B9F}.Release|Any CPU.ActiveCfg = Release|Any CPU
		{E067CC14-AA7D-4A16-8708-3504E86D5B9F}.Release|Any CPU.Build.0 = Release|Any CPU
		{E067CC14-AA7D-4A16-8708-3504E86D5B9F}.Server|Any CPU.ActiveCfg = Release|Any CPU
		{E067CC14-AA7D-4A16-8708-3504E86D5B9F}.Server|Any CPU.Build.0 = Release|Any CPU
		{457E0C73-4DA0-4831-AAAD-F65D5823B7D8}.Debug|Any CPU.ActiveCfg = Debug|Any CPU
		{457E0C73-4DA0-4831-AAAD-F65D5823B7D8}.Debug|Any CPU.Build.0 = Debug|Any CPU
		{457E0C73-4DA0-4831-AAAD-F65D5823B7D8}.Release|Any CPU.ActiveCfg = Release|Any CPU
		{457E0C73-4DA0-4831-AAAD-F65D5823B7D8}.Release|Any CPU.Build.0 = Release|Any CPU
		{457E0C73-4DA0-4831-AAAD-F65D5823B7D8}.Server|Any CPU.ActiveCfg = Release|Any CPU
		{457E0C73-4DA0-4831-AAAD-F65D5823B7D8}.Server|Any CPU.Build.0 = Release|Any CPU
		{10D4016B-919D-4844-903A-6CB98A02F299}.Debug|Any CPU.ActiveCfg = Debug|Any CPU
		{10D4016B-919D-4844-903A-6CB98A02F299}.Debug|Any CPU.Build.0 = Debug|Any CPU
		{10D4016B-919D-4844-903A-6CB98A02F299}.Release|Any CPU.ActiveCfg = Release|Any CPU
		{10D4016B-919D-4844-903A-6CB98A02F299}.Release|Any CPU.Build.0 = Release|Any CPU
		{10D4016B-919D-4844-903A-6CB98A02F299}.Server|Any CPU.ActiveCfg = Release|Any CPU
		{10D4016B-919D-4844-903A-6CB98A02F299}.Server|Any CPU.Build.0 = Release|Any CPU
		{CB42CE42-E942-49CA-9F3A-CBD768107434}.Debug|Any CPU.ActiveCfg = Debug|Any CPU
		{CB42CE42-E942-49CA-9F3A-CBD768107434}.Debug|Any CPU.Build.0 = Debug|Any CPU
		{CB42CE42-E942-49CA-9F3A-CBD768107434}.Release|Any CPU.ActiveCfg = Release|Any CPU
		{CB42CE42-E942-49CA-9F3A-CBD768107434}.Release|Any CPU.Build.0 = Release|Any CPU
		{CB42CE42-E942-49CA-9F3A-CBD768107434}.Server|Any CPU.ActiveCfg = Release|Any CPU
		{CB42CE42-E942-49CA-9F3A-CBD768107434}.Server|Any CPU.Build.0 = Release|Any CPU
		{06B0562F-4CD5-431F-9C2C-7A7E5959711C}.Debug|Any CPU.ActiveCfg = Debug|Any CPU
		{06B0562F-4CD5-431F-9C2C-7A7E5959711C}.Debug|Any CPU.Build.0 = Debug|Any CPU
		{06B0562F-4CD5-431F-9C2C-7A7E5959711C}.Release|Any CPU.ActiveCfg = Release|Any CPU
		{06B0562F-4CD5-431F-9C2C-7A7E5959711C}.Release|Any CPU.Build.0 = Release|Any CPU
		{06B0562F-4CD5-431F-9C2C-7A7E5959711C}.Server|Any CPU.ActiveCfg = Server|Any CPU
		{06B0562F-4CD5-431F-9C2C-7A7E5959711C}.Server|Any CPU.Build.0 = Server|Any CPU
		{0554162D-A8D3-434C-8F15-D70C02977E78}.Debug|Any CPU.ActiveCfg = Debug|Any CPU
		{0554162D-A8D3-434C-8F15-D70C02977E78}.Debug|Any CPU.Build.0 = Debug|Any CPU
		{0554162D-A8D3-434C-8F15-D70C02977E78}.Release|Any CPU.ActiveCfg = Release|Any CPU
		{0554162D-A8D3-434C-8F15-D70C02977E78}.Release|Any CPU.Build.0 = Release|Any CPU
		{0554162D-A8D3-434C-8F15-D70C02977E78}.Server|Any CPU.ActiveCfg = Release|Any CPU
		{0554162D-A8D3-434C-8F15-D70C02977E78}.Server|Any CPU.Build.0 = Release|Any CPU
		{4A4ECF29-E132-4A1B-AA77-2BE437D270F0}.Debug|Any CPU.ActiveCfg = Debug|Any CPU
		{4A4ECF29-E132-4A1B-AA77-2BE437D270F0}.Debug|Any CPU.Build.0 = Debug|Any CPU
		{4A4ECF29-E132-4A1B-AA77-2BE437D270F0}.Release|Any CPU.ActiveCfg = Release|Any CPU
		{4A4ECF29-E132-4A1B-AA77-2BE437D270F0}.Release|Any CPU.Build.0 = Release|Any CPU
		{4A4ECF29-E132-4A1B-AA77-2BE437D270F0}.Server|Any CPU.ActiveCfg = Release|Any CPU
		{4A4ECF29-E132-4A1B-AA77-2BE437D270F0}.Server|Any CPU.Build.0 = Release|Any CPU
		{19525183-F6E4-4179-91F3-F425DFE1AB40}.Debug|Any CPU.ActiveCfg = Debug|Any CPU
		{19525183-F6E4-4179-91F3-F425DFE1AB40}.Debug|Any CPU.Build.0 = Debug|Any CPU
		{19525183-F6E4-4179-91F3-F425DFE1AB40}.Release|Any CPU.ActiveCfg = Release|Any CPU
		{19525183-F6E4-4179-91F3-F425DFE1AB40}.Release|Any CPU.Build.0 = Release|Any CPU
		{19525183-F6E4-4179-91F3-F425DFE1AB40}.Server|Any CPU.ActiveCfg = Server|Any CPU
		{19525183-F6E4-4179-91F3-F425DFE1AB40}.Server|Any CPU.Build.0 = Server|Any CPU
		{9FCDABEC-B317-4375-AE19-F605D836801C}.Debug|Any CPU.ActiveCfg = Debug|Any CPU
		{9FCDABEC-B317-4375-AE19-F605D836801C}.Debug|Any CPU.Build.0 = Debug|Any CPU
		{9FCDABEC-B317-4375-AE19-F605D836801C}.Release|Any CPU.ActiveCfg = Release|Any CPU
		{9FCDABEC-B317-4375-AE19-F605D836801C}.Release|Any CPU.Build.0 = Release|Any CPU
		{9FCDABEC-B317-4375-AE19-F605D836801C}.Server|Any CPU.ActiveCfg = Release|Any CPU
		{9FCDABEC-B317-4375-AE19-F605D836801C}.Server|Any CPU.Build.0 = Release|Any CPU
		{0EB86538-7605-4BFB-8535-BDAAFEDFBF21}.Debug|Any CPU.ActiveCfg = Debug|Any CPU
		{0EB86538-7605-4BFB-8535-BDAAFEDFBF21}.Debug|Any CPU.Build.0 = Debug|Any CPU
		{0EB86538-7605-4BFB-8535-BDAAFEDFBF21}.Release|Any CPU.ActiveCfg = Release|Any CPU
		{0EB86538-7605-4BFB-8535-BDAAFEDFBF21}.Release|Any CPU.Build.0 = Release|Any CPU
		{0EB86538-7605-4BFB-8535-BDAAFEDFBF21}.Server|Any CPU.ActiveCfg = Release|Any CPU
		{0EB86538-7605-4BFB-8535-BDAAFEDFBF21}.Server|Any CPU.Build.0 = Release|Any CPU
		{00EA8291-3359-4BFB-ADA3-BA7B70B312BC}.Debug|Any CPU.ActiveCfg = Debug|Any CPU
		{00EA8291-3359-4BFB-ADA3-BA7B70B312BC}.Debug|Any CPU.Build.0 = Debug|Any CPU
		{00EA8291-3359-4BFB-ADA3-BA7B70B312BC}.Release|Any CPU.ActiveCfg = Release|Any CPU
		{00EA8291-3359-4BFB-ADA3-BA7B70B312BC}.Release|Any CPU.Build.0 = Release|Any CPU
		{00EA8291-3359-4BFB-ADA3-BA7B70B312BC}.Server|Any CPU.ActiveCfg = Release|Any CPU
		{00EA8291-3359-4BFB-ADA3-BA7B70B312BC}.Server|Any CPU.Build.0 = Release|Any CPU
		{168E0B49-FAC0-4C2D-9DA3-A643BA9DD515}.Debug|Any CPU.ActiveCfg = Debug|Any CPU
		{168E0B49-FAC0-4C2D-9DA3-A643BA9DD515}.Debug|Any CPU.Build.0 = Debug|Any CPU
		{168E0B49-FAC0-4C2D-9DA3-A643BA9DD515}.Release|Any CPU.ActiveCfg = Release|Any CPU
		{168E0B49-FAC0-4C2D-9DA3-A643BA9DD515}.Release|Any CPU.Build.0 = Release|Any CPU
		{168E0B49-FAC0-4C2D-9DA3-A643BA9DD515}.Server|Any CPU.ActiveCfg = Release|Any CPU
		{168E0B49-FAC0-4C2D-9DA3-A643BA9DD515}.Server|Any CPU.Build.0 = Release|Any CPU
	EndGlobalSection
	GlobalSection(SolutionProperties) = preSolution
		HideSolutionNode = FALSE
	EndGlobalSection
	GlobalSection(NestedProjects) = preSolution
		{635E4A98-547F-4D6A-A484-565DC42D336A} = {3AB692DF-4910-4A17-A9B8-A1C5B64970D5}
		{000B866C-8D05-49D7-A8A4-02546F79B14B} = {3AB692DF-4910-4A17-A9B8-A1C5B64970D5}
		{38C84552-00ED-48E5-A4B4-F60F9E0EF95C} = {3AB692DF-4910-4A17-A9B8-A1C5B64970D5}
		{147A0360-5F86-4D33-A874-46F785723EAD} = {EEAC6CD4-32AF-4324-802F-4EE58C8CF5E5}
		{00E275C4-3494-4FCC-8781-FD815024117E} = {EEAC6CD4-32AF-4324-802F-4EE58C8CF5E5}
		{DE797C18-8530-40B6-964F-3164E34420F9} = {EEAC6CD4-32AF-4324-802F-4EE58C8CF5E5}
		{B5F883CC-0E97-468C-9CA4-84031F446EDF} = {EEAC6CD4-32AF-4324-802F-4EE58C8CF5E5}
		{725221C1-50A4-41A4-A8A8-11735EBE0D88} = {EEAC6CD4-32AF-4324-802F-4EE58C8CF5E5}
		{3233B466-2FA9-4AE7-8A21-7EEB57BB61F4} = {EEAC6CD4-32AF-4324-802F-4EE58C8CF5E5}
		{EB5E38E0-AF12-49F7-990B-243389690EA6} = {EEAC6CD4-32AF-4324-802F-4EE58C8CF5E5}
		{EBFABB3A-6FB4-47AE-8CB1-B663D57CF5B1} = {EEAC6CD4-32AF-4324-802F-4EE58C8CF5E5}
		{85F2C2A8-CD43-486B-9918-2A1F11CFC15F} = {EEAC6CD4-32AF-4324-802F-4EE58C8CF5E5}
		{E039A6BE-D47C-4046-86D3-71ACD62A217A} = {EEAC6CD4-32AF-4324-802F-4EE58C8CF5E5}
		{D7ECE6E3-647D-4F74-B63E-C509153EB4B7} = {EEAC6CD4-32AF-4324-802F-4EE58C8CF5E5}
		{AD70962E-E836-494B-8DFF-444D7BC74C80} = {38C84552-00ED-48E5-A4B4-F60F9E0EF95C}
		{51202EB2-C838-456E-9BD0-50840D12A19C} = {38C84552-00ED-48E5-A4B4-F60F9E0EF95C}
		{86A72F6D-0C7D-40FD-B7CE-D0B9D75EE99B} = {38C84552-00ED-48E5-A4B4-F60F9E0EF95C}
		{318E6702-3C9E-4ACC-B326-E3EC903417A8} = {38C84552-00ED-48E5-A4B4-F60F9E0EF95C}
		{37E8695A-089A-45F1-8DA8-85055728FCE9} = {38C84552-00ED-48E5-A4B4-F60F9E0EF95C}
		{A2042507-CEC6-483A-8BCE-0EDA5EC793B4} = {38C84552-00ED-48E5-A4B4-F60F9E0EF95C}
		{21996C58-2404-42E4-A2D7-BEC46AEF6357} = {38C84552-00ED-48E5-A4B4-F60F9E0EF95C}
		{4E167A2B-4229-444C-9B35-0ED814791FE1} = {38C84552-00ED-48E5-A4B4-F60F9E0EF95C}
		{0822B312-19ED-4556-A197-210F0CB15BF1} = {000B866C-8D05-49D7-A8A4-02546F79B14B}
		{7317696F-8459-478D-8729-628E1818AF45} = {000B866C-8D05-49D7-A8A4-02546F79B14B}
		{DCE32D98-8898-4AE4-B5F9-C617BDAE00E1} = {635E4A98-547F-4D6A-A484-565DC42D336A}
		{BEC8D2ED-3087-46FB-A552-619412472F6C} = {635E4A98-547F-4D6A-A484-565DC42D336A}
		{9C6CA2B9-4A63-42C5-873F-1F1F31CD9CE3} = {635E4A98-547F-4D6A-A484-565DC42D336A}
		{E760F0EF-5FAD-4BE5-B316-15B5FF83049E} = {635E4A98-547F-4D6A-A484-565DC42D336A}
		{E067CC14-AA7D-4A16-8708-3504E86D5B9F} = {635E4A98-547F-4D6A-A484-565DC42D336A}
		{457E0C73-4DA0-4831-AAAD-F65D5823B7D8} = {635E4A98-547F-4D6A-A484-565DC42D336A}
		{10D4016B-919D-4844-903A-6CB98A02F299} = {635E4A98-547F-4D6A-A484-565DC42D336A}
		{CB42CE42-E942-49CA-9F3A-CBD768107434} = {635E4A98-547F-4D6A-A484-565DC42D336A}
		{06B0562F-4CD5-431F-9C2C-7A7E5959711C} = {635E4A98-547F-4D6A-A484-565DC42D336A}
		{168E0B49-FAC0-4C2D-9DA3-A643BA9DD515} = {38C84552-00ED-48E5-A4B4-F60F9E0EF95C}
	EndGlobalSection
EndGlobal
