
Microsoft Visual Studio Solution File, Format Version 12.00
# Visual Studio Version 17
VisualStudioVersion = 17.1.32210.238
MinimumVisualStudioVersion = 10.0.40219.1
Project("{FAE04EC0-301F-11D3-BF4B-00C04F79EFBC}") = "MTConnect.NET", "MTConnect.NET.csproj", "{D7ECE6E3-647D-4F74-B63E-C509153EB4B7}"
EndProject
Project("{FAE04EC0-301F-11D3-BF4B-00C04F79EFBC}") = "ConsoleApp9", "..\..\..\..\..\..\temp\ConsoleApp9\ConsoleApp9.csproj", "{FAFE37F8-4425-45F8-B3F6-1B5477C9F8BF}"
EndProject
Global
	GlobalSection(SolutionConfigurationPlatforms) = preSolution
		Debug|Any CPU = Debug|Any CPU
		Release|Any CPU = Release|Any CPU
	EndGlobalSection
	GlobalSection(ProjectConfigurationPlatforms) = postSolution
		{D7ECE6E3-647D-4F74-B63E-C509153EB4B7}.Debug|Any CPU.ActiveCfg = Debug|Any CPU
		{D7ECE6E3-647D-4F74-B63E-C509153EB4B7}.Debug|Any CPU.Build.0 = Debug|Any CPU
		{D7ECE6E3-647D-4F74-B63E-C509153EB4B7}.Release|Any CPU.ActiveCfg = Release|Any CPU
		{D7ECE6E3-647D-4F74-B63E-C509153EB4B7}.Release|Any CPU.Build.0 = Release|Any CPU
		{D7ECE6E3-647D-4F74-B63E-C509153EB4B7}.Release|Any CPU.Deploy.0 = Release|Any CPU
		{FAFE37F8-4425-45F8-B3F6-1B5477C9F8BF}.Debug|Any CPU.ActiveCfg = Debug|Any CPU
		{FAFE37F8-4425-45F8-B3F6-1B5477C9F8BF}.Debug|Any CPU.Build.0 = Debug|Any CPU
		{FAFE37F8-4425-45F8-B3F6-1B5477C9F8BF}.Release|Any CPU.ActiveCfg = Release|Any CPU
		{FAFE37F8-4425-45F8-B3F6-1B5477C9F8BF}.Release|Any CPU.Build.0 = Release|Any CPU
	EndGlobalSection
	GlobalSection(SolutionProperties) = preSolution
		HideSolutionNode = FALSE
	EndGlobalSection
	GlobalSection(ExtensibilityGlobals) = postSolution
		SolutionGuid = {7C92F709-611A-4AD5-AA00-26FA4A043C5E}
	EndGlobalSection
EndGlobal
